# Generated by conda-lock.
# platform: linux-64
# input_hash: 02dfad541523d813be2efadd9d723f06a5d8f1ef23295018dd94d707ea6237bc
@EXPLICIT
https://conda.anaconda.org/conda-forge/linux-64/_libgcc_mutex-0.1-conda_forge.tar.bz2#d7c89558ba9fa0495403155b64376d81
https://conda.anaconda.org/conda-forge/linux-64/ca-certificates-2024.7.4-hbcca054_0.conda#23ab7665c5f63cfb9f1f6195256daac6
https://conda.anaconda.org/conda-forge/noarch/font-ttf-dejavu-sans-mono-2.37-hab24e00_0.tar.bz2#0c96522c6bdaed4b1566d11387caaf45
https://conda.anaconda.org/conda-forge/noarch/font-ttf-inconsolata-3.000-h77eed37_0.tar.bz2#34893075a5c9e55cdafac56607368fc6
https://conda.anaconda.org/conda-forge/noarch/font-ttf-source-code-pro-2.038-h77eed37_0.tar.bz2#4d59c254e01d9cde7957100457e2d5fb
https://conda.anaconda.org/conda-forge/noarch/font-ttf-ubuntu-0.83-h77eed37_2.conda#cbbe59391138ea5ad3658c76912e147f
https://conda.anaconda.org/conda-forge/linux-64/ld_impl_linux-64-2.40-hf3520f5_7.conda#b80f2f396ca2c28b8c14c437a4ed1e74
https://conda.anaconda.org/conda-forge/linux-64/libgfortran-3.0.0-1.tar.bz2#d7c7e92a8ccc518709474dd3eda896b9
https://conda.anaconda.org/conda-forge/linux-64/libgfortran4-7.5.0-h14aa051_20.tar.bz2#a072eab836c3a9578ce72b5640ce592d
https://conda.anaconda.org/conda-forge/noarch/fonts-conda-forge-1-0.tar.bz2#f766549260d6815b0c52253f1fb1bb29
https://conda.anaconda.org/conda-forge/linux-64/libgfortran-ng-7.5.0-h14aa051_20.tar.bz2#c3b2ad091c043c08689e64b10741484b
https://conda.anaconda.org/conda-forge/linux-64/libgomp-14.1.0-h77fa898_0.conda#ae061a5ed5f05818acdf9adab72c146d
https://conda.anaconda.org/conda-forge/linux-64/openblas-0.2.20-8.tar.bz2#d27f371416215c4169d5c7766da479c9
https://conda.anaconda.org/conda-forge/linux-64/_openmp_mutex-4.5-2_gnu.tar.bz2#73aaf86a425cc6e73fcf236a5a46396d
https://conda.anaconda.org/conda-forge/noarch/fonts-conda-ecosystem-1-0.tar.bz2#fee5683a3f04bd15cbd8318b096a27ab
https://conda.anaconda.org/conda-forge/linux-64/libgcc-ng-14.1.0-h77fa898_0.conda#ca0fad6a41ddaef54a153b78eccb5037
https://conda.anaconda.org/conda-forge/linux-64/blis-0.9.0-h4ab18f5_2.conda#6f77ba1352b69c4a6f8a6d20def30e4e
https://conda.anaconda.org/conda-forge/linux-64/bzip2-1.0.8-h4bc722e_7.conda#62ee74e96c5ebb0af99386de58cf9553
https://conda.anaconda.org/conda-forge/linux-64/c-ares-1.32.3-h4bc722e_0.conda#7624e34ee6baebfc80d67bac76cc9d9d
https://conda.anaconda.org/conda-forge/linux-64/gettext-tools-0.22.5-h59595ed_2.conda#985f2f453fb72408d6b6f1be0f324033
https://conda.anaconda.org/conda-forge/linux-64/jpeg-9e-h0b41bf4_3.conda#c7a069243e1fbe9a556ed2ec030e6407
https://conda.anaconda.org/conda-forge/linux-64/jxrlib-1.1-hd590300_3.conda#5aeabe88534ea4169d4c49998f293d6c
https://conda.anaconda.org/conda-forge/linux-64/keyutils-1.6.1-h166bdaf_0.tar.bz2#30186d27e2c9fa62b45fb1476b7200e3
https://conda.anaconda.org/conda-forge/linux-64/libdeflate-1.14-h166bdaf_0.tar.bz2#fc84a0446e4e4fb882e78d786cfb9734
https://conda.anaconda.org/conda-forge/linux-64/libev-4.33-hd590300_2.conda#172bf1cd1ff8629f2b1179945ed45055
https://conda.anaconda.org/conda-forge/linux-64/libexpat-2.6.2-h59595ed_0.conda#e7ba12deb7020dd080c6c70e7b6f6a3d
https://conda.anaconda.org/conda-forge/linux-64/libgettextpo-0.22.5-h59595ed_2.conda#172bcc51059416e7ce99e7b528cede83
https://conda.anaconda.org/conda-forge/linux-64/libiconv-1.17-hd590300_2.conda#d66573916ffcf376178462f1b61c941e
https://conda.anaconda.org/conda-forge/linux-64/libstdcxx-ng-14.1.0-hc0a3c3a_0.conda#1cb187a157136398ddbaae90713e2498
https://conda.anaconda.org/conda-forge/linux-64/libuuid-2.38.1-h0b41bf4_0.conda#40b61aab5c7ba9ff276c41cfffe6b80b
https://conda.anaconda.org/conda-forge/linux-64/libwebp-base-1.4.0-hd590300_0.conda#b26e8aa824079e1be0294e7152ca4559
https://conda.anaconda.org/conda-forge/linux-64/libzlib-1.2.13-h4ab18f5_6.conda#27329162c0dc732bcf67a4e0cd488125
https://conda.anaconda.org/conda-forge/linux-64/ncurses-6.5-h59595ed_0.conda#fcea371545eda051b6deafb24889fc69
https://conda.anaconda.org/conda-forge/linux-64/openssl-1.1.1w-hd590300_0.conda#301e70057a3bd399640bb16bbdf87995
https://conda.anaconda.org/conda-forge/linux-64/pixman-0.38.0-h516909a_1003.tar.bz2#7c0b1414e5af196415f7808fbd704143
https://conda.anaconda.org/conda-forge/linux-64/pthread-stubs-0.4-h36c2ea0_1001.tar.bz2#22dad4df6e8630e8dff2428f6f6a7036
https://conda.anaconda.org/conda-forge/linux-64/xorg-kbproto-1.0.7-h7f98852_1002.tar.bz2#4b230e8381279d76131116660f5a241a
https://conda.anaconda.org/conda-forge/linux-64/xorg-libice-1.1.1-hd590300_0.conda#b462a33c0be1421532f28bfe8f4a7514
https://conda.anaconda.org/conda-forge/linux-64/xorg-libxau-1.0.11-hd590300_0.conda#2c80dc38fface310c9bd81b17037fee5
https://conda.anaconda.org/conda-forge/linux-64/xorg-libxdmcp-1.1.3-h7f98852_0.tar.bz2#be93aabceefa2fac576e971aef407908
https://conda.anaconda.org/conda-forge/linux-64/xorg-renderproto-0.11.1-h7f98852_1002.tar.bz2#06feff3d2634e3097ce2fe681474b534
https://conda.anaconda.org/conda-forge/linux-64/xorg-xextproto-7.3.0-h0b41bf4_1003.conda#bce9f945da8ad2ae9b1d7165a64d0f87
https://conda.anaconda.org/conda-forge/linux-64/xorg-xproto-7.0.31-h7f98852_1007.tar.bz2#b4a4381d54784606820704f7b5f05a15
https://conda.anaconda.org/conda-forge/linux-64/xz-5.2.6-h166bdaf_0.tar.bz2#2161070d867d1b1204ea749c8eec4ef0
https://conda.anaconda.org/conda-forge/linux-64/expat-2.6.2-h59595ed_0.conda#53fb86322bdb89496d7579fe3f02fd61
https://conda.anaconda.org/conda-forge/linux-64/gmp-6.3.0-hac33072_2.conda#c94a5994ef49749880a8139cf9afcbe1
https://conda.anaconda.org/conda-forge/linux-64/icu-64.2-he1b5a44_1.tar.bz2#8e881214a23508f1541eb7a3135d6fcb
https://conda.anaconda.org/conda-forge/linux-64/imath-3.1.6-h6239696_1.conda#ccd8714dc2b97f582ed0f8d7092c0ad5
https://conda.anaconda.org/conda-forge/linux-64/jsoncpp-1.8.4-hc9558a2_1002.tar.bz2#537e534c07b09a7409e71934878d25fd
https://conda.anaconda.org/conda-forge/linux-64/lerc-4.0.0-h27087fc_0.tar.bz2#76bbff344f0134279f225174e9064c8f
https://conda.anaconda.org/conda-forge/linux-64/libasprintf-0.22.5-h661eb56_2.conda#dd197c968bf9760bba0031888d431ede
https://conda.anaconda.org/conda-forge/linux-64/libblas-3.9.0-23_linux64_blis.conda#8d7cbb28ba3387254254bc3da8d92246
https://conda.anaconda.org/conda-forge/linux-64/libedit-3.1.20191231-he28a2e2_2.tar.bz2#4d331e44109e3f0e19b4cb8f9b82f3e1
https://conda.anaconda.org/conda-forge/linux-64/libffi-3.2.1-he1b5a44_1007.tar.bz2#11389072d7d6036fd811c3d9460475cd
https://conda.anaconda.org/conda-forge/linux-64/libgettextpo-devel-0.22.5-h59595ed_2.conda#b63d9b6da3653179a278077f0de20014
https://conda.anaconda.org/conda-forge/linux-64/libllvm9-9.0.1-default_hc23dcda_7.tar.bz2#9f4686a2c319355fe8636ca13783c3b4
https://conda.anaconda.org/conda-forge/linux-64/libnghttp2-1.51.0-hdcd2b5c_0.conda#c42b460bae0365fb9777b1ff9d09a554
https://conda.anaconda.org/conda-forge/linux-64/libpng-1.6.43-h2797004_0.conda#009981dd9cfcaa4dbfa25ffaed86bcae
https://conda.anaconda.org/conda-forge/linux-64/libsqlite-3.46.0-hde9e2c9_0.conda#18aa975d2094c34aef978060ae7da7d8
https://conda.anaconda.org/conda-forge/linux-64/libssh2-1.10.0-haa6b8db_3.tar.bz2#89acee135f0809a18a1f4537390aa2dd
https://conda.anaconda.org/conda-forge/linux-64/libxcb-1.16-hd590300_0.conda#151cba22b85a989c2d6ef9633ffee1e4
https://conda.anaconda.org/conda-forge/linux-64/libxkbcommon-0.10.0-he1b5a44_0.tar.bz2#78ccac2098edcd3673af2ceb3e95f932
https://conda.anaconda.org/conda-forge/linux-64/lz4-c-1.8.3-he1b5a44_1001.tar.bz2#20cf5873cde2b4f6b7334012669b3118
https://conda.anaconda.org/conda-forge/linux-64/nspr-4.35-h27087fc_0.conda#da0ec11a6454ae19bff5b02ed881a2b1
https://conda.anaconda.org/conda-forge/linux-64/pcre-8.45-h9c3ff4c_0.tar.bz2#c05d1820a6d34ff07aaaab7a9b7eddaa
https://conda.anaconda.org/conda-forge/linux-64/rapidjson-1.1.0.post20240409-hac33072_1.conda#d6e98530772fc26c112640461110d127
https://conda.anaconda.org/conda-forge/linux-64/readline-8.2-h8228510_1.conda#47d31b792659ce70f470b5c82fdfb7a4
https://conda.anaconda.org/conda-forge/linux-64/tbb-2020.2-h4bd325d_4.tar.bz2#850df84d9b8261b73102a8fce99f820f
https://conda.anaconda.org/conda-forge/linux-64/tk-8.6.13-noxft_h4845f30_101.conda#d453b98d9c83e71da0741bb0ff4d76bc
https://conda.anaconda.org/conda-forge/linux-64/xorg-fixesproto-5.0-h7f98852_1002.tar.bz2#65ad6e1eb4aed2b0611855aff05e04f6
https://conda.anaconda.org/conda-forge/linux-64/xorg-libsm-1.2.4-h7391055_0.conda#93ee23f12bc2e684548181256edd2cf6
https://conda.anaconda.org/conda-forge/linux-64/zlib-1.2.13-h4ab18f5_6.conda#559d338a4234c2ad6e676f460a093e67
https://conda.anaconda.org/conda-forge/linux-64/zstd-1.5.6-ha6fb4c9_0.conda#4d056880988120e29d75bfff282e0f45
https://conda.anaconda.org/conda-forge/linux-64/freetype-2.12.1-h267a509_2.conda#9ae35c3d96db2c94ce0cef86efdfa2cb
https://conda.anaconda.org/conda-forge/linux-64/hdf4-4.2.15-h9772cbc_5.tar.bz2#ee08782aff2ff9b3291c967fa6bc7336
https://conda.anaconda.org/conda-forge/linux-64/krb5-1.20.1-hf9c8cef_0.conda#5f7e9efd540d7ac4b485660231ba6150
https://conda.anaconda.org/conda-forge/linux-64/libasprintf-devel-0.22.5-h661eb56_2.conda#02e41ab5834dcdcc8590cf29d9526f50
https://conda.anaconda.org/conda-forge/linux-64/libcblas-3.9.0-23_linux64_blis.conda#6fc87366be25edbe66f91647715a9272
https://conda.anaconda.org/conda-forge/linux-64/libclang-9.0.1-default_hb4e5071_5.tar.bz2#9dde69aa2a8ecd575a16e44987bdc9f7
https://conda.anaconda.org/conda-forge/linux-64/liblapack-3.9.0-3_h893e4fe_netlib.tar.bz2#1ef026956c4a2045a67660ac1216d2d9
https://conda.anaconda.org/conda-forge/linux-64/libtiff-4.4.0-h82bc61c_5.conda#e712a63a21f9db647982971dc121cdcf
https://conda.anaconda.org/conda-forge/linux-64/libxml2-2.9.10-hee79883_0.tar.bz2#0217b0926808b1adf93247bba489d733
https://conda.anaconda.org/conda-forge/linux-64/nss-3.100-hca3bf56_0.conda#949c4a82290ee58b3c970cef4bcfd4ad
https://conda.anaconda.org/conda-forge/linux-64/openexr-3.1.5-h0cdce71_2.conda#81da9b5c5aab30123e70d093bb4b3bdb
https://conda.anaconda.org/conda-forge/linux-64/sqlite-3.46.0-h6d4b2fc_0.conda#77ea8dff5cf8550cc8f5629a6af56323
https://conda.anaconda.org/conda-forge/linux-64/xorg-libx11-1.8.9-hb711507_1.conda#4a6d410296d7e39f00bacdee7df046e9
https://conda.anaconda.org/conda-forge/linux-64/fontconfig-2.14.2-h14ed4e7_0.conda#0f69b688f52ff6da70bccb7ff7001d1d
https://conda.anaconda.org/conda-forge/linux-64/gettext-0.22.5-h59595ed_2.conda#219ba82e95d7614cf7140d2a4afc0926
https://conda.anaconda.org/conda-forge/linux-64/lcms2-2.14-h6ed2654_0.tar.bz2#dcc588839de1445d90995a0a2c4f3a39
https://conda.anaconda.org/conda-forge/linux-64/libcurl-7.87.0-h6312ad2_0.conda#ad07f06bd133e76e12165bc3ec2c8646
https://conda.anaconda.org/conda-forge/linux-64/openjpeg-2.5.0-h7d73246_1.tar.bz2#a11b4df9271a8d7917686725aa04c8f2
https://conda.anaconda.org/conda-forge/linux-64/python-2.7.15-h5a48372_1011_cpython.tar.bz2#d1824ac0987155f58a03b7ffda01db38
https://conda.anaconda.org/conda-forge/linux-64/xorg-libxext-1.3.4-h0b41bf4_2.conda#82b6df12252e6f32402b96dacc656fec
https://conda.anaconda.org/conda-forge/linux-64/xorg-libxfixes-5.0.3-h7f98852_1004.tar.bz2#e9a21aa4d5e3e5f1aed71e8cefd46b6a
https://conda.anaconda.org/conda-forge/linux-64/xorg-libxrender-0.9.11-hd590300_0.conda#ed67c36f215b310412b2af935bf3e530
https://conda.anaconda.org/conda-forge/linux-64/xorg-libxt-1.3.0-hd590300_1.conda#ae92aab42726eb29d16488924f7312cb
https://conda.anaconda.org/conda-forge/noarch/backports-1.0-pyhd8ed1ab_3.conda#54ca2e08b3220c148a1d8329c2678e02
https://conda.anaconda.org/conda-forge/noarch/backports_abc-0.5-py_1.tar.bz2#6ac8cc52b55791b066dc43469bbaf8f2
https://conda.anaconda.org/conda-forge/noarch/contextlib2-0.6.0.post1-py_0.tar.bz2#88cbe489355adaaa4c38ed55bbd620f3
https://conda.anaconda.org/conda-forge/linux-64/curl-7.87.0-h6312ad2_0.conda#e6ca70adeae12dce14cbf412b58ace64
https://conda.anaconda.org/conda-forge/noarch/functools32-3.2.3.2-py_3.tar.bz2#de00994d4b9b843598b117e4bd3cb034
https://conda.anaconda.org/conda-forge/linux-64/hdf5-1.10.5-nompi_h7c3c948_1111.tar.bz2#f7a155d50a58546739c938772588b793
https://conda.anaconda.org/conda-forge/linux-64/libglib-2.66.3-hbe7bbb4_0.tar.bz2#d5a09a9e981849b751cb75656b7302a0
https://conda.anaconda.org/conda-forge/linux-64/libglu-9.0.0-ha6d2627_1004.conda#df069bea331c8486ac21814969301c1f
https://conda.anaconda.org/conda-forge/linux-64/libraw-0.20.2-h9772cbc_2.conda#a2b47cf8d655a1e58872a5aea7a4ab99
https://conda.anaconda.org/conda-forge/linux-64/numpy-1.16.5-py27h95a1406_0.tar.bz2#c0f6bb7c3bd322885bcc08a8741b209c
https://conda.anaconda.org/conda-forge/noarch/pyparsing-2.4.7-pyh9f0ad1d_0.tar.bz2#626c4f20d5bf06dcec9cf2eaa31725c7
https://conda.anaconda.org/conda-forge/linux-64/python_abi-2.7-1_cp27mu.tar.bz2#02d6ad6bce3a798e6ee85494cd9b3d8d
https://conda.anaconda.org/conda-forge/noarch/pytz-2020.1-pyh9f0ad1d_0.tar.bz2#e52abc1f0fd70e05001c1ceb2696f625
https://conda.anaconda.org/conda-forge/noarch/six-1.16.0-pyh6c4a22f_0.tar.bz2#e5f25f8dbc060e9a8d912e432202afc2
https://conda.anaconda.org/conda-forge/linux-64/subprocess32-3.5.4-py27h516909a_0.tar.bz2#1abcf004f3262a45281f8ac05a6a396d
https://conda.anaconda.org/conda-forge/linux-64/traits-5.2.0-py27h516909a_0.tar.bz2#88b3059a8a172764aa5ba1d938017c21
https://conda.anaconda.org/conda-forge/noarch/wheel-0.37.1-pyhd8ed1ab_0.tar.bz2#1ca02aaf78d9c70d9a81a3bed5752022
https://conda.anaconda.org/conda-forge/linux-64/xorg-libxmu-1.1.3-h4ab18f5_1.conda#4d6c9925cdcda27e9d022e40eb3eac05
https://conda.anaconda.org/conda-forge/linux-64/certifi-2019.11.28-py27h8c360ce_1.tar.bz2#a345324a2547908c1f9ca4b65d93f5ba
https://conda.anaconda.org/conda-forge/noarch/configobj-5.0.6-py_0.tar.bz2#e46ba874295e2eda5593650895777913
https://conda.anaconda.org/conda-forge/linux-64/configparser-3.7.3-py27h8c360ce_2.tar.bz2#fce87da76335c7274cb858745fded401
https://conda.anaconda.org/conda-forge/noarch/cycler-0.10.0-py_2.tar.bz2#f6d7c7e6d8f42cbbec7e07a8d879f91c
https://conda.anaconda.org/conda-forge/linux-64/enum34-1.1.10-py27h8c360ce_1.tar.bz2#0af4ab7b9189611125ba54d99163f58d
https://conda.anaconda.org/conda-forge/linux-64/fltk-1.3.7-h83e168f_1.tar.bz2#7a4d3c3647b1ae1a1d7e148f02ec40a3
https://conda.anaconda.org/conda-forge/linux-64/freeimage-3.18.0-h530e30e_10.tar.bz2#d9e3da143223e19da9fb151de8657b24
https://conda.anaconda.org/conda-forge/linux-64/future-0.18.2-py27h8c360ce_1.tar.bz2#08cef228f3f0805999b697ad75b771e9
https://conda.anaconda.org/conda-forge/linux-64/futures-3.3.0-py27h8c360ce_1.tar.bz2#2689f3fc54d3987298828719b0244005
https://conda.anaconda.org/conda-forge/linux-64/glib-2.66.3-h58526e2_0.tar.bz2#62c2e5c84f6cdc7ded2307ef9c30dc8c
https://conda.anaconda.org/conda-forge/linux-64/kiwisolver-1.1.0-py27h9e3301b_1.tar.bz2#a4ff0ed5a22ce2062a4a7178a2435429
https://conda.anaconda.org/conda-forge/linux-64/libnetcdf-4.7.3-nompi_h9f9fd6a_101.tar.bz2#d141f382b87a3e4e1cdd0105f733910a
https://conda.anaconda.org/conda-forge/noarch/more-itertools-5.0.0-py_0.tar.bz2#368d2cb3377851a482b2f2b080aad3ee
https://conda.anaconda.org/conda-forge/noarch/packaging-20.9-pyh44b312d_0.tar.bz2#be69a38e912054a62dc82cc3c7711a64
https://conda.anaconda.org/conda-forge/linux-64/pysparse-1.3.dev-py27h3010b51_1003.tar.bz2#9c55d95680c6490e9cfb0557e9b08a06
https://conda.anaconda.org/conda-forge/noarch/python-dateutil-2.8.1-py_0.tar.bz2#0d0150ed9c2d25817f5324108d3f7571
https://conda.anaconda.org/conda-forge/linux-64/scandir-1.10.0-py27hdf8410d_1.tar.bz2#bfaf4b51772c5904b696ce7d68731397
https://conda.anaconda.org/conda-forge/linux-64/scipy-1.2.1-py27h921218d_2.tar.bz2#86dfec20837a8d0e9f05e79d1fb9e615
https://conda.anaconda.org/conda-forge/noarch/singledispatch-3.6.1-pyh44b312d_0.tar.bz2#97dbbff78f872e5eb30a57c050cc4bba
https://conda.anaconda.org/conda-forge/linux-64/typing-3.7.4.1-py27h8c360ce_1.tar.bz2#e1b7dee730c936334484197e643d3c74
https://conda.anaconda.org/conda-forge/linux-64/cairo-1.16.0-hcf35c78_1003.tar.bz2#6b996a9e9337b64a7477942b84d3afe5
https://conda.anaconda.org/conda-forge/linux-64/dbus-1.13.6-hfdff14a_1.tar.bz2#4caaca6356992ee545080c7d7193b5a3
https://conda.anaconda.org/conda-forge/linux-64/gstreamer-1.14.5-h36ae1b5_2.tar.bz2#00084ab2657be5bf0ba0757ccde797ef
https://conda.anaconda.org/conda-forge/linux-64/occt-7.7.2-novtk_h130ccc2_101.conda#4a7df4c1d4f8e053e232a08a674f5c9f
https://conda.anaconda.org/conda-forge/linux-64/pathlib2-2.3.5-py27h8c360ce_1.tar.bz2#5334600914183898c9e7610d894e49e3
https://conda.anaconda.org/conda-forge/linux-64/setuptools-44.0.0-py27_0.tar.bz2#a1dcb0ca393c777d0611faf5b86602be
https://conda.anaconda.org/conda-forge/linux-64/tornado-5.1.1-py27h14c3975_1000.tar.bz2#adf3de0f4bc56b631b63e5b5dc0a8886
https://conda.anaconda.org/conda-forge/linux-64/vtk-8.2.0-py27h06adf98_210.tar.bz2#983d08a10ba053ab9b3d15e07a7f9628
https://conda.anaconda.org/conda-forge/noarch/zipp-1.0.0-py_0.tar.bz2#a3f50802a987a528c837113c7b705253
https://conda.anaconda.org/conda-forge/noarch/backports.functools_lru_cache-1.6.1-py_0.tar.bz2#d36df15eaef96549ce6231e3088fba54
https://conda.anaconda.org/conda-forge/linux-64/gmsh-4.11.1-h51d60e7_3.conda#98aab7ff132df19cd5c9b68fd80a6b6e
https://conda.anaconda.org/conda-forge/linux-64/gst-plugins-base-1.14.5-h0935bb2_2.tar.bz2#eb125ee86480e00a4a1ed45a577c3311
https://conda.anaconda.org/conda-forge/linux-64/importlib-metadata-1.5.0-py27h8c360ce_1.tar.bz2#30286cc6fe6bcaf7e74c39b9241cf92c
https://conda.anaconda.org/conda-forge/noarch/pip-20.1.1-pyh9f0ad1d_0.tar.bz2#cd67a20c73ff2514cf5f34cae28fc867
https://conda.anaconda.org/conda-forge/noarch/pygments-2.5.2-py_0.tar.bz2#c48719b941c60b26add57de2b014ef96
https://conda.anaconda.org/conda-forge/noarch/importlib_metadata-1.5.0-1.tar.bz2#71fad3d59c6551ef0e16afd6df00bd97
https://conda.anaconda.org/conda-forge/linux-64/matplotlib-base-2.2.5-py27h250f245_1.tar.bz2#bd74d7c9ad275d0b07c9925d2fa81306
https://conda.anaconda.org/conda-forge/linux-64/qt-5.12.5-hd8c4c69_1.tar.bz2#0e105d4afe0c3c81c4fbd9937ec4f359
https://conda.anaconda.org/conda-forge/linux-64/importlib_resources-1.4.0-py27h8c360ce_0.tar.bz2#ce265e51caa1c39268c1bdfc6c8ffeb6
https://conda.anaconda.org/conda-forge/linux-64/pyqt-5.12.3-py27hcca6a23_1.tar.bz2#5d6265fdbf72ce18d4944c93010a1621
https://conda.anaconda.org/conda-forge/noarch/pyface-7.3.0-pyh44b312d_1.tar.bz2#6deb6e9d1bd311a5144039df94d68c4f
https://conda.anaconda.org/conda-forge/noarch/traitsui-6.1.3-py_0.tar.bz2#038f4ac8b63c8555e19d8c83766720d1
https://conda.anaconda.org/conda-forge/noarch/apptools-5.1.0-pyh44b312d_0.tar.bz2#67f86126bb65837378ddd31caff9f420
https://conda.anaconda.org/conda-forge/noarch/envisage-4.9.2-pyh9f0ad1d_1.tar.bz2#98cae4e1d4abb104578a855f68ad8b3b
https://conda.anaconda.org/conda-forge/linux-64/mayavi-4.7.1-py27h7eb8c7e_2.tar.bz2#a49b0240f00cb2db6e269c92fc89a882
