# Generated by conda-lock.
# platform: osx-arm64
# input_hash: e6c18a9f97d344a54e9099e091a03759f4b8003d0ea3cfc14ec770d1b577a5b8
@EXPLICIT
https://conda.anaconda.org/conda-forge/osx-arm64/dav1d-1.2.1-hb547adb_0.conda#5a74cdee497e6b65173e10d94582fae6
https://conda.anaconda.org/conda-forge/noarch/font-ttf-dejavu-sans-mono-2.37-hab24e00_0.tar.bz2#0c96522c6bdaed4b1566d11387caaf45
https://conda.anaconda.org/conda-forge/noarch/font-ttf-inconsolata-3.000-h77eed37_0.tar.bz2#34893075a5c9e55cdafac56607368fc6
https://conda.anaconda.org/conda-forge/noarch/font-ttf-source-code-pro-2.038-h77eed37_0.tar.bz2#4d59c254e01d9cde7957100457e2d5fb
https://conda.anaconda.org/conda-forge/noarch/font-ttf-ubuntu-0.83-h77eed37_3.conda#49023d73832ef61042f6a237cb2687e7
https://conda.anaconda.org/conda-forge/osx-arm64/fribidi-1.0.10-h27ca646_0.tar.bz2#c64443234ff91d70cb9c7dc926c58834
https://conda.anaconda.org/conda-forge/osx-arm64/jxrlib-1.1-h93a5062_3.conda#879997fd868f8e9e4c2a12aec8583799
https://conda.anaconda.org/conda-forge/osx-arm64/lame-3.100-h1a8c8d9_1003.tar.bz2#bff0e851d66725f78dc2fd8b032ddb7e
https://conda.anaconda.org/conda-forge/osx-arm64/libev-4.33-h93a5062_2.conda#36d33e440c31857372a72137f78bacf5
https://conda.anaconda.org/conda-forge/osx-arm64/nlohmann_json-3.12.0-ha1acc90_0.conda#c74975897efab6cdc7f5ac5a69cca2f3
https://conda.anaconda.org/conda-forge/noarch/python_abi-3.13-7_cp313.conda#e84b44e6300f1703cb25d29120c5b1d8
https://conda.anaconda.org/conda-forge/noarch/tzdata-2025b-h78e105d_0.conda#4222072737ccff51314b5ece9c7d6f5a
https://conda.anaconda.org/conda-forge/osx-arm64/utfcpp-4.0.6-h54c0426_0.conda#663093debcad11b7f3f1e8d62469af05
https://conda.anaconda.org/conda-forge/osx-arm64/x264-1!164.3095-h57fd34a_2.tar.bz2#b1f6dccde5d3a1f911960b6e567113ff
https://conda.anaconda.org/conda-forge/osx-arm64/bzip2-1.0.8-h99b78c6_7.conda#fc6948412dbbbe9a4c9ddbbcfe0a79ab
https://conda.anaconda.org/conda-forge/osx-arm64/c-ares-1.34.5-h5505292_0.conda#f8cd1beb98240c7edb1a95883360ccfa
https://conda.anaconda.org/conda-forge/noarch/ca-certificates-2025.4.26-hbd8a1cb_0.conda#95db94f75ba080a22eb623590993167b
https://conda.anaconda.org/conda-forge/noarch/fonts-conda-forge-1-0.tar.bz2#f766549260d6815b0c52253f1fb1bb29
https://conda.anaconda.org/conda-forge/osx-arm64/icu-75.1-hfee45f7_0.conda#5eb22c1d7b3fc4abb50d92d621583137
https://conda.anaconda.org/conda-forge/osx-arm64/libbrotlicommon-1.1.0-hd74edd7_2.conda#d0bf1dff146b799b319ea0434b93f779
https://conda.anaconda.org/conda-forge/osx-arm64/libcxx-20.1.4-ha82da77_0.conda#10c809af502fcdab799082d338170994
https://conda.anaconda.org/conda-forge/osx-arm64/libdeflate-1.23-h5773f1b_0.conda#4dc332b504166d7f89e4b3b18ab5e6ea
https://conda.anaconda.org/conda-forge/osx-arm64/libexpat-2.7.0-h286801f_0.conda#6934bbb74380e045741eb8637641a65b
https://conda.anaconda.org/conda-forge/osx-arm64/libffi-3.4.6-h1da3d7d_1.conda#c215a60c2935b517dcda8cad4705734d
https://conda.anaconda.org/conda-forge/osx-arm64/libiconv-1.18-hfe07756_1.conda#450e6bdc0c7d986acf7b8443dce87111
https://conda.anaconda.org/conda-forge/osx-arm64/libjpeg-turbo-3.1.0-h5505292_0.conda#01caa4fbcaf0e6b08b3aef1151e91745
https://conda.anaconda.org/conda-forge/osx-arm64/liblzma-5.8.1-h39f12f2_0.conda#ba24e6f25225fea3d5b6912e2ac562f8
https://conda.anaconda.org/conda-forge/osx-arm64/libmpdec-4.0.0-h99b78c6_0.conda#7476305c35dd9acef48da8f754eedb40
https://conda.anaconda.org/conda-forge/osx-arm64/libntlm-1.8-h5505292_0.conda#c90c1d3bd778f5ec0d4bb4ef36cbd5b6
https://conda.anaconda.org/conda-forge/osx-arm64/libogg-1.3.5-h48c0fde_1.conda#29b8b11f6d7e6bd0e76c029dcf9dd024
https://conda.anaconda.org/conda-forge/osx-arm64/libopus-1.5.2-h48c0fde_0.conda#882feb9903f31dca2942796a360d1007
https://conda.anaconda.org/conda-forge/osx-arm64/libusb-1.0.28-h5505292_0.conda#3d8381cea4dc373274ddb5e996f8348b
https://conda.anaconda.org/conda-forge/osx-arm64/libwebp-base-1.5.0-h2471fea_0.conda#569466afeb84f90d5bb88c11cc23d746
https://conda.anaconda.org/conda-forge/osx-arm64/libzlib-1.3.1-h8359307_2.conda#369964e85dc26bfe78f41399b366c435
https://conda.anaconda.org/conda-forge/osx-arm64/llvm-openmp-20.1.3-hdb05f8b_0.conda#9f2cc154dd184ff808c2c6afd21cb12c
https://conda.anaconda.org/conda-forge/osx-arm64/ncurses-6.5-h5e97a16_3.conda#068d497125e4bf8a66bf707254fff5ae
https://conda.anaconda.org/conda-forge/osx-arm64/pthread-stubs-0.4-hd74edd7_1002.conda#415816daf82e0b23a736a069a75e9da7
https://conda.anaconda.org/conda-forge/osx-arm64/xorg-libice-1.1.2-h5505292_0.conda#daf3b34253eea046c9ab94e0c3b2f83d
https://conda.anaconda.org/conda-forge/osx-arm64/xorg-libxau-1.0.12-h5505292_0.conda#50901e0764b7701d8ed7343496f4f301
https://conda.anaconda.org/conda-forge/osx-arm64/xorg-libxdmcp-1.1.5-hd74edd7_0.conda#77c447f48cab5d3a15ac224edb86a968
https://conda.anaconda.org/conda-forge/osx-arm64/aom-3.9.1-h7bae524_0.conda#7adba36492a1bb22d98ffffe4f6fc6de
https://conda.anaconda.org/conda-forge/osx-arm64/double-conversion-3.3.1-h286801f_0.conda#4dce99b1430bf11b64432e2edcc428fa
https://conda.anaconda.org/conda-forge/osx-arm64/expat-2.7.0-h286801f_0.conda#6f54d1a312ca354072b7d79aa0d31eb9
https://conda.anaconda.org/conda-forge/noarch/fonts-conda-ecosystem-1-0.tar.bz2#fee5683a3f04bd15cbd8318b096a27ab
https://conda.anaconda.org/conda-forge/osx-arm64/glew-2.1.0-h9f76cd9_2.tar.bz2#ec67d4b810ad567618722a2772e9755c
https://conda.anaconda.org/conda-forge/osx-arm64/gmp-6.3.0-h7bae524_2.conda#eed7278dfbab727b56f2c0b64330814b
https://conda.anaconda.org/conda-forge/osx-arm64/graphite2-1.3.13-hebf3989_1003.conda#339991336eeddb70076d8ca826dac625
https://conda.anaconda.org/conda-forge/osx-arm64/hdf4-4.2.15-h2ee6834_7.conda#ff5d749fd711dc7759e127db38005924
https://conda.anaconda.org/conda-forge/osx-arm64/imath-3.1.12-h025cafa_0.conda#b7e259bd81b5a7432ca045083959b83a
https://conda.anaconda.org/conda-forge/osx-arm64/jasper-4.2.5-h743e416_0.conda#d123c14856a18043c5e98cb35cd29278
https://conda.anaconda.org/conda-forge/osx-arm64/jsoncpp-1.9.6-h726d253_1.conda#0ff996d1cf523fa1f7ed63113f6cc052
https://conda.anaconda.org/conda-forge/osx-arm64/lerc-4.0.0-hd64df32_1.conda#a74332d9b60b62905e3d30709df08bf1
https://conda.anaconda.org/conda-forge/osx-arm64/libabseil-20250127.1-cxx17_h07bc746_0.conda#26aabb99a8c2806d8f617fd135f2fc6f
https://conda.anaconda.org/conda-forge/osx-arm64/libaec-1.1.3-hebf3989_0.conda#6f0b8e56d2e7bae12a18fc5b2cd9f310
https://conda.anaconda.org/conda-forge/osx-arm64/libbrotlidec-1.1.0-hd74edd7_2.conda#55e66e68ce55523a6811633dd1ac74e2
https://conda.anaconda.org/conda-forge/osx-arm64/libbrotlienc-1.1.0-hd74edd7_2.conda#4f3a434504c67b2c42565c0b85c1885c
https://conda.anaconda.org/conda-forge/osx-arm64/libedit-3.1.20250104-pl5321hafb1f1b_0.conda#44083d2d2c2025afca315c7a172eab2b
https://conda.anaconda.org/conda-forge/osx-arm64/libgfortran5-14.2.0-h2c44a93_105.conda#06f35a3b1479ec55036e1c9872f97f2c
https://conda.anaconda.org/conda-forge/osx-arm64/libintl-0.23.1-h493aca8_0.conda#7b8faf3b5fc52744bda99c4cd1d6438d
https://conda.anaconda.org/conda-forge/osx-arm64/libpng-1.6.47-h3783ad8_0.conda#3550e05e3af94a3fa9cef2694417ccdf
https://conda.anaconda.org/conda-forge/osx-arm64/libsqlite-3.49.1-h3f77e49_2.conda#3b1e330d775170ac46dff9a94c253bd0
https://conda.anaconda.org/conda-forge/osx-arm64/libvorbis-1.3.7-h9f76cd9_0.tar.bz2#92a1a88d1a1d468c19d9e1659ac8d3df
https://conda.anaconda.org/conda-forge/osx-arm64/libvpx-1.14.1-h7bae524_0.conda#95bee48afff34f203e4828444c2b2ae9
https://conda.anaconda.org/conda-forge/osx-arm64/libxcb-1.17.0-hdb1d25a_0.conda#af523aae2eca6dfa1c8eec693f5b9a79
https://conda.anaconda.org/conda-forge/osx-arm64/libxml2-2.13.7-h52572c6_1.conda#522fcdaebf3bac06a7b5a78e0a89195b
https://conda.anaconda.org/conda-forge/osx-arm64/lz4-c-1.10.0-h286801f_1.conda#01511afc6cc1909c5303cf31be17b44f
https://conda.anaconda.org/conda-forge/osx-arm64/openh264-2.6.0-hb5b2745_0.conda#6ff0890a94972aca7cc7f8f8ef1ff142
https://conda.anaconda.org/conda-forge/osx-arm64/openssl-3.5.0-h81ee809_0.conda#3d2936da7e240d24c656138e07fa2502
https://conda.anaconda.org/conda-forge/osx-arm64/pcre2-10.44-ha881caa_2.conda#1a3f7708de0b393e6665c9f7494b055e
https://conda.anaconda.org/conda-forge/osx-arm64/pixman-0.46.0-h2f9eb0b_0.conda#d098a1cca9d588cd4d258d06a08a454e
https://conda.anaconda.org/conda-forge/osx-arm64/pugixml-1.15-hd3d436d_0.conda#b9a4004e46de7aeb005304a13b35cb94
https://conda.anaconda.org/conda-forge/osx-arm64/qhull-2020.2-h420ef59_5.conda#6483b1f59526e05d7d894e466b5b6924
https://conda.anaconda.org/conda-forge/osx-arm64/rapidjson-1.1.0.post20240409-ha1acc90_2.conda#cdf23da66ced1cd0a484c3a9564eaeaa
https://conda.anaconda.org/conda-forge/osx-arm64/readline-8.2-h1d1bf99_2.conda#63ef3f6e6d6d5c589e64f11263dc5676
https://conda.anaconda.org/conda-forge/osx-arm64/snappy-1.2.1-h98b9ce2_1.conda#ded86dee325290da2967a3fea3800eb5
https://conda.anaconda.org/conda-forge/osx-arm64/svt-av1-3.0.2-h8ab69cd_0.conda#76f20156833dea73510379b6cd7975e5
https://conda.anaconda.org/conda-forge/osx-arm64/tk-8.6.13-h5083fa2_1.conda#b50a57ba89c32b62428b71a875291c9b
https://conda.anaconda.org/conda-forge/osx-arm64/x265-3.5-hbc6ce65_3.tar.bz2#b1f7f2780feffe310b068c021e8ff9b2
https://conda.anaconda.org/conda-forge/osx-arm64/xorg-libsm-1.2.6-h5505292_0.conda#a01171a0aee17fc4e74a50971a87755d
https://conda.anaconda.org/conda-forge/osx-arm64/zlib-1.3.1-h8359307_2.conda#e3170d898ca6cb48f1bb567afb92f775
https://conda.anaconda.org/conda-forge/osx-arm64/zstd-1.5.7-h6491c7d_2.conda#e6f69c7bcccdefa417f056fa593b40f0
https://conda.anaconda.org/conda-forge/osx-arm64/blosc-1.21.6-h7dd00d9_1.conda#925acfb50a750aa178f7a0aced77f351
https://conda.anaconda.org/conda-forge/osx-arm64/brotli-bin-1.1.0-hd74edd7_2.conda#b8512db2145dc3ae8d86cdc21a8d421e
https://conda.anaconda.org/conda-forge/osx-arm64/gl2ps-1.4.2-hc97c1ff_1.conda#8e790b98d38f4d56b64308c642dd5533
https://conda.anaconda.org/conda-forge/osx-arm64/krb5-1.21.3-h237132a_0.conda#c6dc8a0fdec13a0565936655c33069a1
https://conda.anaconda.org/conda-forge/osx-arm64/libfreetype6-2.13.3-h1d14073_1.conda#b163d446c55872ef60530231879908b9
https://conda.anaconda.org/conda-forge/osx-arm64/libgfortran-14.2.0-heb5dd2a_105.conda#ad35937216e65cfeecd828979ee5e9e6
https://conda.anaconda.org/conda-forge/osx-arm64/libglib-2.84.0-hdff4504_0.conda#86bdf23c648be3498294c4ab861e7090
https://conda.anaconda.org/conda-forge/osx-arm64/libhwloc-2.11.2-default_hbce5d74_1001.conda#ff6438cf47cff4899ae9900bf9253c41
https://conda.anaconda.org/conda-forge/osx-arm64/libllvm18-18.1.8-hc4b4ae8_3.conda#202596038a5dc079ef688bd7e17ffec1
https://conda.anaconda.org/conda-forge/osx-arm64/libllvm20-20.1.4-h598bca7_0.conda#c8e530db4952e8c66768f2cf75413cd6
https://conda.anaconda.org/conda-forge/osx-arm64/libnghttp2-1.64.0-h6d7220d_0.conda#3408c02539cee5f1141f9f11450b6a51
https://conda.anaconda.org/conda-forge/osx-arm64/libprotobuf-5.29.3-hccd9074_1.conda#f7951fdf76556f91bc146384ede7de40
https://conda.anaconda.org/conda-forge/osx-arm64/libssh2-1.11.1-h1590b86_0.conda#b68e8f66b94b44aaa8de4583d3d4cc40
https://conda.anaconda.org/conda-forge/osx-arm64/libtheora-1.1.1-h99b78c6_1006.conda#4b0af7570b8af42ac6796da8777589d1
https://conda.anaconda.org/conda-forge/osx-arm64/libtiff-4.7.0-h551f018_4.conda#717e02c4cca2a760438384d48b7cd1b9
https://conda.anaconda.org/conda-forge/osx-arm64/libxslt-1.1.39-h223e5b9_0.conda#560c9cacc33e927f55b998eaa0cb1732
https://conda.anaconda.org/conda-forge/osx-arm64/libzip-1.11.2-h1336266_0.conda#7177414f275db66735a17d316b0a81d6
https://conda.anaconda.org/conda-forge/osx-arm64/mysql-common-9.2.0-hd7719f6_0.conda#96bd69586b35b43aac4bbcd84adb0d17
https://conda.anaconda.org/conda-forge/osx-arm64/openexr-3.3.3-h10b4c9a_0.conda#9a9fc4b01632f63c3389f26185803769
https://conda.anaconda.org/conda-forge/osx-arm64/python-3.13.3-h81fe080_101_cp313.conda#b3240ae8c42a3230e0b7f831e1c72e9f
https://conda.anaconda.org/conda-forge/osx-arm64/sqlite-3.49.1-hd7222ec_2.conda#69dd1428d6a7d068bfc1d2ad70ab6701
https://conda.anaconda.org/conda-forge/osx-arm64/xorg-libx11-1.8.12-h6a5fb8c_0.conda#89b59aaa3c35257dba0b7c2d980f35f0
https://conda.anaconda.org/conda-forge/noarch/aiohappyeyeballs-2.6.1-pyhd8ed1ab_0.conda#18fd895e0e775622906cdabfc3cf0fb4
https://conda.anaconda.org/conda-forge/noarch/attrs-25.3.0-pyh71513ae_0.conda#a10d11958cadc13fdb43df75f8b1903f
https://conda.anaconda.org/conda-forge/osx-arm64/brotli-1.1.0-hd74edd7_2.conda#215e3dc8f2f837906d066e7f01aa77c0
https://conda.anaconda.org/conda-forge/noarch/cycler-0.12.1-pyhd8ed1ab_1.conda#44600c4667a319d67dbe0681fc0bc833
https://conda.anaconda.org/conda-forge/osx-arm64/cyrus-sasl-2.1.27-h60b93bd_7.conda#80a3b015d05a7d235db1bf09911fe08e
https://conda.anaconda.org/conda-forge/osx-arm64/dbus-1.13.6-h3818c69_3.tar.bz2#23730a06679644276233a5894eb2ef00
https://conda.anaconda.org/conda-forge/osx-arm64/frozenlist-1.5.0-py313ha9b7d5b_1.conda#1e73247993f60b945bb19040c43a7bb9
https://conda.anaconda.org/conda-forge/noarch/future-1.0.0-pyhd8ed1ab_2.conda#1054c53c95d85e35b88143a3eda66373
https://conda.anaconda.org/conda-forge/osx-arm64/gdk-pixbuf-2.42.12-h7ddc832_0.conda#151309a7e1eb57a3c2ab8088a1d74f3e
https://conda.anaconda.org/conda-forge/noarch/idna-3.10-pyhd8ed1ab_1.conda#39a4f67be3286c86d696df570b1201b7
https://conda.anaconda.org/conda-forge/osx-arm64/kiwisolver-1.4.7-py313hf9c7212_0.conda#830d9777f1c5f26ebb4286775f95658a
https://conda.anaconda.org/conda-forge/osx-arm64/lcms2-2.17-h7eeda09_0.conda#92a61fd30b19ebd5c1621a5bfe6d8b5f
https://conda.anaconda.org/conda-forge/osx-arm64/libclang-cpp18.1-18.1.8-default_hf90f093_9.conda#88893bbbccb1400d677f747b0c8f226f
https://conda.anaconda.org/conda-forge/osx-arm64/libclang13-20.1.4-default_hee4fbb3_0.conda#e1258a8c4b2773d140b412e555582f9a
https://conda.anaconda.org/conda-forge/osx-arm64/libcurl-8.13.0-h73640d1_0.conda#4a5d33f75f9ead15089b04bed8d0eafe
https://conda.anaconda.org/conda-forge/osx-arm64/libfreetype-2.13.3-hce30654_1.conda#d06282e08e55b752627a707d58779b8f
https://conda.anaconda.org/conda-forge/osx-arm64/libopenblas-0.3.29-openmp_hf332438_0.conda#0cd1148c68f09027ee0b0f0179f77c30
https://conda.anaconda.org/conda-forge/osx-arm64/loguru-0.7.2-py313h8f79df9_2.conda#d52009653b377e5f2b64d3bea2677822
https://conda.anaconda.org/conda-forge/osx-arm64/msgpack-python-1.1.0-py313hf9c7212_0.conda#0bbe5d88473e2c92af8b2a977421d4cc
https://conda.anaconda.org/conda-forge/osx-arm64/multidict-6.4.3-py313h6347b5a_0.conda#1eb2f9d8cf7b6294751bcda915dcab83
https://conda.anaconda.org/conda-forge/noarch/munkres-1.1.4-pyh9f0ad1d_0.tar.bz2#2ba8498c1018c1e9c61eb99b973dfe19
https://conda.anaconda.org/conda-forge/osx-arm64/mysql-libs-9.2.0-ha8be5b7_0.conda#a002885cd86feae186b555a9d1a38117
https://conda.anaconda.org/conda-forge/osx-arm64/openjpeg-2.5.3-h8a3d83b_0.conda#4b71d78648dbcf68ce8bf22bb07ff838
https://conda.anaconda.org/conda-forge/noarch/packaging-25.0-pyh29332c3_1.conda#58335b26c38bf4a20f399384c33cbcf9
https://conda.anaconda.org/conda-forge/noarch/pip-25.1-pyh145f28c_0.conda#4627e20c39e7340febed674c3bf05b16
https://conda.anaconda.org/conda-forge/osx-arm64/propcache-0.3.1-py313ha9b7d5b_0.conda#4eb9e019ebc1224f1963031b7b09630e
https://conda.anaconda.org/conda-forge/noarch/pygments-2.19.1-pyhd8ed1ab_0.conda#232fb4577b6687b2d503ef8e254270c9
https://conda.anaconda.org/conda-forge/noarch/pyparsing-3.2.3-pyhd8ed1ab_1.conda#513d3c262ee49b54a8fec85c5bc99764
https://conda.anaconda.org/conda-forge/noarch/setuptools-71.0.4-pyhd8ed1ab_0.conda#ee78ac9c720d0d02fcfd420866b82ab1
https://conda.anaconda.org/conda-forge/noarch/six-1.17.0-pyhd8ed1ab_0.conda#a451d576819089b0d672f18768be0f65
https://conda.anaconda.org/conda-forge/osx-arm64/tbb-2022.1.0-h9541205_0.conda#fba14047c046475a82806c17885ba7fa
https://conda.anaconda.org/conda-forge/osx-arm64/traits-7.0.2-py313h90d716c_0.conda#65a81f7bfbc30ee0a8024cf30ab35d8e
https://conda.anaconda.org/conda-forge/osx-arm64/xorg-libxext-1.3.6-hd74edd7_0.conda#acf6c394865f1b7a51c8e57fec6fcde3
https://conda.anaconda.org/conda-forge/osx-arm64/xorg-libxfixes-6.0.1-hd74edd7_0.conda#d59076ce442150458d39285c01ebf26a
https://conda.anaconda.org/conda-forge/osx-arm64/xorg-libxrender-0.9.12-h5505292_0.conda#01690f6107fc7487529242d29bf2abe8
https://conda.anaconda.org/conda-forge/noarch/zipp-3.21.0-pyhd8ed1ab_1.conda#0c3cc595284c5e8f0f9900a9b228a332
https://conda.anaconda.org/conda-forge/noarch/aiosignal-1.3.2-pyhd8ed1ab_0.conda#1a3981115a398535dbe3f6d5faae3d36
https://conda.anaconda.org/conda-forge/noarch/configobj-5.0.9-pyhd8ed1ab_1.conda#5e1999cd1872c9d7f7d56bf3bf1141fa
https://conda.anaconda.org/conda-forge/osx-arm64/fltk-1.3.10-h46aaf7c_0.conda#a39e1d4086ea651657c7a71c7e97349b
https://conda.anaconda.org/conda-forge/osx-arm64/fonttools-4.57.0-py313ha9b7d5b_0.conda#789f1322ec25f3ebc370e0d18bc12668
https://conda.anaconda.org/conda-forge/osx-arm64/freetype-2.13.3-hce30654_1.conda#e684de4644067f1956a580097502bf03
https://conda.anaconda.org/conda-forge/osx-arm64/hdf5-1.14.3-nompi_ha698983_109.conda#be8bf1f5aabe7b5486ccfe5a3cc8bbfe
https://conda.anaconda.org/conda-forge/noarch/importlib-metadata-8.6.1-pyha770c72_0.conda#f4b39bf00c69f56ac01e020ebfac066c
https://conda.anaconda.org/conda-forge/noarch/importlib_resources-6.5.2-pyhd8ed1ab_0.conda#c85c76dc67d75619a92f51dfbce06992
https://conda.anaconda.org/conda-forge/osx-arm64/libblas-3.9.0-31_h10e41b3_openblas.conda#39b053da5e7035c6592102280aa7612a
https://conda.anaconda.org/conda-forge/osx-arm64/libopenvino-2025.0.0-h3f17238_3.conda#219301646c04667a4513b1d5a360e903
https://conda.anaconda.org/conda-forge/osx-arm64/libraw-0.21.4-h62a31ad_0.conda#5c79a1ecaf9cfdfd396aed641006857f
https://conda.anaconda.org/conda-forge/osx-arm64/openldap-2.6.9-hbe55e7a_0.conda#8291e59e1dd136bceecdefbc7207ecd6
https://conda.anaconda.org/conda-forge/osx-arm64/proj-9.5.1-h1318a7e_0.conda#5eb42e77ae79b46fabcb0f6f6d130763
https://conda.anaconda.org/conda-forge/noarch/python-dateutil-2.9.0.post0-pyhff2d567_1.conda#5ba79d7c71f03c678c8ead841f347d6e
https://conda.anaconda.org/conda-forge/osx-arm64/sdl3-3.2.10-hf196eef_1.conda#29b102eed7ddbc1d8e210527739d31f1
https://conda.anaconda.org/conda-forge/osx-arm64/yarl-1.20.0-py313ha9b7d5b_0.conda#d93548f6de9809be2550b86a5377681d
https://conda.anaconda.org/conda-forge/osx-arm64/aiohttp-3.11.18-py313ha9b7d5b_0.conda#23a8767f1c83f67aeb8237fd8af87bd9
https://conda.anaconda.org/conda-forge/osx-arm64/fontconfig-2.15.0-h1383a14_1.conda#7b29f48742cea5d1ccb5edd839cb5621
https://conda.anaconda.org/conda-forge/osx-arm64/freeimage-3.18.0-h2e169f6_22.conda#98187c5ae2ea4cd05afc2a8bf0fd3b1d
https://conda.anaconda.org/conda-forge/osx-arm64/libcblas-3.9.0-31_hb3479ef_openblas.conda#7353c2bf0e90834cb70545671996d871
https://conda.anaconda.org/conda-forge/osx-arm64/liblapack-3.9.0-31_hc9a63f6_openblas.conda#ff57a55a2cbce171ef5707fb463caf19
https://conda.anaconda.org/conda-forge/osx-arm64/libnetcdf-4.9.2-nompi_h610d594_116.conda#edff7b961600d73f88953eadd659fa40
https://conda.anaconda.org/conda-forge/osx-arm64/libopenvino-arm-cpu-plugin-2025.0.0-h3f17238_3.conda#ec1181e2f403d8ef1056ffbd147dfc85
https://conda.anaconda.org/conda-forge/osx-arm64/libopenvino-auto-batch-plugin-2025.0.0-h7f72211_3.conda#0f17b7f12b079ff6e30b01d9e0009c7d
https://conda.anaconda.org/conda-forge/osx-arm64/libopenvino-auto-plugin-2025.0.0-h7f72211_3.conda#f9d8eaf30b47202e9307aa787ad4c39f
https://conda.anaconda.org/conda-forge/osx-arm64/libopenvino-hetero-plugin-2025.0.0-h718ad69_3.conda#2d422a8742205a0b963126e074ac61df
https://conda.anaconda.org/conda-forge/osx-arm64/libopenvino-ir-frontend-2025.0.0-h718ad69_3.conda#373636c589b6c9e516cb1c5dee40e5a2
https://conda.anaconda.org/conda-forge/osx-arm64/libopenvino-onnx-frontend-2025.0.0-h1ae5b81_3.conda#b086f7f97f8e6e1d1398e2f8f3c763ff
https://conda.anaconda.org/conda-forge/osx-arm64/libopenvino-paddle-frontend-2025.0.0-h1ae5b81_3.conda#734f72cda4d91f730a20832650ab9981
https://conda.anaconda.org/conda-forge/osx-arm64/libopenvino-pytorch-frontend-2025.0.0-h286801f_3.conda#eabf9e1db9ab6498c0d8f2a1210a34d7
https://conda.anaconda.org/conda-forge/osx-arm64/libopenvino-tensorflow-frontend-2025.0.0-heb6e3e1_3.conda#b3d717c7190032e55234d4f728053248
https://conda.anaconda.org/conda-forge/osx-arm64/libopenvino-tensorflow-lite-frontend-2025.0.0-h286801f_3.conda#759a3781b101a619ac12e20723eda024
https://conda.anaconda.org/conda-forge/osx-arm64/libpq-17.4-h6896619_1.conda#7003d9c4232f2fa496505148cd0f93f1
https://conda.anaconda.org/conda-forge/osx-arm64/pillow-11.1.0-py313hb37fac4_0.conda#50dbf6e817535229c820af0a8f4529b5
https://conda.anaconda.org/conda-forge/noarch/pyface-8.0.0-pyhd8ed1ab_2.conda#0ad1fa47cd5ac6eb255acc0989f51958
https://conda.anaconda.org/conda-forge/osx-arm64/sdl2-2.32.54-ha1acc90_0.conda#71364ba4c5f333860c4431cb46cb9b6c
https://conda.anaconda.org/conda-forge/osx-arm64/cairo-1.18.4-h6a3b0d2_0.conda#38f6df8bc8c668417b904369a01ba2e2
https://conda.anaconda.org/conda-forge/osx-arm64/numpy-2.2.5-py313h41a2e72_0.conda#40517bbc5a052593ba752750550819a4
https://conda.anaconda.org/conda-forge/noarch/traitsui-8.0.0-pyhd8ed1ab_1.conda#8ffcc5f6abbc06bacc0e03a90f793d26
https://conda.anaconda.org/conda-forge/noarch/wslink-2.3.3-pyhd8ed1ab_0.conda#56a61f85bb39bb89e9dd332f09be0763
https://conda.anaconda.org/conda-forge/noarch/apptools-5.3.0-pyhd8ed1ab_0.conda#f5352d178abf02eeac569f492658a891
https://conda.anaconda.org/conda-forge/osx-arm64/contourpy-1.3.2-py313h0ebd0e5_0.conda#e8839c4b3d19a8137e2ab480765e874b
https://conda.anaconda.org/conda-forge/osx-arm64/harfbuzz-11.1.0-hab40de2_0.conda#7a3187cd76ed14507654286bd6021e8a
https://conda.anaconda.org/conda-forge/osx-arm64/scipy-1.15.2-py313h9a24e0a_0.conda#45e6244d4265a576a299c0a1d8b09ad9
https://conda.anaconda.org/conda-forge/noarch/envisage-7.0.4-pyhd8ed1ab_0.conda#58f6248f3b0e1be611825ab379864281
https://conda.anaconda.org/conda-forge/osx-arm64/libass-0.17.3-h68e5b86_2.conda#47db4495c24bd2d2da1af0ab11351892
https://conda.anaconda.org/conda-forge/osx-arm64/matplotlib-base-3.10.1-py313haaf02c0_0.conda#e49b9e81d6d840d16910d2a08dd884bc
https://conda.anaconda.org/conda-forge/osx-arm64/pango-1.56.3-h5fd7515_1.conda#2e5cef90f7d355790fa96f2459ee648f
https://conda.anaconda.org/conda-forge/osx-arm64/qt6-main-6.8.3-hca13b62_2.conda#1b709aa60072a000d4c5af54a079d89e
https://conda.anaconda.org/conda-forge/osx-arm64/librsvg-2.58.4-h266df6f_3.conda#95d6ad8fb7a2542679c08ce52fafbb6c
https://conda.anaconda.org/conda-forge/osx-arm64/pyside6-6.8.3-py313h6ec932b_0.conda#cd20f5741df43601e15af248f04e92a0
https://conda.anaconda.org/conda-forge/osx-arm64/vtk-base-9.3.1-qt_py313hb5b88ee_216.conda#78363cf382638b84c5c1183e2abe31cf
https://conda.anaconda.org/conda-forge/osx-arm64/ffmpeg-7.1.1-gpl_h583251a_104.conda#b88dcd50a4973371aa0e522a284ccb96
https://conda.anaconda.org/conda-forge/osx-arm64/vtk-io-ffmpeg-9.3.1-qt_py313he4b582b_216.conda#cc960cc6d7774adaa2ed842c530467cc
https://conda.anaconda.org/conda-forge/osx-arm64/vtk-9.3.1-qt_py313he4b582b_216.conda#d2d0eb19d40ce833ec86aebed7beeab1
https://conda.anaconda.org/conda-forge/osx-arm64/mayavi-4.8.2-pyside6_py313hec8335a_209.conda#86993da2ce0cd655d6a12d0f9f365f12
https://conda.anaconda.org/conda-forge/osx-arm64/occt-7.8.1-all_h869bdd7_203.conda#6c192205820d2919496c0e83dc52a7c2
https://conda.anaconda.org/conda-forge/osx-arm64/gmsh-4.13.1-h88a6c1f_1.conda#ab45ee45d12f7e79843099764f55f941
# pip steppyngstounes @ git+https://github.com/usnistgov/steppyngstounes@78af46189f9f58a92047a6803db9ea86bb614095
