# Generated by conda-lock.
# platform: win-64
# input_hash: 6c97b3f84692d6e1bdebe3e72f8afe17101daea69a931f7f23beee8f9a99d04f
@EXPLICIT
https://conda.anaconda.org/conda-forge/win-64/eigen-5.0.1-h5112557_3.conda#655faee6689159bd9f0dbecdec357e75
https://conda.anaconda.org/conda-forge/noarch/font-ttf-dejavu-sans-mono-2.37-hab24e00_0.tar.bz2#0c96522c6bdaed4b1566d11387caaf45
https://conda.anaconda.org/conda-forge/noarch/font-ttf-inconsolata-3.000-h77eed37_0.tar.bz2#34893075a5c9e55cdafac56607368fc6
https://conda.anaconda.org/conda-forge/noarch/font-ttf-source-code-pro-2.038-h77eed37_0.tar.bz2#4d59c254e01d9cde7957100457e2d5fb
https://conda.anaconda.org/conda-forge/noarch/font-ttf-ubuntu-0.83-h77eed37_3.conda#49023d73832ef61042f6a237cb2687e7
https://conda.anaconda.org/conda-forge/win-64/libboost-headers-1.88.0-h57928b3_7.conda#e7fb10a0c6fa8639eaa61ee453dfe90f
https://conda.anaconda.org/conda-forge/win-64/nlohmann_json-3.12.0-h5112557_2.conda#faf4e3f7981777629dd7cbef578834ad
https://conda.anaconda.org/conda-forge/noarch/python_abi-3.14-9_cp314.conda#350d89b50d7de805abf2e63e29dee451
https://conda.anaconda.org/conda-forge/noarch/tzdata-2026c-h151e31d_0.conda#fcb489df604d100968b737f2cb6076c6
https://conda.anaconda.org/conda-forge/win-64/ucrt-10.0.26100.0-h57928b3_0.conda#71b24316859acd00bdb8b38f5e2ce328
https://conda.anaconda.org/conda-forge/win-64/utfcpp-4.09-h57928b3_0.conda#6930bd6bf8290dbf83b2fecf42931971
https://conda.anaconda.org/conda-forge/noarch/ca-certificates-2026.7.22-h4c7d964_0.conda#e27d2ac27b096dc51fedfcf775a53f9b
https://conda.anaconda.org/conda-forge/noarch/fonts-conda-forge-1-hc364b38_1.conda#a7970cd949a077b7cb9696379d338681
https://conda.anaconda.org/conda-forge/win-64/libwinpthread-12.0.0.r4.gg4f2fc60ca-h57928b3_10.conda#8a86073cf3b343b87d03f41790d8b4e5
https://conda.anaconda.org/conda-forge/win-64/vcomp14-14.51.36247-habf1de7_41.conda#350bb67a5c8e5f1c53347ac544ab6600
https://conda.anaconda.org/conda-forge/noarch/fonts-conda-ecosystem-1-0.tar.bz2#fee5683a3f04bd15cbd8318b096a27ab
https://conda.anaconda.org/conda-forge/win-64/libgomp-16.2.0-h8ee18e1_7.conda#1725e0c19dd2f01de09805536c4f3b51
https://conda.anaconda.org/conda-forge/win-64/vc14_runtime-14.51.36247-habf1de7_41.conda#ac5333bb3d429361f23adf704cc49a78
https://conda.anaconda.org/conda-forge/win-64/_openmp_mutex-4.5-20_gnu.conda#1626967b574d1784b578b52eaeb071e7
https://conda.anaconda.org/conda-forge/win-64/vc-14.5-ha367084_41.conda#aa805b5522c2a98fa286e551a1f48546
https://conda.anaconda.org/conda-forge/win-64/ann-1.1.3-hac47afa_1.conda#220640eeb431c72086478a8b60556a0e
https://conda.anaconda.org/conda-forge/win-64/aom-3.14.1-pl5321h06fc181_2.conda#7cdc091e676d2d1854b26a751f013c62
https://conda.anaconda.org/conda-forge/win-64/bzip2-1.0.8-h0ad9c76_10.conda#c3301c058362f340100d91cd8be0393f
https://conda.anaconda.org/conda-forge/win-64/cli11-2.7.2-h5112557_1.conda#b388dd00538dea7c09273c1cd1549d33
https://conda.anaconda.org/conda-forge/win-64/double-conversion-3.4.0-hac47afa_0.conda#3d3caf4ccc6415023640af4b1b33060a
https://conda.anaconda.org/conda-forge/win-64/fmt-12.1.0-h1ced75a_1.conda#ca8fa0e01ed34bb161f4e8e86dfda22e
https://conda.anaconda.org/conda-forge/win-64/freeglut-3.2.2-hac47afa_4.conda#dd76cafa8f23c9aaee93aa7e745fdba4
https://conda.anaconda.org/conda-forge/win-64/fribidi-1.0.17-hfd05255_0.conda#fbe8e77a49028820f94cf619890c2365
https://conda.anaconda.org/conda-forge/win-64/glew-2.2.0-hcc5dbe9_0.conda#aa2718b4135598789862051086c223ea
https://conda.anaconda.org/conda-forge/win-64/graphite2-1.3.15-h5112557_1.conda#79538e7a7bc024084eda5989f73fde35
https://conda.anaconda.org/conda-forge/win-64/icu-78.3-h5112557_2.conda#e596942e8ee6ee17fdcf1e6a77757a66
https://conda.anaconda.org/conda-forge/win-64/jsoncpp-1.9.6-hda1637e_1.conda#623fa3cfe037326999434d50c9362e90
https://conda.anaconda.org/conda-forge/win-64/jxrlib-1.1-hcfcfb64_3.conda#a9dff8432c11dfa980346e934c29ca3f
https://conda.anaconda.org/conda-forge/win-64/lerc-4.2.0-hd936e49_0.conda#add59e2b60ac9d4299d17c938185c75a
https://conda.anaconda.org/conda-forge/win-64/libaec-1.1.5-haf901d7_0.conda#43b6385cfad52a7083f2c41984eb4e91
https://conda.anaconda.org/conda-forge/win-64/libbrotlicommon-1.2.0-hf02afa3_4.conda#35d7e4a581c8364e8c675f6b95d183d0
https://conda.anaconda.org/conda-forge/win-64/libdav1d7-1.5.4-h6a83c73_4.conda#5e831277198fa7b769d4ffea1082a15d
https://conda.anaconda.org/conda-forge/win-64/libdeflate-1.25-h1a1d4e4_1.conda#e4e122e124676a49eebf241399ad8393
https://conda.anaconda.org/conda-forge/win-64/libexpat-2.8.5-hac47afa_0.conda#4969128c45f9e71adbb6a1696679ce7f
https://conda.anaconda.org/conda-forge/win-64/libffi-3.7.0-h3d046cb_1.conda#ceb38b0ba900847d8da4289c3c8e5708
https://conda.anaconda.org/conda-forge/win-64/libgcc-16.2.0-h110b43a_7.conda#bd1e0d06981ae43e35c1ebb50e268c59
https://conda.anaconda.org/conda-forge/win-64/libhwy-1.4.0-h2419aca_2.conda#b0d36103583d2ed7b29aeb6344014c8b
https://conda.anaconda.org/conda-forge/win-64/libiconv-1.18-hc1393d2_3.conda#a8a2abdf0f901bc4779d9b7be0845921
https://conda.anaconda.org/conda-forge/win-64/libjpeg-turbo-3.2.0-hfd05255_1.conda#fc2c23bacefd1e733f1e1d6cd3b2aaeb
https://conda.anaconda.org/conda-forge/win-64/liblzma-5.8.3-hfd05255_1.conda#880a0c8549479b198af21ba5dc49b109
https://conda.anaconda.org/conda-forge/win-64/libmpdec-4.0.0-hfd05255_2.conda#5ae92fd6614edd024576e14069d7ad4c
https://conda.anaconda.org/conda-forge/win-64/libogg-1.3.5-h2466b09_1.conda#b67ed8c9ca072695ff482e50d888a523
https://conda.anaconda.org/conda-forge/win-64/libopus-1.6.1-h6a83c73_1.conda#4879aae1cb275721f9f9429db296b250
https://conda.anaconda.org/conda-forge/win-64/libpython-3.14.8-h4f90d01_101_cp314.conda#98114d6c6784f306f4929189f50520a9
https://conda.anaconda.org/conda-forge/win-64/libsqlite-3.53.4-hf5d6505_103.conda#97b2e506228f785f01a0e6c80b57103a
https://conda.anaconda.org/conda-forge/win-64/libusb-1.0.30-h6a83c73_0.conda#0c9d9cb29203b5f409c3aab12ec975b5
https://conda.anaconda.org/conda-forge/win-64/libvulkan-loader-1.4.357.0-h477610d_2.conda#aaeed7feddbfd7454f8853a5eae8d902
https://conda.anaconda.org/conda-forge/win-64/libwebp-base-1.6.0-h4d5522a_1.conda#35a9475e4cc999d52921f57c181979fc
https://conda.anaconda.org/conda-forge/win-64/libzlib-1.3.2-hfd05255_3.conda#5d2ff29d465097458cc3ff6569151991
https://conda.anaconda.org/conda-forge/win-64/llvm-openmp-23.1.3-h49e36cd_0.conda#2ff005dfc3e4738c7aa1691f3a99816e
https://conda.anaconda.org/conda-forge/win-64/lz4-c-1.10.0-h6a83c73_2.conda#3e0691cb20fcaf922df78ccea08b771a
https://conda.anaconda.org/conda-forge/win-64/metis-5.1.0-h91a0a1d_1008.conda#be135a7f1dc7a78f79a432484b4ebc79
https://conda.anaconda.org/conda-forge/win-64/mpg123-1.33.7-ha58212f_1.conda#2f3657f970f5f696af4b3d7c3ec147e3
https://conda.anaconda.org/conda-forge/win-64/openh264-2.6.0-h1eab103_2.conda#2aba509ce4f4954e3b9967647be4c2ed
https://conda.anaconda.org/conda-forge/win-64/openssl-3.6.5-hf411b9b_0.conda#f002ec2237836867bfd3d1299a6005da
https://conda.anaconda.org/conda-forge/win-64/pixman-0.46.4-h5112557_3.conda#27c5be39d9e4d25fe85b89a069360d1e
https://conda.anaconda.org/conda-forge/win-64/pugixml-1.15-h372dad0_0.conda#cadea4c6edb512e979edbf793bf979ac
https://conda.anaconda.org/conda-forge/win-64/qhull-2020.2-hc790b64_5.conda#854fbdff64b572b5c0b470f334d34c11
https://conda.anaconda.org/conda-forge/win-64/rapidjson-1.1.0.post20250205-h5112557_0.conda#d34eccfd94486e47a0ffcd667a9082da
https://conda.anaconda.org/conda-forge/win-64/snappy-1.2.2-h7fa0ca8_2.conda#b67026a6e25ef36a66c21c19754765cb
https://conda.anaconda.org/conda-forge/win-64/spirv-tools-2026.4-h49e36cd_0.conda#03c70e4450c3f5e56dc30270d3dacbc5
https://conda.anaconda.org/conda-forge/win-64/svt-av1-4.2.0-hac47afa_1.conda#3f642f6ef57c8b99b7337f85a2e874c0
https://conda.anaconda.org/conda-forge/win-64/tinyxml2-11.0.0-h5112557_1.conda#ca4db58a2d84895956bba15dfb02e92c
https://conda.anaconda.org/conda-forge/win-64/tk-8.6.13-h967ab96_4.conda#dd9eb33c99d352b6356f86964d6040f7
https://conda.anaconda.org/conda-forge/win-64/x264-1!164.3095-hfd05255_3.conda#4871b189ce6e4d5ea1ef26dc6ab6a0ad
https://conda.anaconda.org/conda-forge/win-64/x265-3.5-h3ee6617_4.conda#4c268479e0b22b8939a779aeb8c08536
https://conda.anaconda.org/conda-forge/win-64/zfp-1.0.1-h2f0f97f_6.conda#5f9fb5a09092f07e87a1f4b135f1888a
https://conda.anaconda.org/conda-forge/win-64/zlib-ng-2.3.3-h0261ad2_1.conda#46a21c0a4e65f1a135251fc7c8663f83
https://conda.anaconda.org/conda-forge/win-64/expat-2.8.5-hac47afa_0.conda#95898e5845636384217f88092c0e8332
https://conda.anaconda.org/conda-forge/win-64/glslang-16.6.0-h8fa7867_0.conda#ed55c0145873694800fb43519de0faea
https://conda.anaconda.org/conda-forge/win-64/hdf4-4.2.15-h5557f11_7.conda#84344a916a73727c1326841007b52ca8
https://conda.anaconda.org/conda-forge/win-64/imath-3.2.3-h1608b31_1.conda#cfc198a297bc782c876f9843b131e353
https://conda.anaconda.org/conda-forge/win-64/jasper-4.2.9-h1339676_2.conda#c2244fd6ef55eb8d10d5c47547a42cb4
https://conda.anaconda.org/conda-forge/win-64/krb5-1.22.2-h719d79b_2.conda#93f5a01dec294a2228f757fe2f3432d4
https://conda.anaconda.org/conda-forge/win-64/lame-4.0-h0c5f640_1.conda#f2520f0d4797754e640bc20bbcfdea6d
https://conda.anaconda.org/conda-forge/win-64/libbrotlidec-1.2.0-h84f9c24_4.conda#1b4637ca71b21c0d31ab28c3c0b34c8e
https://conda.anaconda.org/conda-forge/win-64/libbrotlienc-1.2.0-he2a975b_4.conda#562b5e39b7797423e7fd04bae1c6ad70
https://conda.anaconda.org/conda-forge/win-64/libdav1d-1.5.4-h11686cb_4.conda#7d912fa4bfd4a322a999ae6a99b8061b
https://conda.anaconda.org/conda-forge/win-64/libintl-0.22.5-h5728263_4.conda#36d6e0045173974521fabd42bd5033d6
https://conda.anaconda.org/conda-forge/win-64/liblzma-devel-5.8.3-hfd05255_1.conda#84e0e7df64202da959bc3c29c0e69ff5
https://conda.anaconda.org/conda-forge/win-64/libpng-1.6.59-hdc8cecf_0.conda#05145e03eb7b7f4ad2e0575454061c87
https://conda.anaconda.org/conda-forge/win-64/libpsl-0.23.1-h9b16d47_1.conda#39cdf8c4f59e4d253cfa8091c8b3d7de
https://conda.anaconda.org/conda-forge/win-64/libssh2-1.11.1-h734d217_1.conda#a21dd9ca39e74910bb96989feb916420
https://conda.anaconda.org/conda-forge/win-64/libtheora-1.1.1-hc70643c_1006.conda#90cdca71edde0b3e549e8cbb43308208
https://conda.anaconda.org/conda-forge/win-64/libvorbis-1.3.7-h5112557_2.conda#42a8a56c60882da5d451aa95b8455111
https://conda.anaconda.org/conda-forge/win-64/libxml2-16-2.15.4-h3cfd58e_0.conda#bab5489f4bd38494ffaa83d6ab924c1f
https://conda.anaconda.org/conda-forge/win-64/libzip-1.11.4-h0ac0a2c_0.conda#3bf969af15441a05766a5db6ff2f9672
https://conda.anaconda.org/conda-forge/win-64/pcre2-10.47-h8466c1e_1.conda#009af999dbe2d1db36a37187a4ca4eb4
https://conda.anaconda.org/conda-forge/win-64/pthread-stubs-0.4-hfa92662_1004.conda#fda2f9fedee1b85ba855ea26a9b6bbf8
https://conda.anaconda.org/conda-forge/win-64/sdl3-3.4.18-h5112557_0.conda#bf56300f7991d7acfb2d3eb4f22aed13
https://conda.anaconda.org/conda-forge/win-64/sqlite-3.53.4-hdb435a2_103.conda#f5e96e47661d46c11622283936906fcc
https://conda.anaconda.org/conda-forge/win-64/xorg-libxau-1.0.12-hfa92662_2.conda#68403004c805ce03b71a5889a4c47fa1
https://conda.anaconda.org/conda-forge/win-64/xorg-libxdmcp-1.1.5-hfa92662_2.conda#17274cf7d62e029e62653a3e6c80b379
https://conda.anaconda.org/conda-forge/win-64/zlib-1.3.2-hfd05255_3.conda#945092a9bc1d0f250f7d5ecf51ecd471
https://conda.anaconda.org/conda-forge/win-64/zstd-1.5.7-h534d264_7.conda#e4ac308c39d6d0e131154976da67cf3b
https://conda.anaconda.org/conda-forge/win-64/blosc-1.21.6-hfd34d9b_1.conda#357d7be4146d5fec543bfaa96a8a40de
https://conda.anaconda.org/conda-forge/win-64/brotli-bin-1.2.0-hd477307_4.conda#5353bd43aaade891fc9b614c5d537ce3
https://conda.anaconda.org/conda-forge/win-64/gl2ps-1.4.2-h26c196c_2.conda#e678d76c5cc0209bd1d967fef16f4b73
https://conda.anaconda.org/conda-forge/win-64/libboost-1.88.0-h9dfe17d_7.conda#e13bc25d81b0132a0c51eb5cc179b0e9
https://conda.anaconda.org/conda-forge/win-64/libcurl-8.22.0-hdb0ef4a_0.conda#e8405e754eaac42d66f957222fcfd876
https://conda.anaconda.org/conda-forge/win-64/libfreetype6-2.14.3-hdbac1cb_2.conda#8157483eb7ed3fcba71aad3b50a97131
https://conda.anaconda.org/conda-forge/win-64/libglib-2.90.1-ha564072_0.conda#927a4c5666511ef59ebcbb1bab303ee5
https://conda.anaconda.org/conda-forge/win-64/libintl-devel-0.22.5-h5728263_4.conda#221ab9cd4a37b69000ada916ce209355
https://conda.anaconda.org/conda-forge/win-64/libjxl-0.12.0-h932607e_4.conda#520959ad99ede7dcfad5031ace8a2a92
https://conda.anaconda.org/conda-forge/win-64/libtiff-4.7.2-h8f73337_1.conda#970dbe48f843e7fbd179a9b6c22f865a
https://conda.anaconda.org/conda-forge/win-64/libxcb-1.17.0-h874e120_2.conda#3658b0201b32da9607ea5e3c1c463c1f
https://conda.anaconda.org/conda-forge/win-64/libxml2-2.15.4-he095d88_0.conda#3ce54d0f8f24dfab99d82414411640aa
https://conda.anaconda.org/conda-forge/win-64/python-3.14.8-h53f6dd8_101_cp314.conda#e10e1e2dc571bc18b72d7b231d448cb5
https://conda.anaconda.org/conda-forge/win-64/sdl2-2.32.56-h5112557_0.conda#4cffbfebb6614a1bff3fc666527c25c7
https://conda.anaconda.org/conda-forge/win-64/shaderc-2026.3-hef10606_1.conda#77b5859a320e729a0fc0a7cec91161b1
https://conda.anaconda.org/conda-forge/noarch/aiohappyeyeballs-2.7.1-pyhd8ed1ab_0.conda#e51e09bf3b91c62b7461a9f94e92c2c9
https://conda.anaconda.org/conda-forge/noarch/attrs-26.1.0-pyhcf101f3_0.conda#c6b0543676ecb1fb2d7643941fe375f2
https://conda.anaconda.org/conda-forge/win-64/brotli-1.2.0-hc8c2fe1_4.conda#bdbb2939efe8af10e7c5885367395710
https://conda.anaconda.org/conda-forge/noarch/colorama-0.4.6-pyhd8ed1ab_1.conda#962b9857ee8e7018c22f2776ffa0b2d7
https://conda.anaconda.org/conda-forge/noarch/cycler-0.12.1-pyhcf101f3_2.conda#4c2a8fef270f6c69591889b93f9f55c1
https://conda.anaconda.org/conda-forge/noarch/frozenlist-1.8.0-pyhf298e5d_0.conda#7a2d9f4d9f57da47251b2050b149bdf8
https://conda.anaconda.org/conda-forge/win-64/gdk-pixbuf-2.44.8-h1f5b9c4_2.conda#64ff5f942e6ac65da98fcecfad087e0d
https://conda.anaconda.org/conda-forge/win-64/glib-tools-2.90.1-h026f061_0.conda#6e0dc01bec25f64d78ae0e28a3976d50
https://conda.anaconda.org/conda-forge/win-64/hdf5-1.14.6-nompi_hae35d4c_110.conda#4c94504a694781771108b07bf4a9370f
https://conda.anaconda.org/conda-forge/noarch/idna-3.20-pyh5ded981_0.conda#ee73be987f9de9ea5c2fdaeefa7b6491
https://conda.anaconda.org/conda-forge/win-64/kiwisolver-1.5.1-py314hf309875_3.conda#f0ad673b8719b84f47185e68ace46475
https://conda.anaconda.org/conda-forge/win-64/lcms2-2.19.1-hf2c6c5f_3.conda#a817b8a8f09864652c8700bd1893fe81
https://conda.anaconda.org/conda-forge/win-64/libboost-devel-1.88.0-h1c1089f_7.conda#1706ad0abc99f425edac178d4bd91f8d
https://conda.anaconda.org/conda-forge/win-64/libclang13-23.1.2-default_hacd6ee9_0.conda#3416ec01c117474e28114e4b3c31c7ed
https://conda.anaconda.org/conda-forge/win-64/libfreetype-2.14.3-h57928b3_2.conda#740f99c3c91079c03874b809fedace1b
https://conda.anaconda.org/conda-forge/win-64/libhwloc-2.15.0-default_hae90fe0_1001.conda#b679b0f76b152d40294fa4e43cabfd4a
https://conda.anaconda.org/conda-forge/win-64/msgpack-python-1.2.3-py314hf309875_0.conda#5b5964104dc13d45e8fcb0f7b00cf57d
https://conda.anaconda.org/conda-forge/noarch/munkres-1.1.4-pyhd8ed1ab_1.conda#37293a85a0f4f77bbd9cf7aaefc62609
https://conda.anaconda.org/conda-forge/win-64/openjpeg-2.5.4-h90fa87c_2.conda#d9b2cb1079cf59651722c09aa3a9f840
https://conda.anaconda.org/conda-forge/win-64/openjph-0.32.0-hf13a347_1.conda#05f375b82a09296384211b660a799cd0
https://conda.anaconda.org/conda-forge/noarch/packaging-26.3-pyhc364b38_0.conda#936687ed80f295a1f5dbcf8bd34c252c
https://conda.anaconda.org/conda-forge/noarch/pip-26.2.1-pyh145f28c_0.conda#573cb3ed111004230ed3de650653cd4d
https://conda.anaconda.org/conda-forge/noarch/ply-3.11-pyhd8ed1ab_3.conda#fd5062942bfa1b0bd5e0d2a4397b099e
https://conda.anaconda.org/conda-forge/win-64/proj-9.7.1-hd30e2cd_3.conda#f2b0478a02d35bac5b872d4d63b96be3
https://conda.anaconda.org/conda-forge/win-64/propcache-0.5.4-py314h2359020_0.conda#08967355b8003ec31a7c47d478f4f1d3
https://conda.anaconda.org/conda-forge/noarch/puremagic-2.2.0-pyhc364b38_0.conda#10f955ce15ee3df1410461cfe271506c
https://conda.anaconda.org/conda-forge/noarch/pygments-2.21.0-pyhcf101f3_0.conda#2882dee445dfa45b0c5afce3ffb7730a
https://conda.anaconda.org/conda-forge/noarch/pyparsing-3.3.3-pyh5ded981_0.conda#8bf43ae1312e9b966063459e04c20fa7
https://conda.anaconda.org/conda-forge/noarch/setuptools-84.0.0-pyh332efcf_0.conda#62ac906f1cd582c6c264c95625cb9d6f
https://conda.anaconda.org/conda-forge/noarch/six-1.17.0-pyhe01879c_1.conda#3339e3b65d58accf4ca4fb8748ab16b3
https://conda.anaconda.org/conda-forge/noarch/toml-0.10.2-pyhcf101f3_3.conda#d0fc809fa4c4d85e959ce4ab6e1de800
https://conda.anaconda.org/conda-forge/noarch/tomli-2.5.0-pyh5ded981_0.conda#36d6a162326c52d6339c8b606f43932d
https://conda.anaconda.org/conda-forge/win-64/traits-7.2.0-py314h5a2d7ad_1.conda#b431f3bb5443568b39f92dc51a130fdc
https://conda.anaconda.org/conda-forge/noarch/typing_extensions-4.16.0-pyhcf101f3_0.conda#c70ad746c22219b9700931707482992c
https://conda.anaconda.org/conda-forge/noarch/win32_setctime-1.2.0-pyhd8ed1ab_0.conda#e79f83003ee3dba79bf795fcd1bfcc89
https://conda.anaconda.org/conda-forge/win-64/xorg-libx11-1.8.13-hfa52320_1.conda#369df5999d1a5baf57b53fd892aafc7e
https://conda.anaconda.org/conda-forge/noarch/zipp-4.1.1-pyh5ded981_0.conda#6cad4d2cec9b7b64538c225ac91d2e8a
https://conda.anaconda.org/conda-forge/noarch/aiosignal-1.4.0-pyhd8ed1ab_0.conda#421a865222cd0c9d83ff08bc78bf3a61
https://conda.anaconda.org/conda-forge/noarch/configobj-5.0.9-pyhd8ed1ab_1.conda#5e1999cd1872c9d7f7d56bf3bf1141fa
https://conda.anaconda.org/conda-forge/win-64/fontconfig-2.18.3-hd47e2ca_1.conda#ed95670fed91b091fe34ba6cae6677d7
https://conda.anaconda.org/conda-forge/win-64/fonttools-4.66.1-py314h2359020_0.conda#4eb317c36e7165000d3427d4e94928cd
https://conda.anaconda.org/conda-forge/win-64/freetype-2.14.3-h57928b3_2.conda#6fc6c09c05a099d58efd9b2e96598e41
https://conda.anaconda.org/conda-forge/win-64/glib-2.90.1-h6e26cc4_0.conda#7c15230f51e46cafc6319f79183e715e
https://conda.anaconda.org/conda-forge/noarch/importlib-metadata-9.0.1-pyhcf101f3_0.conda#77ec68e0aa61c3fff9ecbf840f93d64e
https://conda.anaconda.org/conda-forge/noarch/importlib_resources-7.1.0-pyhd8ed1ab_0.conda#0ba6225c279baf7ea9473a62ea0ec9ae
https://conda.anaconda.org/conda-forge/win-64/libmed-4.2-nompi_h11d79dc_29.conda#3b5f5ceb3993bdb7e00c96c7750cdd1c
https://conda.anaconda.org/conda-forge/win-64/libnetcdf-4.9.3-nompi_h3948bcf_104.conda#3747feaeeb94d1f7654bd10596360d21
https://conda.anaconda.org/conda-forge/win-64/libraw-0.22.2-h345c428_0.conda#901729097d423c69247ba6bed85be4e4
https://conda.anaconda.org/conda-forge/noarch/loguru-0.7.3-pyh7428d3b_0.conda#a6c25c54d8d524735db2e5785aec0a4e
https://conda.anaconda.org/conda-forge/win-64/openexr-3.5.2-h23de9c7_1.conda#8f8e0e863d3aba509f13547ca015de03
https://conda.anaconda.org/conda-forge/win-64/pillow-12.3.0-py314h6acc0e1_4.conda#af66d9a6146d2bfb62fb308c693ffd8a
https://conda.anaconda.org/conda-forge/noarch/python-dateutil-2.9.0.post0-pyhe01879c_2.conda#5b8d21249ff20967101ffa321cab24e8
https://conda.anaconda.org/conda-forge/win-64/sip-6.10.0-py314h13fbf68_1.conda#616ff579825fcd5782ec14e762291fba
https://conda.anaconda.org/conda-forge/win-64/tbb-2023.1.0-h272cf33_2.conda#83371bd3f796b3c2d3f0436692d3ea73
https://conda.anaconda.org/conda-forge/noarch/typing-extensions-4.16.0-h69aa097_0.conda#c680b5747e8c4c8f23dca0bb7042a8fc
https://conda.anaconda.org/conda-forge/win-64/viskores-1.1.0-h509acf7_0.conda#e58f3f51196ff6364d892ba67b458bf2
https://conda.anaconda.org/conda-forge/win-64/xorg-libice-1.1.2-hd74fcf3_0.conda#a1629a20e5b128c4512b80a93bb1ae55
https://conda.anaconda.org/conda-forge/win-64/xorg-libxext-1.3.7-hfa92662_1.conda#ff2351642e25ff00ae484a6b533c0c9e
https://conda.anaconda.org/conda-forge/win-64/xorg-libxfixes-6.0.2-hfa92662_1.conda#081b0446820e2a633305d47110c7119e
https://conda.anaconda.org/conda-forge/win-64/xorg-libxrender-0.9.12-hba3369d_1.conda#2787e31566b7c5dbc0edd366ec2053e0
https://conda.anaconda.org/conda-forge/win-64/cairo-1.18.6-h477c42c_0.conda#f87fcbccd5ad4cbbf0c4b1c030f9cfc2
https://conda.anaconda.org/conda-forge/win-64/freeimage-3.18.0-h17567e8_27.conda#7c650aa97ceac4f4e77577236a70d7f0
https://conda.anaconda.org/conda-forge/win-64/gstreamer-1.26.11-hae9036a_0.conda#8b55f5b5964749e457d28ddffbd15e14
https://conda.anaconda.org/conda-forge/win-64/mkl-2026.1.0-hac47afa_235.conda#ace316c48c178d7faa403dee51e30c7b
https://conda.anaconda.org/conda-forge/noarch/multidict-6.7.1-pyh62beb40_0.conda#ad92dba7ca0af0e3dca083a0fa6a3423
https://conda.anaconda.org/conda-forge/noarch/pyface-8.0.0-pyhd8ed1ab_2.conda#0ad1fa47cd5ac6eb255acc0989f51958
https://conda.anaconda.org/conda-forge/win-64/pyqt5-sip-12.17.0-py314h13fbf68_2.conda#6cfb7d77c383c498eb2fef0aaac5ad45
https://conda.anaconda.org/conda-forge/win-64/tbb-devel-2023.1.0-hdd624b6_2.conda#2e54cf695b67d393a7a224053dcee44a
https://conda.anaconda.org/conda-forge/win-64/xorg-libsm-1.2.6-hd74fcf3_1.conda#edb94e6121d977d7bc2cc0f56d656c14
https://conda.anaconda.org/conda-forge/win-64/fltk-1.3.10-h5d05227_0.conda#abdaba6a9553a589bdf244b023c978a1
https://conda.anaconda.org/conda-forge/win-64/libblas-3.11.0-11_h8455456_mkl.conda#a63c8b08343d276a552c395f495987fa
https://conda.anaconda.org/conda-forge/win-64/libharfbuzz-14.6.0-h03b5201_1.conda#4572ed18126f19f703bbc6b8d7cd8b72
https://conda.anaconda.org/conda-forge/win-64/occt-8.0.1-novtk_h6bfc850_101.conda#f9bf9fb618f6914b1af782773e3b2b75
https://conda.anaconda.org/conda-forge/noarch/traitsui-8.0.0-pyhd8ed1ab_1.conda#8ffcc5f6abbc06bacc0e03a90f793d26
https://conda.anaconda.org/conda-forge/win-64/yarl-1.25.1-py314h2359020_0.conda#290d510c95fefbeb01c0daccd891e673
https://conda.anaconda.org/conda-forge/win-64/aiohttp-3.14.4-py314h9aa99d3_0.conda#8a3239abaef63d3db93a1c88bcb7513f
https://conda.anaconda.org/conda-forge/noarch/apptools-5.3.1-pyhe01879c_1.conda#3e000537d5c2e24700859396cbcca642
https://conda.anaconda.org/conda-forge/win-64/libcblas-3.11.0-11_h2a3cdd5_mkl.conda#c9f8a732af97d55997f9ac6d0c02e3f2
https://conda.anaconda.org/conda-forge/win-64/libharfbuzz-devel-14.6.0-h03b5201_1.conda#f15df22789a103ed229161b562bd6cb4
https://conda.anaconda.org/conda-forge/win-64/liblapack-3.11.0-11_hf9ab0e9_mkl.conda#79bdf20fd2666b8a3485a6021c935b3a
https://conda.anaconda.org/conda-forge/win-64/libraqm-0.11.0-h50d6d30_0.conda#df92be5685f712989830bdb7ee39383a
https://conda.anaconda.org/conda-forge/win-64/pango-1.58.2-h13911b6_1.conda#7953b4cc0a7a47a0d91fa2e664269a0c
https://conda.anaconda.org/conda-forge/noarch/envisage-8.0.1-pyhcf101f3_0.conda#9922f07cb0167d3209f5b960594147c7
https://conda.anaconda.org/conda-forge/win-64/gmsh-4.15.2-h3e33b46_llvm_11.conda#68c942351accff82be19f16144d4bc3a
https://conda.anaconda.org/conda-forge/win-64/gst-plugins-base-1.26.11-h88486b4_0.conda#5c22a369b4efc69768bdc311c2114778
https://conda.anaconda.org/conda-forge/win-64/harfbuzz-14.6.0-h57928b3_1.conda#88b80f45f8fd0c4ce8131ef111476cd6
https://conda.anaconda.org/conda-forge/win-64/librsvg-2.62.4-h5506a08_0.conda#09293e6bfb0dcdc907a7cc9aa5e75adf
https://conda.anaconda.org/conda-forge/win-64/numpy-2.5.3-py314h02f10f6_0.conda#806daade32d05870efd4d63931c12c9d
https://conda.anaconda.org/conda-forge/noarch/wslink-2.5.7-pyhd8ed1ab_0.conda#410dee7cbee308f33b01645f16f11efc
https://conda.anaconda.org/conda-forge/win-64/contourpy-1.4.0-py314hf309875_1.conda#22f3c77114bf9fcc53152996278943bc
https://conda.anaconda.org/conda-forge/win-64/ffmpeg-8.1.2-gpl_h928aae7_910.conda#8a96a852ac0a3e3f37bf5ad09d8dc7f6
https://conda.anaconda.org/conda-forge/win-64/qt-main-5.15.15-hc95f6a6_8.conda#cc54806e21c9fb479ce6dd5f8e2e96fc
https://conda.anaconda.org/conda-forge/win-64/qt6-main-6.10.2-pl5321hfcac499_6.conda#d5a2b237ad30f01d4f9474313c1ef1c4
https://conda.anaconda.org/conda-forge/win-64/scipy-1.18.1-py314h67d5eaa_1.conda#75ebc6f541ecf3f49a9e6b40d4ffa412
https://conda.anaconda.org/conda-forge/win-64/matplotlib-base-3.11.2-py314h2061cd4_1.conda#3d21c68f9b4df97f086a48c30625087f
https://conda.anaconda.org/conda-forge/win-64/pyamg-5.3.0-py314hbac2fa4_2.conda#9b6a53c03676ab101d54a3d7290c3d66
https://conda.anaconda.org/conda-forge/win-64/pyqt-5.15.11-py314h6044788_2.conda#9e98de0179da61e43bb35332e93d6182
https://conda.anaconda.org/conda-forge/noarch/steppyngstounes-0.1.1-pyhd8ed1ab_0.conda#e3c8c824fc1ee74a59f793dfddd4cb83
https://conda.anaconda.org/conda-forge/win-64/vtk-base-9.5.2-py314haa2b283_7.conda#4883e32705008bad047ec9b2bbc77a68
https://conda.anaconda.org/conda-forge/win-64/mayavi-4.9.0-pyqt_ha9cebb1_301.conda#0b4d3f5ffc57453eef802cb0c73b5f0d
https://conda.anaconda.org/conda-forge/win-64/vtk-9.5.2-py314h809959e_7.conda#73053982683db262a23cece4670d9d6a
