# Generated by conda-lock.
# platform: osx-64
# input_hash: 8842c8fc9ef7d6f711be1703edfd5d7e5681b77de3a8b2fe98c0a083ad52c72f
@EXPLICIT
https://conda.anaconda.org/conda-forge/osx-64/ca-certificates-2025.1.31-h8857fd0_0.conda#3418b6c8cac3e71c0bc089fc5ea53042
https://conda.anaconda.org/conda-forge/osx-64/dav1d-1.2.1-h0dc2134_0.conda#9d88733c715300a39f8ca2e936b7808d
https://conda.anaconda.org/conda-forge/noarch/font-ttf-dejavu-sans-mono-2.37-hab24e00_0.tar.bz2#0c96522c6bdaed4b1566d11387caaf45
https://conda.anaconda.org/conda-forge/noarch/font-ttf-inconsolata-3.000-h77eed37_0.tar.bz2#34893075a5c9e55cdafac56607368fc6
https://conda.anaconda.org/conda-forge/noarch/font-ttf-source-code-pro-2.038-h77eed37_0.tar.bz2#4d59c254e01d9cde7957100457e2d5fb
https://conda.anaconda.org/conda-forge/noarch/font-ttf-ubuntu-0.83-h77eed37_3.conda#49023d73832ef61042f6a237cb2687e7
https://conda.anaconda.org/conda-forge/osx-64/fribidi-1.0.10-hbcb3906_0.tar.bz2#f1c6b41e0f56998ecd9a3e210faa1dc0
https://conda.anaconda.org/conda-forge/osx-64/jxrlib-1.1-h10d778d_3.conda#cfaf81d843a80812fe16a68bdae60562
https://conda.anaconda.org/conda-forge/osx-64/lame-3.100-hb7f2c08_1003.tar.bz2#3342b33c9a0921b22b767ed68ee25861
https://conda.anaconda.org/conda-forge/osx-64/libev-4.33-h10d778d_2.conda#899db79329439820b7e8f8de41bca902
https://conda.anaconda.org/conda-forge/osx-64/libiconv-1.17-hd75f5a5_2.conda#6c3628d047e151efba7cf08c5e54d1ca
https://conda.anaconda.org/conda-forge/osx-64/libjpeg-turbo-3.0.0-h0dc2134_1.conda#72507f8e3961bc968af17435060b6dd6
https://conda.anaconda.org/conda-forge/osx-64/libopus-1.3.1-hc929b4f_1.tar.bz2#380b9ea5f6a7a277e6c1ac27d034369b
https://conda.anaconda.org/conda-forge/osx-64/python_abi-3.13-5_cp313.conda#927a2186f1f997ac018d67c4eece90a6
https://conda.anaconda.org/conda-forge/noarch/tzdata-2025a-h78e105d_0.conda#dbcace4706afdfb7eb891f7b37d07c04
https://conda.anaconda.org/conda-forge/osx-64/utfcpp-4.0.6-h93fb1c9_0.conda#674132c65b17f287badb24a9cd807f96
https://conda.anaconda.org/conda-forge/osx-64/x264-1!164.3095-h775f41a_2.tar.bz2#23e9c3180e2c0f9449bb042914ec2200
https://conda.anaconda.org/conda-forge/osx-64/bzip2-1.0.8-hfdf4475_7.conda#7ed4301d437b59045be7e051a0308211
https://conda.anaconda.org/conda-forge/osx-64/c-ares-1.34.4-hf13058a_0.conda#133255af67aaf1e0c0468cc753fd800b
https://conda.anaconda.org/conda-forge/noarch/fonts-conda-forge-1-0.tar.bz2#f766549260d6815b0c52253f1fb1bb29
https://conda.anaconda.org/conda-forge/osx-64/icu-75.1-h120a0e1_0.conda#d68d48a3060eb5abdc1cdc8e2a3a5966
https://conda.anaconda.org/conda-forge/osx-64/libbrotlicommon-1.1.0-h00291cd_2.conda#58f2c4bdd56c46cc7451596e4ae68e0b
https://conda.anaconda.org/conda-forge/osx-64/libcxx-19.1.7-hf95d169_0.conda#4b8f8dc448d814169dbc58fc7286057d
https://conda.anaconda.org/conda-forge/osx-64/libdeflate-1.23-he65b83e_0.conda#120f8f7ba6a8defb59f4253447db4bb4
https://conda.anaconda.org/conda-forge/osx-64/libexpat-2.6.4-h240833e_0.conda#20307f4049a735a78a29073be1be2626
https://conda.anaconda.org/conda-forge/osx-64/libffi-3.4.6-h281671d_0.conda#b8667b0d0400b8dcb6844d8e06b2027d
https://conda.anaconda.org/conda-forge/osx-64/libintl-0.23.1-h27064b9_0.conda#4182fe11073548596723d9cd2c23b1ac
https://conda.anaconda.org/conda-forge/osx-64/liblzma-5.6.4-hd471939_0.conda#db9d7b0152613f097cdb61ccf9f70ef5
https://conda.anaconda.org/conda-forge/osx-64/libmpdec-4.0.0-hfdf4475_0.conda#ed625b2e59dff82859c23dd24774156b
https://conda.anaconda.org/conda-forge/osx-64/libntlm-1.8-h6e16a3a_0.conda#23d706dbe90b54059ad86ff826677f39
https://conda.anaconda.org/conda-forge/osx-64/libogg-1.3.5-hfdf4475_0.conda#7497372c91a31d3e8d64ce3f1a9632e8
https://conda.anaconda.org/conda-forge/osx-64/libwebp-base-1.5.0-h6cf52b4_0.conda#5e0cefc99a231ac46ba21e27ae44689f
https://conda.anaconda.org/conda-forge/osx-64/libzlib-1.3.1-hd23fc13_2.conda#003a54a4e32b02f7355b50a837e699da
https://conda.anaconda.org/conda-forge/osx-64/llvm-openmp-19.1.7-ha54dae1_0.conda#65d08c50518999e69f421838c1d5b91f
https://conda.anaconda.org/conda-forge/osx-64/ncurses-6.5-h0622a9a_3.conda#ced34dd9929f491ca6dab6a2927aff25
https://conda.anaconda.org/conda-forge/osx-64/openssl-3.4.1-hc426f3f_0.conda#a7d63f8e7ab23f71327ea6d27e2d5eae
https://conda.anaconda.org/conda-forge/osx-64/pthread-stubs-0.4-h00291cd_1002.conda#8bcf980d2c6b17094961198284b8e862
https://conda.anaconda.org/conda-forge/osx-64/xorg-libice-1.1.2-h6e16a3a_0.conda#d894608e2c18127545d67a096f1b4bab
https://conda.anaconda.org/conda-forge/osx-64/xorg-libxau-1.0.12-h6e16a3a_0.conda#4cf40e60b444d56512a64f39d12c20bd
https://conda.anaconda.org/conda-forge/osx-64/xorg-libxdmcp-1.1.5-h00291cd_0.conda#9f438e1b6f4e73fd9e6d78bfe7c36743
https://conda.anaconda.org/conda-forge/osx-64/aom-3.9.1-hf036a51_0.conda#3f17bc32cb7fcb2b4bf3d8d37f656eb8
https://conda.anaconda.org/conda-forge/osx-64/double-conversion-3.3.0-he965462_0.conda#a3de9d9550078b51db74fde63b1ccae6
https://conda.anaconda.org/conda-forge/noarch/fonts-conda-ecosystem-1-0.tar.bz2#fee5683a3f04bd15cbd8318b096a27ab
https://conda.anaconda.org/conda-forge/osx-64/glew-2.1.0-h046ec9c_2.tar.bz2#6b753c8c7e4c46a8eb17b6f1781f958a
https://conda.anaconda.org/conda-forge/osx-64/gmp-6.3.0-hf036a51_2.conda#427101d13f19c4974552a4e5b072eef1
https://conda.anaconda.org/conda-forge/osx-64/graphite2-1.3.13-h73e2aa4_1003.conda#fc7124f86e1d359fc5d878accd9e814c
https://conda.anaconda.org/conda-forge/osx-64/hdf4-4.2.15-h8138101_7.conda#7ce543bf38dbfae0de9af112ee178af2
https://conda.anaconda.org/conda-forge/osx-64/imath-3.1.12-h2016aa1_0.conda#326b3d68ab3f43396e7d7e0e9a496f73
https://conda.anaconda.org/conda-forge/osx-64/jsoncpp-1.9.6-h466cfd8_1.conda#fa2e871f2fd42bacbd7458929a8c7b81
https://conda.anaconda.org/conda-forge/osx-64/lerc-4.0.0-hb486fe8_0.tar.bz2#f9d6a4c82889d5ecedec1d90eb673c55
https://conda.anaconda.org/conda-forge/osx-64/libabseil-20240722.0-cxx17_h0e468a2_4.conda#03dd3d0563d01c2b82881734ee0eb334
https://conda.anaconda.org/conda-forge/osx-64/libaec-1.1.3-h73e2aa4_0.conda#66d3c1f6dd4636216b4fca7a748d50eb
https://conda.anaconda.org/conda-forge/osx-64/libbrotlidec-1.1.0-h00291cd_2.conda#34709a1f5df44e054c4a12ab536c5459
https://conda.anaconda.org/conda-forge/osx-64/libbrotlienc-1.1.0-h00291cd_2.conda#691f0dcb36f1ae67f5c489f20ae987ea
https://conda.anaconda.org/conda-forge/osx-64/libedit-3.1.20250104-pl5321ha958ccf_0.conda#1f4ed31220402fcddc083b4bff406868
https://conda.anaconda.org/conda-forge/osx-64/libgfortran5-13.2.0-h2873a65_3.conda#e4fb4d23ec2870ff3c40d10afe305aec
https://conda.anaconda.org/conda-forge/osx-64/libnghttp2-1.64.0-hc7306c3_0.conda#ab21007194b97beade22ceb7a3f6fee5
https://conda.anaconda.org/conda-forge/osx-64/libpng-1.6.46-h3c4a55f_0.conda#82ecce167bb9c069b12968b7b1bee609
https://conda.anaconda.org/conda-forge/osx-64/libsqlite-3.48.0-hdb6dae5_1.conda#6c4d367a4916ea169d614590bdf33b7c
https://conda.anaconda.org/conda-forge/osx-64/libssh2-1.11.1-h3dc7d44_0.conda#b1caec4561059e43a5d056684c5a2de0
https://conda.anaconda.org/conda-forge/osx-64/libvorbis-1.3.7-h046ec9c_0.tar.bz2#fbbda1fede0aadaa252f6919148c4ce1
https://conda.anaconda.org/conda-forge/osx-64/libvpx-1.14.1-hf036a51_0.conda#9b8744a702ffb1738191e094e6eb67dc
https://conda.anaconda.org/conda-forge/osx-64/libxcb-1.17.0-hf1f96e2_0.conda#bbeca862892e2898bdb45792a61c4afc
https://conda.anaconda.org/conda-forge/osx-64/libxml2-2.13.5-hebb159f_1.conda#23c629eba5239465a34bca0ed9c0b5d3
https://conda.anaconda.org/conda-forge/osx-64/libzip-1.11.2-h31df5bb_0.conda#3cf12c97a18312c9243a895580bf5be6
https://conda.anaconda.org/conda-forge/osx-64/lz4-c-1.10.0-h240833e_1.conda#d6b9bd7e356abd7e3a633d59b753495a
https://conda.anaconda.org/conda-forge/osx-64/mysql-common-9.0.1-h4d37847_4.conda#84d6e450a46b7c854f89874d32631430
https://conda.anaconda.org/conda-forge/osx-64/nlohmann_json-3.11.3-hf036a51_1.conda#00c3efa95b3a010ee85bc36aac6ab2f6
https://conda.anaconda.org/conda-forge/osx-64/openh264-2.5.0-hdfcf091_0.conda#402f09a0168dcebd162f5e8b0e89c997
https://conda.anaconda.org/conda-forge/osx-64/pcre2-10.44-h7634a1b_2.conda#58cde0663f487778bcd7a0c8daf50293
https://conda.anaconda.org/conda-forge/osx-64/pixman-0.44.2-h1fd1274_0.conda#9d3ed4c1a6e21051bf4ce53851acdc96
https://conda.anaconda.org/conda-forge/osx-64/pugixml-1.14-he965462_0.conda#92f9416f48c010bf04c34c9841c84b09
https://conda.anaconda.org/conda-forge/osx-64/qhull-2020.2-h3c5361c_5.conda#dd1ea9ff27c93db7c01a7b7656bd4ad4
https://conda.anaconda.org/conda-forge/osx-64/rapidjson-1.1.0.post20240409-hf036a51_1.conda#7b32c6b26b7c3a0d97ad484ab6f207c9
https://conda.anaconda.org/conda-forge/osx-64/readline-8.2-h9e318b2_1.conda#f17f77f2acf4d344734bda76829ce14e
https://conda.anaconda.org/conda-forge/osx-64/sdl2-2.30.10-hc0cb955_0.conda#95539595392feb35a10d38322e13a788
https://conda.anaconda.org/conda-forge/osx-64/snappy-1.2.1-haf3c120_1.conda#9d6ae6d5232233e1a01eb7db524078fb
https://conda.anaconda.org/conda-forge/osx-64/svt-av1-2.3.0-h97d8b74_0.conda#c54053b3d1752308a38a9a8c48ce10da
https://conda.anaconda.org/conda-forge/osx-64/tk-8.6.13-h1abcd95_1.conda#bf830ba5afc507c6232d4ef0fb1a882d
https://conda.anaconda.org/conda-forge/osx-64/x265-3.5-hbb4e6a2_3.tar.bz2#a3bf3e95b7795871a6734a784400fcea
https://conda.anaconda.org/conda-forge/osx-64/xorg-libsm-1.2.5-h6e16a3a_0.conda#6dc67b0210e089c21a67c7506811922c
https://conda.anaconda.org/conda-forge/osx-64/zlib-1.3.1-hd23fc13_2.conda#c989e0295dcbdc08106fe5d9e935f0b9
https://conda.anaconda.org/conda-forge/osx-64/zstd-1.5.6-h915ae27_0.conda#4cb2cd56f039b129bb0e491c1164167e
https://conda.anaconda.org/conda-forge/osx-64/blosc-1.21.6-hd145fbb_1.conda#717852102c68a082992ce13a53403f9d
https://conda.anaconda.org/conda-forge/osx-64/brotli-bin-1.1.0-h00291cd_2.conda#049933ecbf552479a12c7917f0a4ce59
https://conda.anaconda.org/conda-forge/osx-64/freetype-2.12.1-h60636b9_2.conda#25152fce119320c980e5470e64834b50
https://conda.anaconda.org/conda-forge/osx-64/gl2ps-1.4.2-hd82a5f3_1.conda#707318c6171d4d8b07b51e0de03c7595
https://conda.anaconda.org/conda-forge/osx-64/krb5-1.21.3-h37d8d59_0.conda#d4765c524b1d91567886bde656fb514b
https://conda.anaconda.org/conda-forge/osx-64/libgfortran-5.0.0-13_2_0_h97931a8_3.conda#0b6e23a012ee7a9a5f6b244f5a92c1d5
https://conda.anaconda.org/conda-forge/osx-64/libglib-2.82.2-h5c976ab_1.conda#05e05255a2e9c5e9c1b6322d84b4999b
https://conda.anaconda.org/conda-forge/osx-64/libhwloc-2.11.2-default_h4cdd727_1001.conda#52bbb10ac083c563d00df035c94f9a63
https://conda.anaconda.org/conda-forge/osx-64/libllvm18-18.1.8-hc29ff6c_3.conda#a04c2fc058fd6b0630c1a2faad322676
https://conda.anaconda.org/conda-forge/osx-64/libllvm19-19.1.7-hc29ff6c_1.conda#a937150d07aa51b50ded6a0816df4a5a
https://conda.anaconda.org/conda-forge/osx-64/libprotobuf-5.28.3-h6401091_1.conda#5601e7ce099eb72741e9cd6413f42a07
https://conda.anaconda.org/conda-forge/osx-64/libtheora-1.1.1-hfdf4475_1006.conda#fc8c11f9f4edda643302e28aa0999b90
https://conda.anaconda.org/conda-forge/osx-64/libtiff-4.7.0-hb77a491_3.conda#6f2f9df7b093d6b33bc0c334acc7d2d9
https://conda.anaconda.org/conda-forge/osx-64/libxslt-1.1.39-h03b04e6_0.conda#a6e0cec6b3517ffc6b5d36a920fc9312
https://conda.anaconda.org/conda-forge/osx-64/mysql-libs-9.0.1-h2381dc1_4.conda#804fe1ddb235a660c5ad3c22304f2dad
https://conda.anaconda.org/conda-forge/osx-64/openexr-3.3.2-heaa778b_1.conda#a61b89428c31ed7b31cbf01f1d380c50
https://conda.anaconda.org/conda-forge/osx-64/python-3.13.1-h2334245_105_cp313.conda#c3318c58d14fefd755852e989c991556
https://conda.anaconda.org/conda-forge/osx-64/sqlite-3.48.0-h2e4c9dc_1.conda#f0d4e053e7d85d30f689e731e62762bc
https://conda.anaconda.org/conda-forge/osx-64/xorg-libx11-1.8.11-h217831a_0.conda#3fb3f466eeb402f7648d2710ed3bc1f1
https://conda.anaconda.org/conda-forge/noarch/aiohappyeyeballs-2.4.6-pyhd8ed1ab_0.conda#5b7d3ceeb36e8e6783eae78acd4c18e1
https://conda.anaconda.org/conda-forge/noarch/attrs-25.1.0-pyh71513ae_0.conda#2cc3f588512f04f3a0c64b4e9bedc02d
https://conda.anaconda.org/conda-forge/osx-64/brotli-1.1.0-h00291cd_2.conda#2db0c38a7f2321c5bdaf32b181e832c7
https://conda.anaconda.org/conda-forge/noarch/cycler-0.12.1-pyhd8ed1ab_1.conda#44600c4667a319d67dbe0681fc0bc833
https://conda.anaconda.org/conda-forge/osx-64/cyrus-sasl-2.1.27-hf9bab2b_7.conda#b3a8aa48d3d5e1bfb31ee3bde1f2c544
https://conda.anaconda.org/conda-forge/osx-64/fontconfig-2.15.0-h37eeddb_1.conda#84ccec5ee37eb03dd352db0a3f89ada3
https://conda.anaconda.org/conda-forge/osx-64/frozenlist-1.5.0-py313h717bdf5_1.conda#00c681dc55b2dcfd2cd4911cecab5bc8
https://conda.anaconda.org/conda-forge/noarch/future-1.0.0-pyhd8ed1ab_2.conda#1054c53c95d85e35b88143a3eda66373
https://conda.anaconda.org/conda-forge/osx-64/gdk-pixbuf-2.42.12-ha587570_0.conda#ee186d2e8db4605030753dc05025d4a0
https://conda.anaconda.org/conda-forge/noarch/idna-3.10-pyhd8ed1ab_1.conda#39a4f67be3286c86d696df570b1201b7
https://conda.anaconda.org/conda-forge/osx-64/kiwisolver-1.4.7-py313h0c4e38b_0.conda#c37fceab459e104e77bb5456e219fc37
https://conda.anaconda.org/conda-forge/osx-64/lcms2-2.17-h72f5680_0.conda#bf210d0c63f2afb9e414a858b79f0eaa
https://conda.anaconda.org/conda-forge/osx-64/libclang-cpp18.1-18.1.8-default_h3571c67_7.conda#d22bdc2b1ecf45631c5aad91f660623a
https://conda.anaconda.org/conda-forge/osx-64/libclang13-19.1.7-default_hf2b7afa_1.conda#a05f68439c2b11e1fe74ae7fab57c84a
https://conda.anaconda.org/conda-forge/osx-64/libcurl-8.11.1-h5dec5d8_0.conda#2f80e92674f4a92e9f8401494496ee62
https://conda.anaconda.org/conda-forge/osx-64/libopenblas-0.3.28-openmp_hbf64a52_1.conda#cd2c572c02a73b88c4d378eb31110e85
https://conda.anaconda.org/conda-forge/osx-64/loguru-0.7.2-py313habf4b1d_2.conda#22ff810f6a26fb7df173dc0557319623
https://conda.anaconda.org/conda-forge/osx-64/msgpack-python-1.1.0-py313h0c4e38b_0.conda#74f9203e717afb9753b5c3604b4c6bd0
https://conda.anaconda.org/conda-forge/osx-64/multidict-6.1.0-py313h797cdad_1.conda#2982a64f7e47c574cdec6c6efcd3a604
https://conda.anaconda.org/conda-forge/noarch/munkres-1.1.4-pyh9f0ad1d_0.tar.bz2#2ba8498c1018c1e9c61eb99b973dfe19
https://conda.anaconda.org/conda-forge/osx-64/openjpeg-2.5.3-h7fd6d84_0.conda#025c711177fc3309228ca1a32374458d
https://conda.anaconda.org/conda-forge/noarch/packaging-24.2-pyhd8ed1ab_2.conda#3bfed7e6228ebf2f7b9eaa47f1b4e2aa
https://conda.anaconda.org/conda-forge/noarch/pip-25.0.1-pyh145f28c_0.conda#9ba21d75dc722c29827988a575a65707
https://conda.anaconda.org/conda-forge/osx-64/propcache-0.2.1-py313h717bdf5_1.conda#00ff65917cc8ea0120f86360de452d82
https://conda.anaconda.org/conda-forge/noarch/pygments-2.19.1-pyhd8ed1ab_0.conda#232fb4577b6687b2d503ef8e254270c9
https://conda.anaconda.org/conda-forge/noarch/pyparsing-3.2.1-pyhd8ed1ab_0.conda#285e237b8f351e85e7574a2c7bfa6d46
https://conda.anaconda.org/conda-forge/noarch/setuptools-71.0.4-pyhd8ed1ab_0.conda#ee78ac9c720d0d02fcfd420866b82ab1
https://conda.anaconda.org/conda-forge/noarch/six-1.17.0-pyhd8ed1ab_0.conda#a451d576819089b0d672f18768be0f65
https://conda.anaconda.org/conda-forge/osx-64/tbb-2022.0.0-h0ec6371_0.conda#a490face63f9af5b631921c8ddfd7383
https://conda.anaconda.org/conda-forge/osx-64/traits-7.0.2-py313h63b0ddb_0.conda#33e356fecbdcbfd5d33fde058eb14d1d
https://conda.anaconda.org/conda-forge/osx-64/xorg-libxext-1.3.6-h00291cd_0.conda#62f4f9d7a6c176be164329b4a1fc2616
https://conda.anaconda.org/conda-forge/osx-64/xorg-libxfixes-6.0.1-h00291cd_0.conda#466ace5d8c55c03e571e7c0dcd288b17
https://conda.anaconda.org/conda-forge/osx-64/xorg-libxrender-0.9.12-h6e16a3a_0.conda#15949671046839008f5e782dfbf63e65
https://conda.anaconda.org/conda-forge/noarch/zipp-3.21.0-pyhd8ed1ab_1.conda#0c3cc595284c5e8f0f9900a9b228a332
https://conda.anaconda.org/conda-forge/noarch/aiosignal-1.3.2-pyhd8ed1ab_0.conda#1a3981115a398535dbe3f6d5faae3d36
https://conda.anaconda.org/conda-forge/osx-64/cairo-1.18.2-h950ec3b_1.conda#ae293443dff77ba14eab9e9ee68ec833
https://conda.anaconda.org/conda-forge/noarch/configobj-5.0.9-pyhd8ed1ab_1.conda#5e1999cd1872c9d7f7d56bf3bf1141fa
https://conda.anaconda.org/conda-forge/osx-64/fltk-1.3.10-h11de4b3_0.conda#ad48bcf414044c03cafd677f9e79b5f7
https://conda.anaconda.org/conda-forge/osx-64/fonttools-4.56.0-py313h717bdf5_0.conda#1f3a7b59e9bf19440142f3fc45230935
https://conda.anaconda.org/conda-forge/osx-64/hdf5-1.14.3-nompi_h1607680_109.conda#aa2b87330df24a89585b9d3e4d70c4d4
https://conda.anaconda.org/conda-forge/noarch/importlib-metadata-8.6.1-pyha770c72_0.conda#f4b39bf00c69f56ac01e020ebfac066c
https://conda.anaconda.org/conda-forge/noarch/importlib_resources-6.5.2-pyhd8ed1ab_0.conda#c85c76dc67d75619a92f51dfbce06992
https://conda.anaconda.org/conda-forge/osx-64/libblas-3.9.0-28_h7f60823_openblas.conda#c9f0b30e5ab2f4ddc450b95743d2070d
https://conda.anaconda.org/conda-forge/osx-64/libopenvino-2025.0.0-h5e1b680_0.conda#61d57a6339ffb7f81aba8babbdea5cfd
https://conda.anaconda.org/conda-forge/osx-64/libraw-0.21.3-h8f7feda_0.conda#ea73d5e8ffd5f89389303c681d48ea2b
https://conda.anaconda.org/conda-forge/osx-64/openldap-2.6.9-hd8a590d_0.conda#10dff9d8c67ae8b807b9fe8cfe9ca1d0
https://conda.anaconda.org/conda-forge/osx-64/pillow-11.1.0-py313h0c4f865_0.conda#11b4dd7a814202f2a0b655420f1c1c3a
https://conda.anaconda.org/conda-forge/osx-64/proj-9.5.1-h5273da6_0.conda#523c87f13b2f99a96295993ede863b87
https://conda.anaconda.org/conda-forge/noarch/python-dateutil-2.9.0.post0-pyhff2d567_1.conda#5ba79d7c71f03c678c8ead841f347d6e
https://conda.anaconda.org/conda-forge/osx-64/yarl-1.18.3-py313h717bdf5_1.conda#750941911d538951d371a1aef53cf749
https://conda.anaconda.org/conda-forge/osx-64/aiohttp-3.11.12-py313h717bdf5_0.conda#109cd232381b3afa8c1a9399e31727b5
https://conda.anaconda.org/conda-forge/osx-64/freeimage-3.18.0-h7cd8ba8_22.conda#4ea546f119eaf4a1457ded2054982d52
https://conda.anaconda.org/conda-forge/osx-64/harfbuzz-10.2.0-h5b25545_0.conda#61e64e76917a6c7f62a405f3c8569592
https://conda.anaconda.org/conda-forge/osx-64/libcblas-3.9.0-28_hff6cab4_openblas.conda#bf672fd5b62c531028cda585c6ee91b1
https://conda.anaconda.org/conda-forge/osx-64/liblapack-3.9.0-28_h236ab99_openblas.conda#edbfe8906ba99637eebb9ebe675a57d3
https://conda.anaconda.org/conda-forge/osx-64/libnetcdf-4.9.2-nompi_hf3c7182_116.conda#f26fc0c5404ecaa3f1644692b9c433ed
https://conda.anaconda.org/conda-forge/osx-64/libopenvino-auto-batch-plugin-2025.0.0-h4464f52_0.conda#8d137b89bf1a8f5955c8e52f248b08ee
https://conda.anaconda.org/conda-forge/osx-64/libopenvino-auto-plugin-2025.0.0-h4464f52_0.conda#405c5cef31dff65c683f09153afe11f2
https://conda.anaconda.org/conda-forge/osx-64/libopenvino-hetero-plugin-2025.0.0-h3435d20_0.conda#ef2279ea53b8aa50e1e6a3872f9c0797
https://conda.anaconda.org/conda-forge/osx-64/libopenvino-intel-cpu-plugin-2025.0.0-h5e1b680_0.conda#9a932feedf926807bae31400e5b7082e
https://conda.anaconda.org/conda-forge/osx-64/libopenvino-ir-frontend-2025.0.0-h3435d20_0.conda#64d3bdd1cc10885b2779238f03371d9a
https://conda.anaconda.org/conda-forge/osx-64/libopenvino-onnx-frontend-2025.0.0-h40b3fd7_0.conda#31393855532493fe5b5462dcf5ba8798
https://conda.anaconda.org/conda-forge/osx-64/libopenvino-paddle-frontend-2025.0.0-h40b3fd7_0.conda#18e3f5cabf932fefca46b7034218937e
https://conda.anaconda.org/conda-forge/osx-64/libopenvino-pytorch-frontend-2025.0.0-hbcac03e_0.conda#bc1de42fe810432a521b9adc11926716
https://conda.anaconda.org/conda-forge/osx-64/libopenvino-tensorflow-frontend-2025.0.0-hacd10b5_0.conda#6e87fae7174a5da6d463c4a2703b9614
https://conda.anaconda.org/conda-forge/osx-64/libopenvino-tensorflow-lite-frontend-2025.0.0-hbcac03e_0.conda#07a32b6f79da92870f0546804dfa7299
https://conda.anaconda.org/conda-forge/osx-64/libpq-17.2-h639cf83_1.conda#e7ca8216126af3c9c1053f331e7a1fe4
https://conda.anaconda.org/conda-forge/noarch/pyface-8.0.0-pyhd8ed1ab_2.conda#0ad1fa47cd5ac6eb255acc0989f51958
https://conda.anaconda.org/conda-forge/osx-64/libass-0.17.3-h07fa1ac_1.conda#aae0b8eaabc24bd52f3154ddc79b8bd8
https://conda.anaconda.org/conda-forge/osx-64/numpy-2.2.2-py313hc518a0f_0.conda#29e4372c6eee3fad119b2914ba595567
https://conda.anaconda.org/conda-forge/osx-64/pango-1.56.1-hf94f63b_0.conda#3888a31896ccefaa6aa608ff13fd527c
https://conda.anaconda.org/conda-forge/osx-64/qt6-main-6.8.2-h35a4a19_0.conda#329f05ec7a7d619fd40c4fc2d98d12f2
https://conda.anaconda.org/conda-forge/noarch/traitsui-8.0.0-pyhd8ed1ab_1.conda#8ffcc5f6abbc06bacc0e03a90f793d26
https://conda.anaconda.org/conda-forge/noarch/wslink-2.2.2-pyhd8ed1ab_0.conda#860b3edb4bee7c76afb03435249e39c2
https://conda.anaconda.org/conda-forge/noarch/apptools-5.1.0-pyh44b312d_0.tar.bz2#67f86126bb65837378ddd31caff9f420
https://conda.anaconda.org/conda-forge/osx-64/contourpy-1.3.1-py313ha0b1807_0.conda#5ae850f4b044294bd7d655228fc236f9
https://conda.anaconda.org/conda-forge/osx-64/librsvg-2.58.4-h21a6cfa_2.conda#0aa68f5a6ebfd2254daae40170439f03
https://conda.anaconda.org/conda-forge/osx-64/pyside6-6.8.2-py313h37326ef_0.conda#abf058b309e01d46330c78097cfb7cd0
https://conda.anaconda.org/conda-forge/osx-64/scipy-1.15.1-py313h1cb6e1a_0.conda#0667390992aab8c12b1b3d1d393eea41
https://conda.anaconda.org/conda-forge/osx-64/vtk-base-9.3.1-qt_py313h566c23c_215.conda#45e78f88e99334e53d0fb981ebbeb0a8
https://conda.anaconda.org/conda-forge/noarch/envisage-7.0.3-pyhff2d567_0.conda#60dc0a0864b21d8fe73b05fe524f3e4c
https://conda.anaconda.org/conda-forge/osx-64/ffmpeg-7.1.0-gpl_h6a6e053_111.conda#a106f62f9b462f03dbb7d8ed7858cac2
https://conda.anaconda.org/conda-forge/osx-64/matplotlib-base-3.10.0-py313he981572_0.conda#765ffe9ff0204c094692b08c08b2c0f4
https://conda.anaconda.org/conda-forge/osx-64/vtk-io-ffmpeg-9.3.1-qt_py313hb7aed01_215.conda#061ac6ae886d609a98acad498ee931b1
https://conda.anaconda.org/conda-forge/osx-64/vtk-9.3.1-qt_py313hb7aed01_215.conda#c230c526a96c3983a28d10f82013534c
https://conda.anaconda.org/conda-forge/osx-64/mayavi-4.8.2-pyside6_py313hf36114d_208.conda#7c6469d88a052522ffbcb2ba130d6705
https://conda.anaconda.org/conda-forge/osx-64/occt-7.8.1-all_ha9a7d59_203.conda#b1470601a9f4b2f3401c0426153bf2f5
https://conda.anaconda.org/conda-forge/osx-64/gmsh-4.13.1-h36a9002_1.conda#027c8b64fdad6be8be348565c792c804
