# Generated by conda-lock.
# platform: osx-64
# input_hash: d68098c85beb23ecfa92dfb31b97cc753aebd7ba89181e7344e9ad9a99162e96
@EXPLICIT
https://conda.anaconda.org/conda-forge/noarch/font-ttf-dejavu-sans-mono-2.37-hab24e00_0.tar.bz2#0c96522c6bdaed4b1566d11387caaf45
https://conda.anaconda.org/conda-forge/noarch/font-ttf-inconsolata-3.000-h77eed37_0.tar.bz2#34893075a5c9e55cdafac56607368fc6
https://conda.anaconda.org/conda-forge/noarch/font-ttf-source-code-pro-2.038-h77eed37_0.tar.bz2#4d59c254e01d9cde7957100457e2d5fb
https://conda.anaconda.org/conda-forge/noarch/font-ttf-ubuntu-0.83-h77eed37_3.conda#49023d73832ef61042f6a237cb2687e7
https://conda.anaconda.org/conda-forge/osx-64/jxrlib-1.1-h10d778d_3.conda#cfaf81d843a80812fe16a68bdae60562
https://conda.anaconda.org/conda-forge/osx-64/libev-4.33-h10d778d_2.conda#899db79329439820b7e8f8de41bca902
https://conda.anaconda.org/conda-forge/noarch/mpi-1.0.1-mpich.conda#1052de900d672ec8b3713b8e300a8f06
https://conda.anaconda.org/conda-forge/osx-64/mumps-include-5.8.1-hc2cd5e2_3.conda#5fc65d770a06451d09a7904f9a36d4ea
https://conda.anaconda.org/conda-forge/osx-64/nlohmann_json-3.12.0-h92383a6_0.conda#9334c0f8d63ac55ff03e3b9cef9e371c
https://conda.anaconda.org/conda-forge/noarch/python_abi-3.13-8_cp313.conda#94305520c52a4aa3f6c2b1ff6008d9f8
https://conda.anaconda.org/conda-forge/noarch/tzdata-2025b-h78e105d_0.conda#4222072737ccff51314b5ece9c7d6f5a
https://conda.anaconda.org/conda-forge/osx-64/utfcpp-4.0.6-h93fb1c9_0.conda#674132c65b17f287badb24a9cd807f96
https://conda.anaconda.org/conda-forge/osx-64/bzip2-1.0.8-h500dc9f_8.conda#97c4b3bd8a90722104798175a1bdddbf
https://conda.anaconda.org/conda-forge/osx-64/c-ares-1.34.5-hf13058a_0.conda#eafe5d9f1a8c514afe41e6e833f66dfd
https://conda.anaconda.org/conda-forge/noarch/ca-certificates-2025.8.3-hbd8a1cb_0.conda#74784ee3d225fc3dca89edb635b4e5cc
https://conda.anaconda.org/conda-forge/noarch/fonts-conda-forge-1-0.tar.bz2#f766549260d6815b0c52253f1fb1bb29
https://conda.anaconda.org/conda-forge/osx-64/icu-75.1-h120a0e1_0.conda#d68d48a3060eb5abdc1cdc8e2a3a5966
https://conda.anaconda.org/conda-forge/osx-64/libbrotlicommon-1.1.0-h1c43f85_4.conda#b8e1ee78815e0ba7835de4183304f96b
https://conda.anaconda.org/conda-forge/osx-64/libcxx-21.1.1-h3d58e20_0.conda#7f5b7dfca71a5c165ce57f46e9e48480
https://conda.anaconda.org/conda-forge/osx-64/libdeflate-1.24-hcc1b750_0.conda#f0a46c359722a3e84deb05cd4072d153
https://conda.anaconda.org/conda-forge/osx-64/libexpat-2.7.1-h21dd04a_0.conda#9fdeae0b7edda62e989557d645769515
https://conda.anaconda.org/conda-forge/osx-64/libfabric1-2.2.0-h1c43f85_2.conda#e70ed9aaf40f81f7a6fecb923f0fe856
https://conda.anaconda.org/conda-forge/osx-64/libffi-3.4.6-h281671d_1.conda#4ca9ea59839a9ca8df84170fab4ceb41
https://conda.anaconda.org/conda-forge/osx-64/libiconv-1.18-h57a12c2_2.conda#210a85a1119f97ea7887188d176db135
https://conda.anaconda.org/conda-forge/osx-64/libjpeg-turbo-3.1.0-h6e16a3a_0.conda#87537967e6de2f885a9fcebd42b7cb10
https://conda.anaconda.org/conda-forge/osx-64/liblzma-5.8.1-hd471939_2.conda#8468beea04b9065b9807fc8b9cdc5894
https://conda.anaconda.org/conda-forge/osx-64/libmpdec-4.0.0-h6e16a3a_0.conda#18b81186a6adb43f000ad19ed7b70381
https://conda.anaconda.org/conda-forge/osx-64/libntlm-1.8-h6e16a3a_0.conda#23d706dbe90b54059ad86ff826677f39
https://conda.anaconda.org/conda-forge/osx-64/libogg-1.3.5-he3325bb_1.conda#d0f30c7fe90d08e9bd9c13cd60be6400
https://conda.anaconda.org/conda-forge/osx-64/libopus-1.5.2-he3325bb_0.conda#dd0f9f16dfae1d1518312110051586f6
https://conda.anaconda.org/conda-forge/osx-64/libwebp-base-1.6.0-hb807250_0.conda#7bb6608cf1f83578587297a158a6630b
https://conda.anaconda.org/conda-forge/osx-64/libzlib-1.3.1-hd23fc13_2.conda#003a54a4e32b02f7355b50a837e699da
https://conda.anaconda.org/conda-forge/osx-64/llvm-openmp-21.1.0-hf4e0ed4_0.conda#5acc6c266fd33166fa3b33e48665ae0d
https://conda.anaconda.org/conda-forge/osx-64/metis-5.1.0-h3023b02_1007.conda#4e4566c484361d6a92478f57db53fb08
https://conda.anaconda.org/conda-forge/osx-64/ncurses-6.5-h0622a9a_3.conda#ced34dd9929f491ca6dab6a2927aff25
https://conda.anaconda.org/conda-forge/osx-64/pthread-stubs-0.4-h00291cd_1002.conda#8bcf980d2c6b17094961198284b8e862
https://conda.anaconda.org/conda-forge/osx-64/xorg-libice-1.1.2-h6e16a3a_0.conda#d894608e2c18127545d67a096f1b4bab
https://conda.anaconda.org/conda-forge/osx-64/xorg-libxau-1.0.12-h6e16a3a_0.conda#4cf40e60b444d56512a64f39d12c20bd
https://conda.anaconda.org/conda-forge/osx-64/xorg-libxdmcp-1.1.5-h00291cd_0.conda#9f438e1b6f4e73fd9e6d78bfe7c36743
https://conda.anaconda.org/conda-forge/osx-64/yaml-0.2.5-h4132b18_3.conda#a645bb90997d3fc2aea0adf6517059bd
https://conda.anaconda.org/conda-forge/osx-64/double-conversion-3.3.1-h240833e_0.conda#3cb499563390702fe854a743e376d711
https://conda.anaconda.org/conda-forge/osx-64/fmt-11.2.0-hbf61d64_0.conda#1883d88d80cb91497b7c2e4f69f2e5e3
https://conda.anaconda.org/conda-forge/noarch/fonts-conda-ecosystem-1-0.tar.bz2#fee5683a3f04bd15cbd8318b096a27ab
https://conda.anaconda.org/conda-forge/osx-64/gmp-6.3.0-hf036a51_2.conda#427101d13f19c4974552a4e5b072eef1
https://conda.anaconda.org/conda-forge/osx-64/graphite2-1.3.14-h21dd04a_2.conda#ba63822087afc37e01bf44edcc2479f3
https://conda.anaconda.org/conda-forge/osx-64/hdf4-4.2.15-h8138101_7.conda#7ce543bf38dbfae0de9af112ee178af2
https://conda.anaconda.org/conda-forge/osx-64/imath-3.2.1-he7f0fdc_0.conda#cf84c6ca1bf9b7c61d9ade666904e00d
https://conda.anaconda.org/conda-forge/osx-64/jasper-4.2.8-h9ce442b_0.conda#155c61380cc98685f4d6237cb19c5f97
https://conda.anaconda.org/conda-forge/osx-64/jsoncpp-1.9.6-h466cfd8_1.conda#fa2e871f2fd42bacbd7458929a8c7b81
https://conda.anaconda.org/conda-forge/osx-64/lerc-4.0.0-hcca01a6_1.conda#21f765ced1a0ef4070df53cb425e1967
https://conda.anaconda.org/conda-forge/osx-64/libaec-1.1.4-ha6bc127_0.conda#1a768b826dfc68e07786788d98babfc3
https://conda.anaconda.org/conda-forge/osx-64/libbrotlidec-1.1.0-h1c43f85_4.conda#9cc4be0cc163d793d5d4bcc405c81bf3
https://conda.anaconda.org/conda-forge/osx-64/libbrotlienc-1.1.0-h1c43f85_4.conda#f2c000dc0185561b15de7f969f435e61
https://conda.anaconda.org/conda-forge/osx-64/libedit-3.1.20250104-pl5321ha958ccf_0.conda#1f4ed31220402fcddc083b4bff406868
https://conda.anaconda.org/conda-forge/osx-64/libfabric-2.2.0-h694c41f_2.conda#a0be0017554ea3eba105ff3a3db6982b
https://conda.anaconda.org/conda-forge/osx-64/libgfortran5-15.1.0-hfa3c126_1.conda#696e408f36a5a25afdb23e862053ca82
https://conda.anaconda.org/conda-forge/osx-64/libintl-0.25.1-h3184127_1.conda#a8e54eefc65645193c46e8b180f62d22
https://conda.anaconda.org/conda-forge/osx-64/libpng-1.6.50-h84aeda2_1.conda#1fe32bb16991a24e112051cc0de89847
https://conda.anaconda.org/conda-forge/osx-64/libsqlite-3.50.4-h39a8b3b_0.conda#156bfb239b6a67ab4a01110e6718cbc4
https://conda.anaconda.org/conda-forge/osx-64/libvorbis-1.3.7-ha059160_2.conda#8eadf13aee55e59089edaf2acaaaf4f7
https://conda.anaconda.org/conda-forge/osx-64/libxcb-1.17.0-hf1f96e2_0.conda#bbeca862892e2898bdb45792a61c4afc
https://conda.anaconda.org/conda-forge/osx-64/libxml2-2.13.8-he1bc88e_1.conda#1d31029d8d2685d56a812dec48083483
https://conda.anaconda.org/conda-forge/osx-64/lz4-c-1.10.0-h240833e_1.conda#d6b9bd7e356abd7e3a633d59b753495a
https://conda.anaconda.org/conda-forge/osx-64/nspr-4.37-hbd2c7f0_0.conda#116be2e3c8a35da3a8ee4ebb14fdd74e
https://conda.anaconda.org/conda-forge/osx-64/openssl-3.5.2-h6e31bce_0.conda#22f5d63e672b7ba467969e9f8b740ecd
https://conda.anaconda.org/conda-forge/osx-64/pcre2-10.45-hf733adb_0.conda#d9f1976154f2f45588251dcfc48bcdda
https://conda.anaconda.org/conda-forge/osx-64/pixman-0.46.4-ha059160_1.conda#742a8552e51029585a32b6024e9f57b4
https://conda.anaconda.org/conda-forge/osx-64/pugixml-1.15-h46091d4_0.conda#7a1ad34efe728093c36a76afeaf30586
https://conda.anaconda.org/conda-forge/osx-64/qhull-2020.2-h3c5361c_5.conda#dd1ea9ff27c93db7c01a7b7656bd4ad4
https://conda.anaconda.org/conda-forge/osx-64/rapidjson-1.1.0.post20240409-h92383a6_2.conda#34a2ae1d4771d5ba5b819075cf7c3d67
https://conda.anaconda.org/conda-forge/osx-64/readline-8.2-h7cca4af_2.conda#342570f8e02f2f022147a7f841475784
https://conda.anaconda.org/conda-forge/osx-64/snappy-1.2.2-h25c286d_0.conda#e6544ab8824f58ca155a5b8225f0c780
https://conda.anaconda.org/conda-forge/osx-64/tk-8.6.13-hf689a15_2.conda#9864891a6946c2fe037c02fca7392ab4
https://conda.anaconda.org/conda-forge/osx-64/xorg-libsm-1.2.6-h6e16a3a_0.conda#267dc632a1c41345622c935bb6026dc4
https://conda.anaconda.org/conda-forge/osx-64/zlib-1.3.1-hd23fc13_2.conda#c989e0295dcbdc08106fe5d9e935f0b9
https://conda.anaconda.org/conda-forge/osx-64/zstd-1.5.7-h8210216_2.conda#cd60a4a5a8d6a476b30d8aa4bb49251a
https://conda.anaconda.org/conda-forge/osx-64/blosc-1.21.6-hd145fbb_1.conda#717852102c68a082992ce13a53403f9d
https://conda.anaconda.org/conda-forge/osx-64/brotli-bin-1.1.0-h1c43f85_4.conda#718fb8aa4c8cb953982416db9a82b349
https://conda.anaconda.org/conda-forge/osx-64/krb5-1.21.3-h37d8d59_0.conda#d4765c524b1d91567886bde656fb514b
https://conda.anaconda.org/conda-forge/osx-64/libfreetype6-2.14.0-h6912278_1.conda#ebfad8c56f5a71f57ec7c6fb2333458e
https://conda.anaconda.org/conda-forge/osx-64/libgfortran-15.1.0-h5f6db21_1.conda#07cfad6b37da6e79349c6e3a0316a83b
https://conda.anaconda.org/conda-forge/osx-64/libglib-2.84.3-h5fed8df_0.conda#2bb92de7159f9c47a4455eb3c08484d8
https://conda.anaconda.org/conda-forge/osx-64/libhwloc-2.12.1-default_h8c32e24_1000.conda#622d2b076d7f0588ab1baa962209e6dd
https://conda.anaconda.org/conda-forge/osx-64/libintl-devel-0.25.1-h3184127_1.conda#4e34fefaebdaca2108645fe5c787cc5a
https://conda.anaconda.org/conda-forge/osx-64/libllvm17-17.0.6-hbedff68_1.conda#fcd38f0553a99fa279fb66a5bfc2fb28
https://conda.anaconda.org/conda-forge/osx-64/libllvm19-19.1.7-hc29ff6c_1.conda#a937150d07aa51b50ded6a0816df4a5a
https://conda.anaconda.org/conda-forge/osx-64/libllvm21-21.1.0-h9b4ebcc_0.conda#49233c30d20fbe080285fd286e9267fb
https://conda.anaconda.org/conda-forge/osx-64/libnghttp2-1.67.0-h3338091_0.conda#e7630cef881b1174d40f3e69a883e55f
https://conda.anaconda.org/conda-forge/osx-64/libssh2-1.11.1-hed3591d_0.conda#a6cb15db1c2dc4d3a5f6cf3772e09e81
https://conda.anaconda.org/conda-forge/osx-64/libtheora-1.1.1-hfdf4475_1006.conda#fc8c11f9f4edda643302e28aa0999b90
https://conda.anaconda.org/conda-forge/osx-64/libtiff-4.7.0-h59ddb5d_6.conda#1cb7b8054ffa9460ca3dd782062f3074
https://conda.anaconda.org/conda-forge/osx-64/libzip-1.11.2-h31df5bb_0.conda#3cf12c97a18312c9243a895580bf5be6
https://conda.anaconda.org/conda-forge/osx-64/nss-3.115-h630f822_0.conda#67bf23a7233233c6628bf95c5512a82c
https://conda.anaconda.org/conda-forge/osx-64/openexr-3.3.5-h9ab73be_1.conda#0520bea3bed7dd40c1c9dbc2267a98c7
https://conda.anaconda.org/conda-forge/osx-64/python-3.13.7-h5eba815_100_cp313.conda#1759e1c9591755521bd50489756a599d
https://conda.anaconda.org/conda-forge/osx-64/sqlite-3.50.4-h64b5abc_0.conda#86f1188b2d041e950810593c2df753ec
https://conda.anaconda.org/conda-forge/osx-64/xorg-libx11-1.8.12-h217831a_0.conda#4b83c16519d328361b001ae732955fc9
https://conda.anaconda.org/conda-forge/noarch/aiohappyeyeballs-2.6.1-pyhd8ed1ab_0.conda#18fd895e0e775622906cdabfc3cf0fb4
https://conda.anaconda.org/conda-forge/noarch/attrs-25.3.0-pyh71513ae_0.conda#a10d11958cadc13fdb43df75f8b1903f
https://conda.anaconda.org/conda-forge/osx-64/brotli-1.1.0-h1c43f85_4.conda#1a0a37da4466d45c00fc818bb6b446b3
https://conda.anaconda.org/conda-forge/noarch/colorama-0.4.6-pyhd8ed1ab_1.conda#962b9857ee8e7018c22f2776ffa0b2d7
https://conda.anaconda.org/conda-forge/noarch/cycler-0.12.1-pyhd8ed1ab_1.conda#44600c4667a319d67dbe0681fc0bc833
https://conda.anaconda.org/conda-forge/osx-64/cyrus-sasl-2.1.28-h610c526_0.conda#314cd5e4aefc50fec5ffd80621cfb4f8
https://conda.anaconda.org/conda-forge/osx-64/frozenlist-1.7.0-py313haf29b43_0.conda#ca2679bd526610ece88767eb6182f916
https://conda.anaconda.org/conda-forge/osx-64/glib-tools-2.84.3-h35d42e9_0.conda#e904f2fdddbec55c387b9afc1aa90e79
https://conda.anaconda.org/conda-forge/noarch/idna-3.10-pyhd8ed1ab_1.conda#39a4f67be3286c86d696df570b1201b7
https://conda.anaconda.org/conda-forge/noarch/iniconfig-2.0.0-pyhd8ed1ab_1.conda#6837f3eff7dcea42ecd714ce1ac2b108
https://conda.anaconda.org/conda-forge/osx-64/kiwisolver-1.4.9-py313hb91e98b_1.conda#641919ea862da8b06555e24ac7187923
https://conda.anaconda.org/conda-forge/osx-64/lcms2-2.17-h72f5680_0.conda#bf210d0c63f2afb9e414a858b79f0eaa
https://conda.anaconda.org/conda-forge/osx-64/libclang-cpp17-17.0.6-default_h3571c67_8.conda#448cfb783b49dd497c41c75e570e220c
https://conda.anaconda.org/conda-forge/osx-64/libclang-cpp19.1-19.1.7-default_hc369343_4.conda#fec88978ef30a127235f9f0e67cf6725
https://conda.anaconda.org/conda-forge/osx-64/libclang13-21.1.0-default_h7f9524c_1.conda#8c5c6f63bb40997ae614b23a770b0369
https://conda.anaconda.org/conda-forge/osx-64/libcurl-8.14.1-h5dec5d8_0.conda#8738cd19972c3599400404882ddfbc24
https://conda.anaconda.org/conda-forge/osx-64/libfreetype-2.14.0-h694c41f_1.conda#5b44e5691928a99306a20aa53afb86fd
https://conda.anaconda.org/conda-forge/osx-64/libopenblas-0.3.30-openmp_h83c2472_2.conda#89edf77977f520c4245567460d065821
https://conda.anaconda.org/conda-forge/osx-64/libscotch-7.0.8-int32_h8ec7953_1.conda#6ada03763ac77765a7f1de513df7cbb9
https://conda.anaconda.org/conda-forge/osx-64/libsuitesparseconfig-7.10.1-h00e5f87_7100102.conda#4e691bd0752ac878005edf5042301e12
https://conda.anaconda.org/conda-forge/noarch/loguru-0.7.3-pyh707e725_0.conda#49647ac1de4d1e4b49124aedf3934e02
https://conda.anaconda.org/conda-forge/osx-64/mpich-4.3.1-h87baca5_103.conda#e60703acc47c88c6b5e51dc89461873c
https://conda.anaconda.org/conda-forge/osx-64/msgpack-python-1.1.1-py313hc551f4f_1.conda#66792228c990a970389e6f608bda5286
https://conda.anaconda.org/conda-forge/osx-64/multidict-6.6.3-py313h797cdad_0.conda#69410a46f8a20a511427a32536957385
https://conda.anaconda.org/conda-forge/noarch/munkres-1.1.4-pyhd8ed1ab_1.conda#37293a85a0f4f77bbd9cf7aaefc62609
https://conda.anaconda.org/conda-forge/osx-64/openjpeg-2.5.3-h036ada5_1.conda#38f264b121a043cf379980c959fb2d75
https://conda.anaconda.org/conda-forge/noarch/packaging-25.0-pyh29332c3_1.conda#58335b26c38bf4a20f399384c33cbcf9
https://conda.anaconda.org/conda-forge/noarch/pip-25.2-pyh145f28c_0.conda#e7ab34d5a93e0819b62563c78635d937
https://conda.anaconda.org/conda-forge/noarch/pluggy-1.6.0-pyhd8ed1ab_0.conda#7da7ccd349dbf6487a7778579d2bb971
https://conda.anaconda.org/conda-forge/noarch/ply-3.11-pyhd8ed1ab_3.conda#fd5062942bfa1b0bd5e0d2a4397b099e
https://conda.anaconda.org/conda-forge/osx-64/propcache-0.3.1-py313h717bdf5_0.conda#8c3e4610b7122a3c016d0bc5a9e4b9f1
https://conda.anaconda.org/conda-forge/noarch/pygments-2.19.2-pyhd8ed1ab_0.conda#6b6ece66ebcae2d5f326c77ef2c5a066
https://conda.anaconda.org/conda-forge/noarch/pyparsing-3.2.3-pyhe01879c_2.conda#aa0028616c0750c773698fdc254b2b8d
https://conda.anaconda.org/conda-forge/noarch/setuptools-80.9.0-pyhff2d567_0.conda#4de79c071274a53dcaf2a8c749d1499e
https://conda.anaconda.org/conda-forge/noarch/six-1.17.0-pyhe01879c_1.conda#3339e3b65d58accf4ca4fb8748ab16b3
https://conda.anaconda.org/conda-forge/osx-64/tbb-2022.2.0-hc025b3e_1.conda#796b8d4a40afd4951d87ffd939c6a206
https://conda.anaconda.org/conda-forge/noarch/toml-0.10.2-pyhd8ed1ab_1.conda#b0dd904de08b7db706167240bf37b164
https://conda.anaconda.org/conda-forge/noarch/tomli-2.2.1-pyhe01879c_2.conda#30a0a26c8abccf4b7991d590fe17c699
https://conda.anaconda.org/conda-forge/osx-64/traits-7.0.2-py313h63b0ddb_0.conda#33e356fecbdcbfd5d33fde058eb14d1d
https://conda.anaconda.org/conda-forge/noarch/typing_extensions-4.15.0-pyhcf101f3_0.conda#0caa1af407ecff61170c9437a808404d
https://conda.anaconda.org/conda-forge/osx-64/xorg-libxext-1.3.6-h00291cd_0.conda#62f4f9d7a6c176be164329b4a1fc2616
https://conda.anaconda.org/conda-forge/osx-64/xorg-libxfixes-6.0.1-h00291cd_0.conda#466ace5d8c55c03e571e7c0dcd288b17
https://conda.anaconda.org/conda-forge/osx-64/xorg-libxrender-0.9.12-h6e16a3a_0.conda#15949671046839008f5e782dfbf63e65
https://conda.anaconda.org/conda-forge/noarch/zipp-3.23.0-pyhd8ed1ab_0.conda#df5e78d904988eb55042c0c97446079f
https://conda.anaconda.org/conda-forge/noarch/aiosignal-1.4.0-pyhd8ed1ab_0.conda#421a865222cd0c9d83ff08bc78bf3a61
https://conda.anaconda.org/conda-forge/noarch/configobj-5.0.9-pyhd8ed1ab_1.conda#5e1999cd1872c9d7f7d56bf3bf1141fa
https://conda.anaconda.org/conda-forge/noarch/exceptiongroup-1.3.0-pyhd8ed1ab_0.conda#72e42d28960d875c7654614f8b50939a
https://conda.anaconda.org/conda-forge/osx-64/fftw-3.3.10-mpi_mpich_h1893886_10.conda#fc0414d39908f07bbd8ca22f12f8a5b0
https://conda.anaconda.org/conda-forge/osx-64/fltk-1.3.10-h11de4b3_0.conda#ad48bcf414044c03cafd677f9e79b5f7
https://conda.anaconda.org/conda-forge/osx-64/fonttools-4.59.2-py313h4db2fa4_0.conda#0f0b289aa8a0d88d4823fa4a4f11eb93
https://conda.anaconda.org/conda-forge/osx-64/freetype-2.14.0-h694c41f_1.conda#5ed7e552da1e055959dfeb862810911e
https://conda.anaconda.org/conda-forge/osx-64/glib-2.84.3-h8efa5be_0.conda#1c486d5c6943649ca2b806080d8e3db2
https://conda.anaconda.org/conda-forge/osx-64/hdf5-1.14.6-mpi_mpich_h9dc43eb_3.conda#6b6d01261c8b81b6e681b64ef8f969fa
https://conda.anaconda.org/conda-forge/noarch/importlib-metadata-8.7.0-pyhe01879c_1.conda#63ccfdc3a3ce25b027b8767eb722fca8
https://conda.anaconda.org/conda-forge/noarch/importlib_resources-6.5.2-pyhd8ed1ab_0.conda#c85c76dc67d75619a92f51dfbce06992
https://conda.anaconda.org/conda-forge/osx-64/libamd-3.3.3-ha5840a7_7100102.conda#a15b2606a1d160c4afdd7c79f3a31aba
https://conda.anaconda.org/conda-forge/osx-64/libblas-3.9.0-35_he492b99_openblas.conda#fa7588e7cdbe7718e90aea6c849e09ca
https://conda.anaconda.org/conda-forge/osx-64/libbtf-2.3.2-hca54c18_7100102.conda#3cf461bd5dfc4873e412470542223982
https://conda.anaconda.org/conda-forge/osx-64/libcamd-3.3.3-hca54c18_7100102.conda#c41a13a3c07cf0352b29fa527d395a61
https://conda.anaconda.org/conda-forge/osx-64/libccolamd-3.3.4-hca54c18_7100102.conda#1d611b8747483389ff49a1efe5ec574d
https://conda.anaconda.org/conda-forge/osx-64/libcolamd-3.3.4-hca54c18_7100102.conda#18483b40f7a10a34b93000cf2c284f39
https://conda.anaconda.org/conda-forge/osx-64/libptscotch-7.0.8-int32_h8f6a1c0_1.conda#93412b7e9f05500a615a76b8aa6265ff
https://conda.anaconda.org/conda-forge/osx-64/libraw-0.21.4-h0ade9e5_0.conda#bb165a63c4ccb98777a0c2f35ba646af
https://conda.anaconda.org/conda-forge/osx-64/mpi4py-4.1.0-py313h816ecdc_102.conda#3e8590baaaccfde835f688e8140466c6
https://conda.anaconda.org/conda-forge/osx-64/openldap-2.6.10-hd8a590d_0.conda#60bd9b6c1e5208ff2f4a39ab3eabdee8
https://conda.anaconda.org/conda-forge/osx-64/parmetis-4.0.3-hc9a99f5_1007.conda#2e41827d8cf591e4478a622115687398
https://conda.anaconda.org/conda-forge/osx-64/pillow-11.3.0-py313h77ba6b6_1.conda#98a1ed28189931b47c5aed4c15c05f46
https://conda.anaconda.org/conda-forge/osx-64/proj-9.6.2-h8462e38_2.conda#00a64f7f9888ad6a05ff9766058c33cc
https://conda.anaconda.org/conda-forge/noarch/python-dateutil-2.9.0.post0-pyhe01879c_2.conda#5b8d21249ff20967101ffa321cab24e8
https://conda.anaconda.org/conda-forge/osx-64/sip-6.10.0-py313h14b76d3_0.conda#91bb958a17d0f86f48d760ac7aced0be
https://conda.anaconda.org/conda-forge/osx-64/yarl-1.20.1-py313h717bdf5_0.conda#484fad6d5e455d642d18c331444b3f8c
https://conda.anaconda.org/conda-forge/osx-64/aiohttp-3.12.15-py313h4db2fa4_0.conda#6739165bd6418e3d75cedee5a3b1cabd
https://conda.anaconda.org/conda-forge/osx-64/fontconfig-2.15.0-h37eeddb_1.conda#84ccec5ee37eb03dd352db0a3f89ada3
https://conda.anaconda.org/conda-forge/osx-64/freeimage-3.18.0-h9f89eab_23.conda#3bbd041090f537068e6a96a2e25882a9
https://conda.anaconda.org/conda-forge/osx-64/gstreamer-1.24.11-h7d1b200_0.conda#c56d2d3e5e315d0348dabfe4f3c2115e
https://conda.anaconda.org/conda-forge/osx-64/libcblas-3.9.0-35_h9b27e0a_openblas.conda#a16da81ce75921b71c512781fb2438ac
https://conda.anaconda.org/conda-forge/osx-64/liblapack-3.9.0-35_h859234e_openblas.conda#340a8f781528d59abac136c0fa9f6a4c
https://conda.anaconda.org/conda-forge/osx-64/libnetcdf-4.9.2-nompi_h6054f6d_118.conda#c92aa5e0a14b8381e7aaf78714a03ff6
https://conda.anaconda.org/conda-forge/osx-64/libpq-17.6-hec4e20e_1.conda#4b46deea356fce0a7b3d4ad7c8bfa8e0
https://conda.anaconda.org/conda-forge/noarch/pyface-8.0.0-pyhd8ed1ab_2.conda#0ad1fa47cd5ac6eb255acc0989f51958
https://conda.anaconda.org/conda-forge/osx-64/pyqt5-sip-12.17.0-py313h2f3e822_1.conda#a45bd4329165df32e9f220df40091f58
https://conda.anaconda.org/conda-forge/noarch/pytest-8.4.2-pyhd8ed1ab_0.conda#1f987505580cb972cf28dc5f74a0f81b
https://conda.anaconda.org/conda-forge/osx-64/cairo-1.18.4-h950ec3b_0.conda#32403b4ef529a2018e4d8c4f2a719f16
https://conda.anaconda.org/conda-forge/osx-64/gst-plugins-base-1.24.11-h09840cc_0.conda#a37d73eb7abbfc6a22a54549b3ddc1ea
https://conda.anaconda.org/conda-forge/osx-64/hypre-2.32.0-mpi_mpich_h18233e6_1.conda#422bd4b9a2be3a63776d6816c0ffe766
https://conda.anaconda.org/conda-forge/osx-64/libcholmod-5.3.1-h7ea7d7c_7100102.conda#fec9cd11025ca7b0c7a58f4d88036ba8
https://conda.anaconda.org/conda-forge/osx-64/numpy-2.3.3-py313ha99c057_0.conda#b61af3ab2e0156a2f726faa9cd6245fb
https://conda.anaconda.org/conda-forge/osx-64/occt-7.8.1-novtk_h6d54593_103.conda#21bf8bede9c8e7f9970d8e7b4df9af3d
https://conda.anaconda.org/conda-forge/osx-64/scalapack-2.2.0-h8151de6_4.conda#3fd00044475f2d29519bebe3c6f6dc6d
https://conda.anaconda.org/conda-forge/osx-64/superlu-7.0.0-h9cb3e3b_1.conda#7125bdd5d577841a7b207a1badc92959
https://conda.anaconda.org/conda-forge/osx-64/superlu_dist-9.0.0-ha4643b9_1.conda#aefcc614dd3ab6ce380c0e768f99abdf
https://conda.anaconda.org/conda-forge/noarch/traitsui-8.0.0-pyhd8ed1ab_1.conda#8ffcc5f6abbc06bacc0e03a90f793d26
https://conda.anaconda.org/conda-forge/noarch/wslink-2.4.0-pyhd8ed1ab_0.conda#a7c17eeb817efebaf59a48fdeab284a4
https://conda.anaconda.org/conda-forge/noarch/apptools-5.3.1-pyhe01879c_1.conda#3e000537d5c2e24700859396cbcca642
https://conda.anaconda.org/conda-forge/osx-64/contourpy-1.3.3-py313hc551f4f_2.conda#51eb4d5f1de7beda42425e430364165b
https://conda.anaconda.org/conda-forge/osx-64/gmsh-4.13.1-h36a9002_1.conda#027c8b64fdad6be8be348565c792c804
https://conda.anaconda.org/conda-forge/osx-64/harfbuzz-11.4.5-h0ffbb26_0.conda#6dfe87116a746f3c2e93eec0df8386ec
https://conda.anaconda.org/conda-forge/osx-64/libklu-2.3.5-hc7f8671_7100102.conda#f8f2969a094871051542a39670de0081
https://conda.anaconda.org/conda-forge/osx-64/libspqr-4.3.4-h795628b_7100102.conda#e8f29a760db892904186a4254050cdcf
https://conda.anaconda.org/conda-forge/osx-64/libumfpack-6.3.5-h0658b90_7100102.conda#5bbb030bebe81147dc7a0bfa1f821cdc
https://conda.anaconda.org/conda-forge/osx-64/mumps-mpi-5.8.1-hb66352f_3.conda#ec4895b45a10086f0cebc08530ddad07
https://conda.anaconda.org/conda-forge/osx-64/qt-main-5.15.15-h0f7c986_5.conda#5804fb9597d43ac4724146c5fdc79a51
https://conda.anaconda.org/conda-forge/osx-64/scipy-1.16.1-py313hf2e9e4d_1.conda#0acfa7f16b706fed7238e5b67d4e5abf
https://conda.anaconda.org/conda-forge/noarch/envisage-7.0.4-pyhe01879c_1.conda#93d5de81dddff008fe487f440909bd8a
https://conda.anaconda.org/conda-forge/osx-64/matplotlib-base-3.10.6-py313h4ad75b8_1.conda#ea88ae8e6f51e16c2b9353575a973a49
https://conda.anaconda.org/conda-forge/osx-64/petsc-3.23.6-real_h72e63a1_0.conda#9e05e470321009859b51de225289cfa8
https://conda.anaconda.org/conda-forge/osx-64/pyqt-5.15.11-py313hd0a0b42_1.conda#4e82ac383f739a49af60a15981e36d2f
https://conda.anaconda.org/conda-forge/osx-64/qt6-main-6.9.2-h4b75615_0.conda#b8edc8c1cd269aa01e071ae075ba2dce
https://conda.anaconda.org/conda-forge/noarch/steppyngstounes-0.1.1-pyhd8ed1ab_0.conda#e3c8c824fc1ee74a59f793dfddd4cb83
https://conda.anaconda.org/conda-forge/osx-64/petsc4py-3.23.6-np2py313h2bdc635_1.conda#f9a04a06cf843f836686f63ab26ccc2d
https://conda.anaconda.org/conda-forge/osx-64/vtk-base-9.4.2-py313ha87bd08_4.conda#6a1e927cc3a31ee15510a6c88b38082c
https://conda.anaconda.org/conda-forge/osx-64/mayavi-4.8.3-pyqt_py313hb390b2e_301.conda#74328a35e86a1184ef3016bcb2eef563
