# Generated by conda-lock.
# platform: linux-64
# input_hash: 407df41309fd26867df7da4ca1764a682d2f6deb09b69b6169fb79fbb79063ba
@EXPLICIT
https://conda.anaconda.org/conda-forge/linux-64/_libgcc_mutex-0.1-conda_forge.tar.bz2#d7c89558ba9fa0495403155b64376d81
https://conda.anaconda.org/conda-forge/linux-64/ca-certificates-2023.11.17-hbcca054_0.conda#01ffc8d36f9eba0ce0b3c1955fa780ee
https://conda.anaconda.org/conda-forge/noarch/font-ttf-dejavu-sans-mono-2.37-hab24e00_0.tar.bz2#0c96522c6bdaed4b1566d11387caaf45
https://conda.anaconda.org/conda-forge/noarch/font-ttf-inconsolata-3.000-h77eed37_0.tar.bz2#34893075a5c9e55cdafac56607368fc6
https://conda.anaconda.org/conda-forge/noarch/font-ttf-source-code-pro-2.038-h77eed37_0.tar.bz2#4d59c254e01d9cde7957100457e2d5fb
https://conda.anaconda.org/conda-forge/noarch/font-ttf-ubuntu-0.83-h77eed37_1.conda#6185f640c43843e5ad6fd1c5372c3f80
https://conda.anaconda.org/conda-forge/linux-64/ld_impl_linux-64-2.40-h41732ed_0.conda#7aca3059a1729aa76c597603f10b0dd3
https://conda.anaconda.org/conda-forge/linux-64/libstdcxx-ng-13.2.0-h7e041cc_3.conda#937eaed008f6bf2191c5fe76f87755e9
https://conda.anaconda.org/conda-forge/linux-64/mpi-1.0-mpich.tar.bz2#c1fcff3417b5a22bbc4cf6e8c23648cf
https://conda.anaconda.org/conda-forge/linux-64/mumps-include-5.2.1-ha770c72_14.conda#9b64b2487cf5e5cbc0f77d9a7af74820
https://conda.anaconda.org/conda-forge/linux-64/nlohmann_json-3.11.2-h27087fc_0.tar.bz2#b7743cf3f8da023abe95afc215111555
https://conda.anaconda.org/conda-forge/linux-64/python_abi-3.11-4_cp311.conda#d786502c97404c94d7d58d258a445a65
https://conda.anaconda.org/conda-forge/noarch/tzdata-2023c-h71feb2d_0.conda#939e3e74d8be4dac89ce83b20de2492a
https://conda.anaconda.org/conda-forge/linux-64/utfcpp-4.0.4-ha770c72_0.conda#fe0aa3ea88da0546dd903bbed6629f0a
https://conda.anaconda.org/conda-forge/noarch/fonts-conda-forge-1-0.tar.bz2#f766549260d6815b0c52253f1fb1bb29
https://conda.anaconda.org/conda-forge/linux-64/libgomp-13.2.0-h807b86a_3.conda#7124cbb46b13d395bdde68f2d215c989
https://conda.anaconda.org/conda-forge/linux-64/_openmp_mutex-4.5-2_gnu.tar.bz2#73aaf86a425cc6e73fcf236a5a46396d
https://conda.anaconda.org/conda-forge/noarch/fonts-conda-ecosystem-1-0.tar.bz2#fee5683a3f04bd15cbd8318b096a27ab
https://conda.anaconda.org/conda-forge/linux-64/libgcc-ng-13.2.0-h807b86a_3.conda#23fdf1fef05baeb7eadc2aed5fb0011f
https://conda.anaconda.org/conda-forge/linux-64/alsa-lib-1.2.10-hd590300_0.conda#75dae9a4201732aa78a530b826ee5fe0
https://conda.anaconda.org/conda-forge/linux-64/aom-3.7.1-h59595ed_0.conda#504e70332b8322cda93b7bceb5925fca
https://conda.anaconda.org/conda-forge/linux-64/attr-2.5.1-h166bdaf_1.tar.bz2#d9c69a24ad678ffce24c6543a0176b00
https://conda.anaconda.org/conda-forge/linux-64/bzip2-1.0.8-hd590300_5.conda#69b8b6202a07720f448be700e300ccf4
https://conda.anaconda.org/conda-forge/linux-64/c-ares-1.23.0-hd590300_0.conda#d459949bc10f64dee1595c176c2e6291
https://conda.anaconda.org/conda-forge/linux-64/dav1d-1.2.1-hd590300_0.conda#418c6ca5929a611cbd69204907a83995
https://conda.anaconda.org/conda-forge/linux-64/double-conversion-3.3.0-h59595ed_0.conda#c2f83a5ddadadcdb08fe05863295ee97
https://conda.anaconda.org/conda-forge/linux-64/eigen-3.4.0-h00ab1b0_0.conda#b1b879d6d093f55dd40d58b5eb2f0699
https://conda.anaconda.org/conda-forge/linux-64/fribidi-1.0.10-h36c2ea0_0.tar.bz2#ac7bc6a654f8f41b352b38f4051135f8
https://conda.anaconda.org/conda-forge/linux-64/gettext-0.21.1-h27087fc_0.tar.bz2#14947d8770185e5153fdd04d4673ed37
https://conda.anaconda.org/conda-forge/linux-64/gmp-6.3.0-h59595ed_0.conda#0e33ef437202db431aa5a928248cf2e8
https://conda.anaconda.org/conda-forge/linux-64/graphite2-1.3.13-h58526e2_1001.tar.bz2#8c54672728e8ec6aa6db90cf2806d220
https://conda.anaconda.org/conda-forge/linux-64/icu-73.2-h59595ed_0.conda#cc47e1facc155f91abd89b11e48e72ff
https://conda.anaconda.org/conda-forge/linux-64/jsoncpp-1.9.5-h4bd325d_1.tar.bz2#ae7f50dd1e78c7e78b5d2cf7062e559d
https://conda.anaconda.org/conda-forge/linux-64/jxrlib-1.1-h7f98852_2.tar.bz2#8e787b08fe19986d99d034b839df2961
https://conda.anaconda.org/conda-forge/linux-64/keyutils-1.6.1-h166bdaf_0.tar.bz2#30186d27e2c9fa62b45fb1476b7200e3
https://conda.anaconda.org/conda-forge/linux-64/lame-3.100-h166bdaf_1003.tar.bz2#a8832b479f93521a9e7b5b743803be51
https://conda.anaconda.org/conda-forge/linux-64/lerc-4.0.0-h27087fc_0.tar.bz2#76bbff344f0134279f225174e9064c8f
https://conda.anaconda.org/conda-forge/linux-64/libaec-1.1.2-h59595ed_1.conda#127b0be54c1c90760d7fe02ea7a56426
https://conda.anaconda.org/conda-forge/linux-64/libbrotlicommon-1.1.0-hd590300_1.conda#aec6c91c7371c26392a06708a73c70e5
https://conda.anaconda.org/conda-forge/linux-64/libdeflate-1.19-hd590300_0.conda#1635570038840ee3f9c71d22aa5b8b6d
https://conda.anaconda.org/conda-forge/linux-64/libev-4.33-hd590300_2.conda#172bf1cd1ff8629f2b1179945ed45055
https://conda.anaconda.org/conda-forge/linux-64/libexpat-2.5.0-hcb278e6_1.conda#6305a3dd2752c76335295da4e581f2fd
https://conda.anaconda.org/conda-forge/linux-64/libffi-3.4.2-h7f98852_5.tar.bz2#d645c6d2ac96843a2bfaccd2d62b3ac3
https://conda.anaconda.org/conda-forge/linux-64/libgfortran5-13.2.0-ha4646dd_3.conda#c714d905cdfa0e70200f68b80cc04764
https://conda.anaconda.org/conda-forge/linux-64/libiconv-1.17-hd590300_1.conda#4b06b43d0eca61db2899e4d7a289c302
https://conda.anaconda.org/conda-forge/linux-64/libjpeg-turbo-3.0.0-hd590300_1.conda#ea25936bb4080d843790b586850f82b8
https://conda.anaconda.org/conda-forge/linux-64/libnsl-2.0.1-hd590300_0.conda#30fd6e37fe21f86f4bd26d6ee73eeec7
https://conda.anaconda.org/conda-forge/linux-64/libogg-1.3.4-h7f98852_1.tar.bz2#6e8cc2173440d77708196c5b93771680
https://conda.anaconda.org/conda-forge/linux-64/libopus-1.3.1-h7f98852_1.tar.bz2#15345e56d527b330e1cacbdf58676e8f
https://conda.anaconda.org/conda-forge/linux-64/libpciaccess-0.17-h166bdaf_0.tar.bz2#b7463391cf284065294e2941dd41ab95
https://conda.anaconda.org/conda-forge/linux-64/libtasn1-4.19.0-h166bdaf_0.tar.bz2#93840744a8552e9ebf6bb1a5dffc125a
https://conda.anaconda.org/conda-forge/linux-64/libunistring-0.9.10-h7f98852_0.tar.bz2#7245a044b4a1980ed83196176b78b73a
https://conda.anaconda.org/conda-forge/linux-64/libuuid-2.38.1-h0b41bf4_0.conda#40b61aab5c7ba9ff276c41cfffe6b80b
https://conda.anaconda.org/conda-forge/linux-64/libvpx-1.13.1-h59595ed_0.conda#0974a6d3432e10bae02bcab0cce1b308
https://conda.anaconda.org/conda-forge/linux-64/libwebp-base-1.3.2-hd590300_0.conda#30de3fd9b3b602f7473f30e684eeea8c
https://conda.anaconda.org/conda-forge/linux-64/libzlib-1.2.13-hd590300_5.conda#f36c115f1ee199da648e0597ec2047ad
https://conda.anaconda.org/conda-forge/linux-64/lz4-c-1.9.4-hcb278e6_0.conda#318b08df404f9c9be5712aaa5a6f0bb0
https://conda.anaconda.org/conda-forge/linux-64/metis-5.1.1-h59595ed_2.conda#9ba5910c34210e7ad60736d172bbcd4c
https://conda.anaconda.org/conda-forge/linux-64/mpg123-1.32.3-h59595ed_0.conda#bdadff838d5437aea83607ced8b37f75
https://conda.anaconda.org/conda-forge/linux-64/ncurses-6.4-h59595ed_2.conda#7dbaa197d7ba6032caf7ae7f32c1efa0
https://conda.anaconda.org/conda-forge/linux-64/nettle-3.9.1-h7ab15ed_0.conda#2bf1915cc107738811368afcb0993a59
https://conda.anaconda.org/conda-forge/linux-64/nspr-4.35-h27087fc_0.conda#da0ec11a6454ae19bff5b02ed881a2b1
https://conda.anaconda.org/conda-forge/linux-64/openh264-2.4.0-h59595ed_0.conda#bfdc3111edbb41be5b44a0e7b21030c5
https://conda.anaconda.org/conda-forge/linux-64/openssl-3.2.0-hd590300_1.conda#603827b39ea2b835268adb8c821b8570
https://conda.anaconda.org/conda-forge/linux-64/pixman-0.42.2-h59595ed_0.conda#700edd63ccd5fc66b70b1c028cea9a68
https://conda.anaconda.org/conda-forge/linux-64/pthread-stubs-0.4-h36c2ea0_1001.tar.bz2#22dad4df6e8630e8dff2428f6f6a7036
https://conda.anaconda.org/conda-forge/linux-64/pugixml-1.14-h59595ed_0.conda#2c97dd90633508b422c11bd3018206ab
https://conda.anaconda.org/conda-forge/linux-64/rapidjson-1.1.0-he1b5a44_1002.tar.bz2#37d4fdbb92d573c7d6ab6de74a666dc4
https://conda.anaconda.org/conda-forge/linux-64/snappy-1.1.10-h9fff704_0.conda#e6d228cd0bb74a51dd18f5bfce0b4115
https://conda.anaconda.org/conda-forge/linux-64/svt-av1-1.7.0-h59595ed_0.conda#b6e0b4f1edc2740d1cf87669195c39d4
https://conda.anaconda.org/conda-forge/linux-64/x264-1!164.3095-h166bdaf_2.tar.bz2#6c99772d483f566d59e25037fea2c4b1
https://conda.anaconda.org/conda-forge/linux-64/x265-3.5-h924138e_3.tar.bz2#e7f6ed84d4623d52ee581325c1587a6b
https://conda.anaconda.org/conda-forge/linux-64/xorg-kbproto-1.0.7-h7f98852_1002.tar.bz2#4b230e8381279d76131116660f5a241a
https://conda.anaconda.org/conda-forge/linux-64/xorg-libice-1.1.1-hd590300_0.conda#b462a33c0be1421532f28bfe8f4a7514
https://conda.anaconda.org/conda-forge/linux-64/xorg-libxau-1.0.11-hd590300_0.conda#2c80dc38fface310c9bd81b17037fee5
https://conda.anaconda.org/conda-forge/linux-64/xorg-libxdmcp-1.1.3-h7f98852_0.tar.bz2#be93aabceefa2fac576e971aef407908
https://conda.anaconda.org/conda-forge/linux-64/xorg-renderproto-0.11.1-h7f98852_1002.tar.bz2#06feff3d2634e3097ce2fe681474b534
https://conda.anaconda.org/conda-forge/linux-64/xorg-xextproto-7.3.0-h0b41bf4_1003.conda#bce9f945da8ad2ae9b1d7165a64d0f87
https://conda.anaconda.org/conda-forge/linux-64/xorg-xf86vidmodeproto-2.3.1-h7f98852_1002.tar.bz2#3ceea9668625c18f19530de98b15d5b0
https://conda.anaconda.org/conda-forge/linux-64/xorg-xproto-7.0.31-h7f98852_1007.tar.bz2#b4a4381d54784606820704f7b5f05a15
https://conda.anaconda.org/conda-forge/linux-64/xz-5.2.6-h166bdaf_0.tar.bz2#2161070d867d1b1204ea749c8eec4ef0
https://conda.anaconda.org/conda-forge/linux-64/yaml-0.2.5-h7f98852_2.tar.bz2#4cb3ad778ec2d5a7acbdf254eb1c42ae
https://conda.anaconda.org/conda-forge/linux-64/expat-2.5.0-hcb278e6_1.conda#8b9b5aca60558d02ddaa09d599e55920
https://conda.anaconda.org/conda-forge/linux-64/hdf4-4.2.15-h2a13503_7.conda#bd77f8da987968ec3927990495dc22e4
https://conda.anaconda.org/conda-forge/linux-64/imath-3.1.9-hfc55251_0.conda#73f8b3aecf00f4a7eee44faed06164b3
https://conda.anaconda.org/conda-forge/linux-64/libbrotlidec-1.1.0-hd590300_1.conda#f07002e225d7a60a694d42a7bf5ff53f
https://conda.anaconda.org/conda-forge/linux-64/libbrotlienc-1.1.0-hd590300_1.conda#5fc11c6020d421960607d821310fcd4d
https://conda.anaconda.org/conda-forge/linux-64/libcap-2.69-h0f662aa_0.conda#25cb5999faa414e5ccb2c1388f62d3d5
https://conda.anaconda.org/conda-forge/linux-64/libdrm-2.4.114-h166bdaf_0.tar.bz2#efb58e80f5d0179a783c4e76c3df3b9c
https://conda.anaconda.org/conda-forge/linux-64/libedit-3.1.20191231-he28a2e2_2.tar.bz2#4d331e44109e3f0e19b4cb8f9b82f3e1
https://conda.anaconda.org/conda-forge/linux-64/libevent-2.1.12-hf998b51_1.conda#a1cfcc585f0c42bf8d5546bb1dfb668d
https://conda.anaconda.org/conda-forge/linux-64/libflac-1.4.3-h59595ed_0.conda#ee48bf17cc83a00f59ca1494d5646869
https://conda.anaconda.org/conda-forge/linux-64/libgfortran-ng-13.2.0-h69a702a_3.conda#73031c79546ad06f1fe62e57fdd021bc
https://conda.anaconda.org/conda-forge/linux-64/libgpg-error-1.47-h71f35ed_0.conda#c2097d0b46367996f09b4e8e4920384a
https://conda.anaconda.org/conda-forge/linux-64/libidn2-2.3.4-h166bdaf_0.tar.bz2#7440fbafd870b8bab68f83a064875d34
https://conda.anaconda.org/conda-forge/linux-64/libnghttp2-1.58.0-h47da74e_1.conda#700ac6ea6d53d5510591c4344d5c989a
https://conda.anaconda.org/conda-forge/linux-64/libpng-1.6.39-h753d276_0.conda#e1c890aebdebbfbf87e2c917187b4416
https://conda.anaconda.org/conda-forge/linux-64/libsqlite-3.44.2-h2797004_0.conda#3b6a9f225c3dbe0d24f4fedd4625c5bf
https://conda.anaconda.org/conda-forge/linux-64/libssh2-1.11.0-h0841786_0.conda#1f5a58e686b13bcfde88b93f547d23fe
https://conda.anaconda.org/conda-forge/linux-64/libvorbis-1.3.7-h9c3ff4c_0.tar.bz2#309dec04b70a3cc0f1e84a4013683bc0
https://conda.anaconda.org/conda-forge/linux-64/libxcb-1.15-h0b41bf4_0.conda#33277193f5b92bad9fdd230eb700929c
https://conda.anaconda.org/conda-forge/linux-64/libxml2-2.11.6-h232c23b_0.conda#427a3e59d66cb5d145020bd9c6493334
https://conda.anaconda.org/conda-forge/linux-64/libzip-1.10.1-h2629f0a_3.conda#ac79812548e7e8cf61f7b0abdef01d3b
https://conda.anaconda.org/conda-forge/linux-64/mpfr-4.2.1-h9458935_0.conda#4c28f3210b30250037a4a627eeee9e0f
https://conda.anaconda.org/conda-forge/linux-64/mysql-common-8.0.33-hf1915f5_6.conda#80bf3b277c120dd294b51d404b931a75
https://conda.anaconda.org/conda-forge/linux-64/p11-kit-0.24.1-hc5aa10d_0.tar.bz2#56ee94e34b71742bbdfa832c974e47a8
https://conda.anaconda.org/conda-forge/linux-64/pcre2-10.42-hcad00b1_0.conda#679c8961826aa4b50653bce17ee52abe
https://conda.anaconda.org/conda-forge/linux-64/readline-8.2-h8228510_1.conda#47d31b792659ce70f470b5c82fdfb7a4
https://conda.anaconda.org/conda-forge/linux-64/tk-8.6.13-noxft_h4845f30_101.conda#d453b98d9c83e71da0741bb0ff4d76bc
https://conda.anaconda.org/conda-forge/linux-64/xorg-fixesproto-5.0-h7f98852_1002.tar.bz2#65ad6e1eb4aed2b0611855aff05e04f6
https://conda.anaconda.org/conda-forge/linux-64/xorg-libsm-1.2.4-h7391055_0.conda#93ee23f12bc2e684548181256edd2cf6
https://conda.anaconda.org/conda-forge/linux-64/zlib-1.2.13-hd590300_5.conda#68c34ec6149623be41a1933ab996a209
https://conda.anaconda.org/conda-forge/linux-64/zstd-1.5.5-hfc55251_0.conda#04b88013080254850d6c01ed54810589
https://conda.anaconda.org/conda-forge/linux-64/blosc-1.21.5-h0f2a231_0.conda#009521b7ed97cca25f8f997f9e745976
https://conda.anaconda.org/conda-forge/linux-64/brotli-bin-1.1.0-hd590300_1.conda#39f910d205726805a958da408ca194ba
https://conda.anaconda.org/conda-forge/linux-64/freetype-2.12.1-h267a509_2.conda#9ae35c3d96db2c94ce0cef86efdfa2cb
https://conda.anaconda.org/conda-forge/linux-64/gl2ps-1.4.2-h0708190_0.tar.bz2#438718bf8921ac70956d919d0e2cc487
https://conda.anaconda.org/conda-forge/linux-64/gnutls-3.7.9-hb077bed_0.conda#33eded89024f21659b1975886a4acf70
https://conda.anaconda.org/conda-forge/linux-64/krb5-1.21.2-h659d440_0.conda#cd95826dbd331ed1be26bdf401432844
https://conda.anaconda.org/conda-forge/linux-64/libgcrypt-1.10.3-hd590300_0.conda#32d16ad533c59bb0a3c5ffaf16110829
https://conda.anaconda.org/conda-forge/linux-64/libglib-2.78.3-h783c2da_0.conda#9bd06b12bbfa6fd1740fd23af4b0f0c7
https://conda.anaconda.org/conda-forge/linux-64/libhwloc-2.9.3-default_h554bfaf_1009.conda#f36ddc11ca46958197a45effdd286e45
https://conda.anaconda.org/conda-forge/linux-64/libllvm15-15.0.7-h5cf9203_3.conda#9efe82d44b76a7529a1d702e5a37752e
https://conda.anaconda.org/conda-forge/linux-64/libopenblas-0.3.25-pthreads_h413a1c8_0.conda#d172b34a443b95f86089e8229ddc9a17
https://conda.anaconda.org/conda-forge/linux-64/libscotch-7.0.4-h91e35bf_1.conda#5716a9d2428758c0b7d3ad3d62491918
https://conda.anaconda.org/conda-forge/linux-64/libsndfile-1.2.2-hc60ed4a_1.conda#ef1910918dd895516a769ed36b5b3a4e
https://conda.anaconda.org/conda-forge/linux-64/libtheora-1.1.1-h7f98852_1005.tar.bz2#1a7c35f56343b7e9e8db20b296c7566c
https://conda.anaconda.org/conda-forge/linux-64/libtiff-4.6.0-ha9c0a0a_2.conda#55ed21669b2015f77c180feb1dd41930
https://conda.anaconda.org/conda-forge/linux-64/mpich-4.1.2-h846660c_100.conda#730edd1a750c573e78a17e76debc4d41
https://conda.anaconda.org/conda-forge/linux-64/mysql-libs-8.0.33-hca2cd23_6.conda#e87530d1b12dd7f4e0f856dc07358d60
https://conda.anaconda.org/conda-forge/linux-64/nss-3.95-h1d7d5a4_0.conda#d3a8067adcc45a923f4b1987c91d69da
https://conda.anaconda.org/conda-forge/linux-64/openexr-3.2.1-h3f0fd8d_0.conda#76df8e97c9d28062f4ea8a356bda1232
https://conda.anaconda.org/conda-forge/linux-64/python-3.11.6-hab00c5b_0_cpython.conda#b0dfbe2fcbfdb097d321bfd50ecddab1
https://conda.anaconda.org/conda-forge/linux-64/sqlite-3.44.2-h2c6b66d_0.conda#4f2892c672829693fd978d065db4e8be
https://conda.anaconda.org/conda-forge/linux-64/xcb-util-0.4.0-hd590300_1.conda#9bfac7ccd94d54fd21a0501296d60424
https://conda.anaconda.org/conda-forge/linux-64/xcb-util-keysyms-0.4.0-h8ee46fc_1.conda#632413adcd8bc16b515cab87a2932913
https://conda.anaconda.org/conda-forge/linux-64/xcb-util-renderutil-0.3.9-hd590300_1.conda#e995b155d938b6779da6ace6c6b13816
https://conda.anaconda.org/conda-forge/linux-64/xcb-util-wm-0.4.1-h8ee46fc_1.conda#90108a432fb5c6150ccfee3f03388656
https://conda.anaconda.org/conda-forge/linux-64/xorg-libx11-1.8.7-h8ee46fc_0.conda#49e482d882669206653b095f5206c05b
https://conda.anaconda.org/conda-forge/noarch/attrs-23.1.0-pyh71513ae_1.conda#3edfead7cedd1ab4400a6c588f3e75f8
https://conda.anaconda.org/conda-forge/linux-64/brotli-1.1.0-hd590300_1.conda#f27a24d46e3ea7b70a1f98e50c62508f
https://conda.anaconda.org/conda-forge/noarch/certifi-2023.11.17-pyhd8ed1ab_0.conda#2011bcf45376341dd1d690263fdbc789
https://conda.anaconda.org/conda-forge/noarch/cycler-0.12.1-pyhd8ed1ab_0.conda#5cd86562580f274031ede6aa6aa24441
https://conda.anaconda.org/conda-forge/linux-64/dbus-1.13.6-h5008d03_3.tar.bz2#ecfff944ba3960ecb334b9a2663d708d
https://conda.anaconda.org/conda-forge/linux-64/fftw-3.3.10-mpi_mpich_h5537406_8.conda#e1d6091118e52266e9b8e20e0dc6cc23
https://conda.anaconda.org/conda-forge/linux-64/fontconfig-2.14.2-h14ed4e7_0.conda#0f69b688f52ff6da70bccb7ff7001d1d
https://conda.anaconda.org/conda-forge/linux-64/frozenlist-1.4.0-py311h459d7ec_1.conda#23d0b2d02252b32ee14e5063ccfb41e2
https://conda.anaconda.org/conda-forge/noarch/future-0.18.3-pyhd8ed1ab_0.conda#fec8329fc739090f26a7d7803db254f1
https://conda.anaconda.org/conda-forge/linux-64/glib-tools-2.78.3-hfc55251_0.conda#41d2f46e0ac8372eeb959860713d9b21
https://conda.anaconda.org/conda-forge/noarch/idna-3.6-pyhd8ed1ab_0.conda#1a76f09108576397c41c0b0c5bd84134
https://conda.anaconda.org/conda-forge/linux-64/kiwisolver-1.4.5-py311h9547e67_1.conda#2c65bdf442b0d37aad080c8a4e0d452f
https://conda.anaconda.org/conda-forge/linux-64/lcms2-2.16-hb7c19ff_0.conda#51bb7010fc86f70eee639b4bb7a894f5
https://conda.anaconda.org/conda-forge/linux-64/libblas-3.9.0-20_linux64_openblas.conda#2b7bb4f7562c8cf334fc2e20c2d28abc
https://conda.anaconda.org/conda-forge/linux-64/libclang13-15.0.7-default_ha2b6cf4_4.conda#898e0dd993afbed0d871b60c2eb33b83
https://conda.anaconda.org/conda-forge/linux-64/libcups-2.3.3-h4637d8d_4.conda#d4529f4dff3057982a7617c7ac58fde3
https://conda.anaconda.org/conda-forge/linux-64/libcurl-8.5.0-hca28451_0.conda#7144d5a828e2cae218e0e3c98d8a0aeb
https://conda.anaconda.org/conda-forge/linux-64/libpq-16.1-h33b98f1_7.conda#675317e46167caea24542d85c72f19a3
https://conda.anaconda.org/conda-forge/linux-64/libsystemd0-255-h3516f8a_0.conda#24e2649ebd432e652aa72cfd05f23a8e
https://conda.anaconda.org/conda-forge/linux-64/loguru-0.7.2-py311h38be061_1.conda#94a4521bd7933a66d76b0274dbf8d2dd
https://conda.anaconda.org/conda-forge/linux-64/mpi4py-3.1.5-py311he01e52e_0.conda#45e85bfa8e7bdb9f4ad1f42e403db874
https://conda.anaconda.org/conda-forge/linux-64/multidict-6.0.4-py311h459d7ec_1.conda#3dc76316237c8f7e7231d61b76c62b7c
https://conda.anaconda.org/conda-forge/noarch/munkres-1.1.4-pyh9f0ad1d_0.tar.bz2#2ba8498c1018c1e9c61eb99b973dfe19
https://conda.anaconda.org/conda-forge/linux-64/openjpeg-2.5.0-h488ebb8_3.conda#128c25b7fe6a25286a48f3a6a9b5b6f3
https://conda.anaconda.org/conda-forge/noarch/packaging-23.2-pyhd8ed1ab_0.conda#79002079284aa895f883c6b7f3f88fd6
https://conda.anaconda.org/conda-forge/linux-64/parmetis-4.0.3-h2a9763c_1005.tar.bz2#d32150ac4a75576e7d8043379e7f1059
https://conda.anaconda.org/conda-forge/noarch/ply-3.11-py_1.tar.bz2#7205635cd71531943440fbfe3b6b5727
https://conda.anaconda.org/conda-forge/noarch/pygments-2.17.2-pyhd8ed1ab_0.conda#140a7f159396547e9799aa98f9f0742e
https://conda.anaconda.org/conda-forge/noarch/pyparsing-3.1.1-pyhd8ed1ab_0.conda#176f7d56f0cfe9008bdf1bccd7de02fb
https://conda.anaconda.org/conda-forge/linux-64/scotch-7.0.4-h23d43cc_1.conda#29663db7f60e56db7a2576ddf5a7fdc2
https://conda.anaconda.org/conda-forge/noarch/setuptools-68.2.2-pyhd8ed1ab_0.conda#fc2166155db840c634a1291a5c35a709
https://conda.anaconda.org/conda-forge/noarch/six-1.16.0-pyh6c4a22f_0.tar.bz2#e5f25f8dbc060e9a8d912e432202afc2
https://conda.anaconda.org/conda-forge/linux-64/tbb-2021.11.0-h00ab1b0_0.conda#fde515afbbe6e36eb4564965c20b1058
https://conda.anaconda.org/conda-forge/noarch/toml-0.10.2-pyhd8ed1ab_0.tar.bz2#f832c45a477c78bebd107098db465095
https://conda.anaconda.org/conda-forge/noarch/tomli-2.0.1-pyhd8ed1ab_0.tar.bz2#5844808ffab9ebdb694585b50ba02a96
https://conda.anaconda.org/conda-forge/linux-64/traits-6.4.3-py311h459d7ec_0.conda#3c1129080028ce69a3e2c008cc74b93b
https://conda.anaconda.org/conda-forge/noarch/wheel-0.42.0-pyhd8ed1ab_0.conda#1cdea58981c5cbc17b51973bcaddcea7
https://conda.anaconda.org/conda-forge/linux-64/xcb-util-image-0.4.0-h8ee46fc_1.conda#9d7bcddf49cbf727730af10e71022c73
https://conda.anaconda.org/conda-forge/linux-64/xkeyboard-config-2.40-hd590300_0.conda#07c15d846a2e4d673da22cbd85fdb6d2
https://conda.anaconda.org/conda-forge/linux-64/xorg-libxext-1.3.4-h0b41bf4_2.conda#82b6df12252e6f32402b96dacc656fec
https://conda.anaconda.org/conda-forge/linux-64/xorg-libxfixes-5.0.3-h7f98852_1004.tar.bz2#e9a21aa4d5e3e5f1aed71e8cefd46b6a
https://conda.anaconda.org/conda-forge/linux-64/xorg-libxrender-0.9.11-hd590300_0.conda#ed67c36f215b310412b2af935bf3e530
https://conda.anaconda.org/conda-forge/linux-64/xorg-libxt-1.3.0-hd590300_1.conda#ae92aab42726eb29d16488924f7312cb
https://conda.anaconda.org/conda-forge/noarch/zipp-3.17.0-pyhd8ed1ab_0.conda#2e4d6bc0b14e10f895fc6791a7d9b26a
https://conda.anaconda.org/conda-forge/noarch/aiosignal-1.3.1-pyhd8ed1ab_0.tar.bz2#d1e1eb7e21a9e2c74279d87dafb68156
https://conda.anaconda.org/conda-forge/linux-64/cairo-1.18.0-h3faef2a_0.conda#f907bb958910dc404647326ca80c263e
https://conda.anaconda.org/conda-forge/noarch/configobj-5.0.8-pyhd8ed1ab_0.conda#04c71f400324538d4396407ea2ffb34f
https://conda.anaconda.org/conda-forge/linux-64/fonttools-4.46.0-py311h459d7ec_0.conda#a14114f70e23f7fd5ab9941fec45b095
https://conda.anaconda.org/conda-forge/linux-64/glib-2.78.3-hfc55251_0.conda#e08e51acc7d1ae8dbe13255e7b4c64ac
https://conda.anaconda.org/conda-forge/linux-64/hdf5-1.14.3-mpi_mpich_ha2c2bf8_0.conda#12662900b822f215d6f3d86a188824c9
https://conda.anaconda.org/conda-forge/noarch/importlib-metadata-7.0.0-pyha770c72_0.conda#a941237cd06538837b25cd245fcd25d8
https://conda.anaconda.org/conda-forge/noarch/importlib_resources-6.1.1-pyhd8ed1ab_0.conda#3d5fa25cf42f3f32a12b2d874ace8574
https://conda.anaconda.org/conda-forge/linux-64/libcblas-3.9.0-20_linux64_openblas.conda#36d486d72ab64ffea932329a1d3729a3
https://conda.anaconda.org/conda-forge/linux-64/libclang-15.0.7-default_hb11cfb5_4.conda#c90f4cbb57839c98fef8f830e4b9972f
https://conda.anaconda.org/conda-forge/linux-64/libglu-9.0.0-hac7e632_1003.conda#50c389a09b6b7babaef531eb7cb5e0ca
https://conda.anaconda.org/conda-forge/linux-64/liblapack-3.9.0-20_linux64_openblas.conda#6fabc51f5e647d09cc010c40061557e0
https://conda.anaconda.org/conda-forge/linux-64/libptscotch-7.0.4-h2376d02_1.conda#3bae9801709c714adf2465f8cb69b7dc
https://conda.anaconda.org/conda-forge/linux-64/libraw-0.21.1-h2a13503_2.conda#63ab3e0cf149917a08af38b2786320c0
https://conda.anaconda.org/conda-forge/linux-64/libva-2.20.0-hd590300_0.conda#933bcea637569c6cea6084957028cb53
https://conda.anaconda.org/conda-forge/linux-64/libxkbcommon-1.6.0-h5d7e998_0.conda#d8edd0e29db6fb6b6988e1a28d35d994
https://conda.anaconda.org/conda-forge/linux-64/pillow-10.1.0-py311ha6c5da5_0.conda#83a988daf5c49e57f7d2086fb6781fe8
https://conda.anaconda.org/conda-forge/noarch/pip-23.3.1-pyhd8ed1ab_0.conda#2400c0b86889f43aa52067161e1fb108
https://conda.anaconda.org/conda-forge/linux-64/proj-9.3.0-h1d62c97_2.conda#b5e57a0c643da391bef850922963eece
https://conda.anaconda.org/conda-forge/linux-64/pulseaudio-client-16.1-hb77b528_5.conda#ac902ff3c1c6d750dd0dfc93a974ab74
https://conda.anaconda.org/conda-forge/noarch/python-dateutil-2.8.2-pyhd8ed1ab_0.tar.bz2#dd999d1cc9f79e67dbb855c8924c7984
https://conda.anaconda.org/conda-forge/linux-64/sip-6.7.12-py311hb755f60_0.conda#02336abab4cb5dd794010ef53c54bd09
https://conda.anaconda.org/conda-forge/linux-64/tbb-devel-2021.11.0-h00ab1b0_0.conda#e4b0517f8c39a1ee8c8768c4771b757b
https://conda.anaconda.org/conda-forge/linux-64/xorg-libxmu-1.1.3-h7f98852_0.tar.bz2#3cdb89236358326adfce12be820a8af3
https://conda.anaconda.org/conda-forge/linux-64/yarl-1.9.3-py311h459d7ec_0.conda#96f995652440b0a9266d66a691d9eff9
https://conda.anaconda.org/conda-forge/linux-64/aiohttp-3.9.1-py311h459d7ec_0.conda#a51ceb9a9219e3c11af56b2b77794839
https://conda.anaconda.org/conda-forge/linux-64/fltk-1.3.9-hea138e6_0.conda#ddcdbcc4fb8918767d6145239c1965bd
https://conda.anaconda.org/conda-forge/linux-64/freeimage-3.18.0-h7ff9cae_18.conda#f8f9b6dfe8cde23dd7e4bb224a296fa9
https://conda.anaconda.org/conda-forge/linux-64/glew-2.1.0-h9c3ff4c_2.tar.bz2#fb05eb5c47590b247658243d27fc32f1
https://conda.anaconda.org/conda-forge/linux-64/gstreamer-1.22.7-h98fc4e7_1.conda#a8d71f6705ed1f70d7099a6bd1c078ac
https://conda.anaconda.org/conda-forge/linux-64/harfbuzz-8.3.0-h3d44ed6_0.conda#5a6f6c00ef982a9bc83558d9ac8f64a0
https://conda.anaconda.org/conda-forge/linux-64/hypre-2.28.0-mpi_mpich_h716cb5e_0.conda#b41fa6129b3dad329dff734b935130ca
https://conda.anaconda.org/conda-forge/noarch/importlib_metadata-7.0.0-hd8ed1ab_0.conda#12aff14f84c337be5e5636bf612f4140
https://conda.anaconda.org/conda-forge/linux-64/libnetcdf-4.9.2-nompi_h80fb2b6_112.conda#a19fa6cacf80c8a366572853d5890eb4
https://conda.anaconda.org/conda-forge/linux-64/numpy-1.26.2-py311h64a7726_0.conda#fd2f142dcd680413b5ede5d0fb799205
https://conda.anaconda.org/conda-forge/linux-64/ptscotch-7.0.4-h23d43cc_1.conda#e08ba070042a08e16eda12d867a8a092
https://conda.anaconda.org/conda-forge/linux-64/pyqt5-sip-12.12.2-py311hb755f60_5.conda#e4d262cc3600e70b505a6761d29f6207
https://conda.anaconda.org/conda-forge/linux-64/scalapack-2.2.0-hd931219_1.tar.bz2#9913f4fb198ea6d18ba99c45aed64855
https://conda.anaconda.org/conda-forge/linux-64/suitesparse-5.10.1-h3ec001c_2.conda#9b37d27528c5f86ee09bf1fc6834da8e
https://conda.anaconda.org/conda-forge/linux-64/superlu-5.2.2-h00795ac_0.tar.bz2#2fe6fcc1c7d6e2e8ea3f16ebd3306dbe
https://conda.anaconda.org/conda-forge/linux-64/superlu_dist-8.2.1-h5902e8c_0.conda#a0a5defd83acba6c01f1f6707138c603
https://conda.anaconda.org/conda-forge/linux-64/contourpy-1.2.0-py311h9547e67_0.conda#40828c5b36ef52433e21f89943e09f33
https://conda.anaconda.org/conda-forge/linux-64/gst-plugins-base-1.22.7-h8e1006c_1.conda#89cd9374d5fc7371db238e4ef5c5f258
https://conda.anaconda.org/conda-forge/linux-64/libass-0.17.1-h8fe9dca_1.conda#c306fd9cc90c0585171167d09135a827
https://conda.anaconda.org/conda-forge/linux-64/mumps-mpi-5.2.1-h5b51c9e_14.conda#8f39ed37cb0b21d7e94aed5f2390fb39
https://conda.anaconda.org/conda-forge/linux-64/scipy-1.11.4-py311h64a7726_0.conda#9ac5334f1b5ed072d3dbc342503d7868
https://conda.anaconda.org/conda-forge/noarch/wslink-1.12.4-pyhd8ed1ab_0.conda#9c8a6235a36aaf096be3118daba08a7b
https://conda.anaconda.org/conda-forge/linux-64/ffmpeg-6.1.0-gpl_ha330e6d_102.conda#43a0392a3073a0aa82cf345bc76d00f3
https://conda.anaconda.org/conda-forge/linux-64/matplotlib-base-3.8.2-py311h54ef318_0.conda#9f80753bc008bfc9b95f39d9ff9f1694
https://conda.anaconda.org/conda-forge/linux-64/petsc-3.20.2-real_h3d2a624_104.conda#703253062fec181eb28a2ed6e31ca902
https://conda.anaconda.org/conda-forge/linux-64/qt-main-5.15.8-h82b777d_17.conda#4f01e33dbb406085a16a2813ab067e95
https://conda.anaconda.org/conda-forge/linux-64/petsc4py-3.20.1-real_h96948c6_100.conda#3331913eaf466137aaf3ed8c88a0aa21
https://conda.anaconda.org/conda-forge/linux-64/pyqt-5.15.9-py311hf0fb5b6_5.conda#ec7e45bc76d9d0b69a74a2075932b8e8
https://conda.anaconda.org/conda-forge/linux-64/vtk-base-9.2.6-qt_py311h1234567_219.conda#c6888ad75bf704f5a66960d492da8e7d
https://conda.anaconda.org/conda-forge/noarch/pyface-8.0.0-pyhd8ed1ab_0.conda#53751c009f36a67406d321a991d78a0e
https://conda.anaconda.org/conda-forge/linux-64/vtk-io-ffmpeg-9.2.6-qt_py311h1234567_219.conda#f9a6fbb5d08750839832bfac4f5811cc
https://conda.anaconda.org/conda-forge/noarch/traitsui-8.0.0-pyhd8ed1ab_0.conda#230a8da760e3037989d8d9ec8a370368
https://conda.anaconda.org/conda-forge/linux-64/vtk-9.2.6-qt_py311h1234567_219.conda#05094188412ecc6c4934e32832e2651d
https://conda.anaconda.org/conda-forge/noarch/apptools-5.1.0-pyh44b312d_0.tar.bz2#67f86126bb65837378ddd31caff9f420
https://conda.anaconda.org/conda-forge/linux-64/occt-7.7.2-all_h4c9f3c6_201.conda#c3433e65219e92395cba0cc048a45746
https://conda.anaconda.org/conda-forge/noarch/envisage-6.0.1-pyhd8ed1ab_0.tar.bz2#8db88c2ed842243a263041cde57296ca
https://conda.anaconda.org/conda-forge/linux-64/gmsh-4.11.1-h6b98cf8_6.conda#75bd38d298505234df6c2143f7471032
https://conda.anaconda.org/conda-forge/linux-64/mayavi-4.8.1-py311h3e1c0ec_7.conda#8162201eff06acf99d66332ec8533722
