# Generated by conda-lock.
# platform: osx-arm64
# input_hash: dad43f1bb00920f9c2d8bbd61e5908094e25fc173de3bb5faede0e8db3323bb1
@EXPLICIT
https://conda.anaconda.org/conda-forge/noarch/font-ttf-dejavu-sans-mono-2.37-hab24e00_0.tar.bz2#0c96522c6bdaed4b1566d11387caaf45
https://conda.anaconda.org/conda-forge/noarch/font-ttf-inconsolata-3.000-h77eed37_0.tar.bz2#34893075a5c9e55cdafac56607368fc6
https://conda.anaconda.org/conda-forge/noarch/font-ttf-source-code-pro-2.038-h77eed37_0.tar.bz2#4d59c254e01d9cde7957100457e2d5fb
https://conda.anaconda.org/conda-forge/noarch/font-ttf-ubuntu-0.83-h77eed37_3.conda#49023d73832ef61042f6a237cb2687e7
https://conda.anaconda.org/conda-forge/osx-arm64/jxrlib-1.1-h93a5062_3.conda#879997fd868f8e9e4c2a12aec8583799
https://conda.anaconda.org/conda-forge/osx-arm64/libev-4.33-h93a5062_2.conda#36d33e440c31857372a72137f78bacf5
https://conda.anaconda.org/conda-forge/osx-arm64/nlohmann_json-3.12.0-ha1acc90_0.conda#c74975897efab6cdc7f5ac5a69cca2f3
https://conda.anaconda.org/conda-forge/noarch/python_abi-3.13-8_cp313.conda#94305520c52a4aa3f6c2b1ff6008d9f8
https://conda.anaconda.org/conda-forge/noarch/tzdata-2025b-h78e105d_0.conda#4222072737ccff51314b5ece9c7d6f5a
https://conda.anaconda.org/conda-forge/osx-arm64/utfcpp-4.0.6-h54c0426_0.conda#663093debcad11b7f3f1e8d62469af05
https://conda.anaconda.org/conda-forge/osx-arm64/bzip2-1.0.8-hd037594_8.conda#58fd217444c2a5701a44244faf518206
https://conda.anaconda.org/conda-forge/osx-arm64/c-ares-1.34.5-h5505292_0.conda#f8cd1beb98240c7edb1a95883360ccfa
https://conda.anaconda.org/conda-forge/noarch/ca-certificates-2025.8.3-hbd8a1cb_0.conda#74784ee3d225fc3dca89edb635b4e5cc
https://conda.anaconda.org/conda-forge/noarch/fonts-conda-forge-1-0.tar.bz2#f766549260d6815b0c52253f1fb1bb29
https://conda.anaconda.org/conda-forge/osx-arm64/icu-75.1-hfee45f7_0.conda#5eb22c1d7b3fc4abb50d92d621583137
https://conda.anaconda.org/conda-forge/osx-arm64/libbrotlicommon-1.1.0-h6caf38d_4.conda#231cffe69d41716afe4525c5c1cc5ddd
https://conda.anaconda.org/conda-forge/osx-arm64/libcxx-21.1.1-hf598326_0.conda#d5790f3769fedeea4e021483272bdc53
https://conda.anaconda.org/conda-forge/osx-arm64/libdeflate-1.24-h5773f1b_0.conda#3baf58a5a87e7c2f4d243ce2f8f2fe5c
https://conda.anaconda.org/conda-forge/osx-arm64/libexpat-2.7.1-hec049ff_0.conda#b1ca5f21335782f71a8bd69bdc093f67
https://conda.anaconda.org/conda-forge/osx-arm64/libffi-3.4.6-h1da3d7d_1.conda#c215a60c2935b517dcda8cad4705734d
https://conda.anaconda.org/conda-forge/osx-arm64/libiconv-1.18-h23cfdf5_2.conda#4d5a7445f0b25b6a3ddbb56e790f5251
https://conda.anaconda.org/conda-forge/osx-arm64/libjpeg-turbo-3.1.0-h5505292_0.conda#01caa4fbcaf0e6b08b3aef1151e91745
https://conda.anaconda.org/conda-forge/osx-arm64/liblzma-5.8.1-h39f12f2_2.conda#d6df911d4564d77c4374b02552cb17d1
https://conda.anaconda.org/conda-forge/osx-arm64/libmpdec-4.0.0-h5505292_0.conda#85ccccb47823dd9f7a99d2c7f530342f
https://conda.anaconda.org/conda-forge/osx-arm64/libntlm-1.8-h5505292_0.conda#c90c1d3bd778f5ec0d4bb4ef36cbd5b6
https://conda.anaconda.org/conda-forge/osx-arm64/libogg-1.3.5-h48c0fde_1.conda#29b8b11f6d7e6bd0e76c029dcf9dd024
https://conda.anaconda.org/conda-forge/osx-arm64/libopus-1.5.2-h48c0fde_0.conda#882feb9903f31dca2942796a360d1007
https://conda.anaconda.org/conda-forge/osx-arm64/libwebp-base-1.6.0-h07db88b_0.conda#e5e7d467f80da752be17796b87fe6385
https://conda.anaconda.org/conda-forge/osx-arm64/libzlib-1.3.1-h8359307_2.conda#369964e85dc26bfe78f41399b366c435
https://conda.anaconda.org/conda-forge/osx-arm64/llvm-openmp-21.1.0-hbb9b287_0.conda#e57d95fec6eaa747e583323cba6cfe5c
https://conda.anaconda.org/conda-forge/osx-arm64/ncurses-6.5-h5e97a16_3.conda#068d497125e4bf8a66bf707254fff5ae
https://conda.anaconda.org/conda-forge/osx-arm64/pthread-stubs-0.4-hd74edd7_1002.conda#415816daf82e0b23a736a069a75e9da7
https://conda.anaconda.org/conda-forge/osx-arm64/xorg-libice-1.1.2-h5505292_0.conda#daf3b34253eea046c9ab94e0c3b2f83d
https://conda.anaconda.org/conda-forge/osx-arm64/xorg-libxau-1.0.12-h5505292_0.conda#50901e0764b7701d8ed7343496f4f301
https://conda.anaconda.org/conda-forge/osx-arm64/xorg-libxdmcp-1.1.5-hd74edd7_0.conda#77c447f48cab5d3a15ac224edb86a968
https://conda.anaconda.org/conda-forge/osx-arm64/double-conversion-3.3.1-h286801f_0.conda#4dce99b1430bf11b64432e2edcc428fa
https://conda.anaconda.org/conda-forge/osx-arm64/fmt-11.2.0-h440487c_0.conda#24109723ac700cce5ff96ea3e63a83a3
https://conda.anaconda.org/conda-forge/noarch/fonts-conda-ecosystem-1-0.tar.bz2#fee5683a3f04bd15cbd8318b096a27ab
https://conda.anaconda.org/conda-forge/osx-arm64/gmp-6.3.0-h7bae524_2.conda#eed7278dfbab727b56f2c0b64330814b
https://conda.anaconda.org/conda-forge/osx-arm64/graphite2-1.3.14-hec049ff_2.conda#0fc46fee39e88bbcf5835f71a9d9a209
https://conda.anaconda.org/conda-forge/osx-arm64/hdf4-4.2.15-h2ee6834_7.conda#ff5d749fd711dc7759e127db38005924
https://conda.anaconda.org/conda-forge/osx-arm64/imath-3.2.1-hf787086_0.conda#c541e604fbd89539b4f95964c9c39e8c
https://conda.anaconda.org/conda-forge/osx-arm64/jasper-4.2.8-hc0e5025_0.conda#54d2328b8db98729ab21f60a4aba9f7c
https://conda.anaconda.org/conda-forge/osx-arm64/jsoncpp-1.9.6-h726d253_1.conda#0ff996d1cf523fa1f7ed63113f6cc052
https://conda.anaconda.org/conda-forge/osx-arm64/lerc-4.0.0-hd64df32_1.conda#a74332d9b60b62905e3d30709df08bf1
https://conda.anaconda.org/conda-forge/osx-arm64/libaec-1.1.4-h51d1e36_0.conda#8ed0f86b7a5529b98ec73b43a53ce800
https://conda.anaconda.org/conda-forge/osx-arm64/libbrotlidec-1.1.0-h6caf38d_4.conda#cb7e7fe96c9eee23a464afd57648d2cd
https://conda.anaconda.org/conda-forge/osx-arm64/libbrotlienc-1.1.0-h6caf38d_4.conda#4ce5651ae5cd6eebc5899f9bfe0eac3c
https://conda.anaconda.org/conda-forge/osx-arm64/libedit-3.1.20250104-pl5321hafb1f1b_0.conda#44083d2d2c2025afca315c7a172eab2b
https://conda.anaconda.org/conda-forge/osx-arm64/libgfortran5-15.1.0-hb74de2c_1.conda#4281bd1c654cb4f5cab6392b3330451f
https://conda.anaconda.org/conda-forge/osx-arm64/libintl-0.25.1-h493aca8_0.conda#5103f6a6b210a3912faf8d7db516918c
https://conda.anaconda.org/conda-forge/osx-arm64/libpng-1.6.50-h280e0eb_1.conda#4d0f5ce02033286551a32208a5519884
https://conda.anaconda.org/conda-forge/osx-arm64/libsqlite-3.50.4-h4237e3c_0.conda#1dcb0468f5146e38fae99aef9656034b
https://conda.anaconda.org/conda-forge/osx-arm64/libvorbis-1.3.7-h81086ad_2.conda#719e7653178a09f5ca0aa05f349b41f7
https://conda.anaconda.org/conda-forge/osx-arm64/libxcb-1.17.0-hdb1d25a_0.conda#af523aae2eca6dfa1c8eec693f5b9a79
https://conda.anaconda.org/conda-forge/osx-arm64/libxml2-2.13.8-h4a9ca0c_1.conda#05774cda4a601fc21830842648b3fe04
https://conda.anaconda.org/conda-forge/osx-arm64/lz4-c-1.10.0-h286801f_1.conda#01511afc6cc1909c5303cf31be17b44f
https://conda.anaconda.org/conda-forge/osx-arm64/nspr-4.37-h31e89c2_0.conda#1add5064a24aa483d1233c560ef8ee4a
https://conda.anaconda.org/conda-forge/osx-arm64/openssl-3.5.2-he92f556_0.conda#bcb0d87dfbc199d0a461d2c7ca30b3d8
https://conda.anaconda.org/conda-forge/osx-arm64/pcre2-10.45-ha881caa_0.conda#a52385b93558d8e6bbaeec5d61a21cd7
https://conda.anaconda.org/conda-forge/osx-arm64/pixman-0.46.4-h81086ad_1.conda#17c3d745db6ea72ae2fce17e7338547f
https://conda.anaconda.org/conda-forge/osx-arm64/pugixml-1.15-hd3d436d_0.conda#b9a4004e46de7aeb005304a13b35cb94
https://conda.anaconda.org/conda-forge/osx-arm64/qhull-2020.2-h420ef59_5.conda#6483b1f59526e05d7d894e466b5b6924
https://conda.anaconda.org/conda-forge/osx-arm64/rapidjson-1.1.0.post20240409-ha1acc90_2.conda#cdf23da66ced1cd0a484c3a9564eaeaa
https://conda.anaconda.org/conda-forge/osx-arm64/readline-8.2-h1d1bf99_2.conda#63ef3f6e6d6d5c589e64f11263dc5676
https://conda.anaconda.org/conda-forge/osx-arm64/snappy-1.2.2-hd121638_0.conda#ba9ca3813f4db8c0d85d3c84404e02ba
https://conda.anaconda.org/conda-forge/osx-arm64/tk-8.6.13-h892fb3f_2.conda#7362396c170252e7b7b0c8fb37fe9c78
https://conda.anaconda.org/conda-forge/osx-arm64/xorg-libsm-1.2.6-h5505292_0.conda#a01171a0aee17fc4e74a50971a87755d
https://conda.anaconda.org/conda-forge/osx-arm64/zlib-1.3.1-h8359307_2.conda#e3170d898ca6cb48f1bb567afb92f775
https://conda.anaconda.org/conda-forge/osx-arm64/zstd-1.5.7-h6491c7d_2.conda#e6f69c7bcccdefa417f056fa593b40f0
https://conda.anaconda.org/conda-forge/osx-arm64/blosc-1.21.6-h7dd00d9_1.conda#925acfb50a750aa178f7a0aced77f351
https://conda.anaconda.org/conda-forge/osx-arm64/brotli-bin-1.1.0-h6caf38d_4.conda#ab57f389f304c4d2eb86d8ae46d219c3
https://conda.anaconda.org/conda-forge/osx-arm64/krb5-1.21.3-h237132a_0.conda#c6dc8a0fdec13a0565936655c33069a1
https://conda.anaconda.org/conda-forge/osx-arm64/libfreetype6-2.14.0-h6da58f4_1.conda#1ee5067901740fbbc916ae977a5daa1a
https://conda.anaconda.org/conda-forge/osx-arm64/libgfortran-15.1.0-hfdf1602_1.conda#c98207b6e2b1a309abab696d229f163e
https://conda.anaconda.org/conda-forge/osx-arm64/libglib-2.84.3-h587fa63_0.conda#bb98995c244b6038892fd59a694a93ed
https://conda.anaconda.org/conda-forge/osx-arm64/libhwloc-2.12.1-default_h88f92a7_1000.conda#b32f2f83be560b0fb355a730e4057ec1
https://conda.anaconda.org/conda-forge/osx-arm64/libintl-devel-0.25.1-h493aca8_0.conda#5f9888e1cdbbbef52c8cf8b567393535
https://conda.anaconda.org/conda-forge/osx-arm64/libllvm17-17.0.6-hc4b4ae8_3.conda#2a75227e917a3ec0a064155f1ed11b06
https://conda.anaconda.org/conda-forge/osx-arm64/libllvm19-19.1.7-hc4b4ae8_1.conda#020aeb16fc952ac441852d8eba2cf2fd
https://conda.anaconda.org/conda-forge/osx-arm64/libllvm21-21.1.0-h846d351_0.conda#a8ec02cc70f4c56b5daaa5be62943065
https://conda.anaconda.org/conda-forge/osx-arm64/libnghttp2-1.67.0-hc438710_0.conda#a4b4dd73c67df470d091312ab87bf6ae
https://conda.anaconda.org/conda-forge/osx-arm64/libssh2-1.11.1-h1590b86_0.conda#b68e8f66b94b44aaa8de4583d3d4cc40
https://conda.anaconda.org/conda-forge/osx-arm64/libtheora-1.1.1-h99b78c6_1006.conda#4b0af7570b8af42ac6796da8777589d1
https://conda.anaconda.org/conda-forge/osx-arm64/libtiff-4.7.0-h025e3ab_6.conda#d0862034c2c563ef1f52a3237c133d8d
https://conda.anaconda.org/conda-forge/osx-arm64/libzip-1.11.2-h1336266_0.conda#7177414f275db66735a17d316b0a81d6
https://conda.anaconda.org/conda-forge/osx-arm64/nss-3.115-h5efccd4_0.conda#87cf09546b6363c4d9ab9d0533bcb2e4
https://conda.anaconda.org/conda-forge/osx-arm64/openexr-3.3.5-hc05139d_1.conda#4e7fd19ff1ea808d04a4ac8c5ab926c2
https://conda.anaconda.org/conda-forge/osx-arm64/python-3.13.7-h5c937ed_100_cp313.conda#445d057271904b0e21e14b1fa1d07ba5
https://conda.anaconda.org/conda-forge/osx-arm64/sqlite-3.50.4-hb5dd463_0.conda#1da3d5a9ab6f1dbc8fd5b57fd65e0d3d
https://conda.anaconda.org/conda-forge/osx-arm64/xorg-libx11-1.8.12-h6a5fb8c_0.conda#89b59aaa3c35257dba0b7c2d980f35f0
https://conda.anaconda.org/conda-forge/noarch/aiohappyeyeballs-2.6.1-pyhd8ed1ab_0.conda#18fd895e0e775622906cdabfc3cf0fb4
https://conda.anaconda.org/conda-forge/noarch/attrs-25.3.0-pyh71513ae_0.conda#a10d11958cadc13fdb43df75f8b1903f
https://conda.anaconda.org/conda-forge/osx-arm64/brotli-1.1.0-h6caf38d_4.conda#ce8659623cea44cc812bc0bfae4041c5
https://conda.anaconda.org/conda-forge/noarch/colorama-0.4.6-pyhd8ed1ab_1.conda#962b9857ee8e7018c22f2776ffa0b2d7
https://conda.anaconda.org/conda-forge/noarch/cycler-0.12.1-pyhd8ed1ab_1.conda#44600c4667a319d67dbe0681fc0bc833
https://conda.anaconda.org/conda-forge/osx-arm64/cyrus-sasl-2.1.28-ha1cbb27_0.conda#2867ea6551e97e53a81787fd967162b1
https://conda.anaconda.org/conda-forge/osx-arm64/frozenlist-1.7.0-py313hf28abc0_0.conda#f92b265f23642a6ce4eeab5a71cc8283
https://conda.anaconda.org/conda-forge/osx-arm64/glib-tools-2.84.3-h857b2e6_0.conda#c018d74ec3d1c6d27e1e4714117b653a
https://conda.anaconda.org/conda-forge/noarch/idna-3.10-pyhd8ed1ab_1.conda#39a4f67be3286c86d696df570b1201b7
https://conda.anaconda.org/conda-forge/noarch/iniconfig-2.0.0-pyhd8ed1ab_1.conda#6837f3eff7dcea42ecd714ce1ac2b108
https://conda.anaconda.org/conda-forge/osx-arm64/kiwisolver-1.4.9-py313hf88c9ab_1.conda#109f613ee5f40f67e379e3fd17e97c19
https://conda.anaconda.org/conda-forge/osx-arm64/lcms2-2.17-h7eeda09_0.conda#92a61fd30b19ebd5c1621a5bfe6d8b5f
https://conda.anaconda.org/conda-forge/osx-arm64/libclang-cpp17-17.0.6-default_hf90f093_8.conda#72b4d7dc789ea3fe3ee49e3ca7c5d971
https://conda.anaconda.org/conda-forge/osx-arm64/libclang-cpp19.1-19.1.7-default_h73dfc95_4.conda#dbd13529e140b10f1985496034d45cf0
https://conda.anaconda.org/conda-forge/osx-arm64/libclang13-21.1.0-default_h6e8f826_1.conda#a29a6b4c1a926fbb64813ecab5450483
https://conda.anaconda.org/conda-forge/osx-arm64/libcurl-8.14.1-h73640d1_0.conda#1af57c823803941dfc97305248a56d57
https://conda.anaconda.org/conda-forge/osx-arm64/libfreetype-2.14.0-hce30654_1.conda#f184605f0569afc90a7821827f91ee50
https://conda.anaconda.org/conda-forge/osx-arm64/libopenblas-0.3.30-openmp_h60d53f8_2.conda#d004259fd8d3d2798b16299d6ad6c9e9
https://conda.anaconda.org/conda-forge/noarch/loguru-0.7.3-pyh707e725_0.conda#49647ac1de4d1e4b49124aedf3934e02
https://conda.anaconda.org/conda-forge/osx-arm64/msgpack-python-1.1.1-py313hc50a443_1.conda#81156f314cb9ea43d408033183118fbb
https://conda.anaconda.org/conda-forge/osx-arm64/multidict-6.6.3-py313h6347b5a_0.conda#c628386002e5e1353c1047fadaf00b60
https://conda.anaconda.org/conda-forge/noarch/munkres-1.1.4-pyhd8ed1ab_1.conda#37293a85a0f4f77bbd9cf7aaefc62609
https://conda.anaconda.org/conda-forge/osx-arm64/openjpeg-2.5.3-h889cd5d_1.conda#ab581998c77c512d455a13befcddaac3
https://conda.anaconda.org/conda-forge/noarch/packaging-25.0-pyh29332c3_1.conda#58335b26c38bf4a20f399384c33cbcf9
https://conda.anaconda.org/conda-forge/noarch/pip-25.2-pyh145f28c_0.conda#e7ab34d5a93e0819b62563c78635d937
https://conda.anaconda.org/conda-forge/noarch/pluggy-1.6.0-pyhd8ed1ab_0.conda#7da7ccd349dbf6487a7778579d2bb971
https://conda.anaconda.org/conda-forge/noarch/ply-3.11-pyhd8ed1ab_3.conda#fd5062942bfa1b0bd5e0d2a4397b099e
https://conda.anaconda.org/conda-forge/osx-arm64/propcache-0.3.1-py313ha9b7d5b_0.conda#4eb9e019ebc1224f1963031b7b09630e
https://conda.anaconda.org/conda-forge/noarch/pygments-2.19.2-pyhd8ed1ab_0.conda#6b6ece66ebcae2d5f326c77ef2c5a066
https://conda.anaconda.org/conda-forge/noarch/pyparsing-3.2.3-pyhe01879c_2.conda#aa0028616c0750c773698fdc254b2b8d
https://conda.anaconda.org/conda-forge/noarch/setuptools-80.9.0-pyhff2d567_0.conda#4de79c071274a53dcaf2a8c749d1499e
https://conda.anaconda.org/conda-forge/noarch/six-1.17.0-pyhe01879c_1.conda#3339e3b65d58accf4ca4fb8748ab16b3
https://conda.anaconda.org/conda-forge/osx-arm64/tbb-2022.2.0-h5b2e6d4_1.conda#1cdd70110585806da18f400d30d9b497
https://conda.anaconda.org/conda-forge/noarch/toml-0.10.2-pyhd8ed1ab_1.conda#b0dd904de08b7db706167240bf37b164
https://conda.anaconda.org/conda-forge/noarch/tomli-2.2.1-pyhe01879c_2.conda#30a0a26c8abccf4b7991d590fe17c699
https://conda.anaconda.org/conda-forge/osx-arm64/traits-7.0.2-py313h90d716c_0.conda#65a81f7bfbc30ee0a8024cf30ab35d8e
https://conda.anaconda.org/conda-forge/noarch/typing_extensions-4.15.0-pyhcf101f3_0.conda#0caa1af407ecff61170c9437a808404d
https://conda.anaconda.org/conda-forge/osx-arm64/xorg-libxext-1.3.6-hd74edd7_0.conda#acf6c394865f1b7a51c8e57fec6fcde3
https://conda.anaconda.org/conda-forge/osx-arm64/xorg-libxfixes-6.0.1-hd74edd7_0.conda#d59076ce442150458d39285c01ebf26a
https://conda.anaconda.org/conda-forge/osx-arm64/xorg-libxrender-0.9.12-h5505292_0.conda#01690f6107fc7487529242d29bf2abe8
https://conda.anaconda.org/conda-forge/noarch/zipp-3.23.0-pyhd8ed1ab_0.conda#df5e78d904988eb55042c0c97446079f
https://conda.anaconda.org/conda-forge/noarch/aiosignal-1.4.0-pyhd8ed1ab_0.conda#421a865222cd0c9d83ff08bc78bf3a61
https://conda.anaconda.org/conda-forge/noarch/configobj-5.0.9-pyhd8ed1ab_1.conda#5e1999cd1872c9d7f7d56bf3bf1141fa
https://conda.anaconda.org/conda-forge/noarch/exceptiongroup-1.3.0-pyhd8ed1ab_0.conda#72e42d28960d875c7654614f8b50939a
https://conda.anaconda.org/conda-forge/osx-arm64/fltk-1.3.10-h46aaf7c_0.conda#a39e1d4086ea651657c7a71c7e97349b
https://conda.anaconda.org/conda-forge/osx-arm64/fonttools-4.59.2-py313ha0c97b7_0.conda#8c978e51603fc2ce103a9501d355cfb8
https://conda.anaconda.org/conda-forge/osx-arm64/freetype-2.14.0-hce30654_1.conda#59ab8692a6f5c0188bb0876dd95acd96
https://conda.anaconda.org/conda-forge/osx-arm64/glib-2.84.3-hef37679_0.conda#61eb547640737ce84c854f54bddeaaf5
https://conda.anaconda.org/conda-forge/osx-arm64/hdf5-1.14.6-nompi_he65715a_103.conda#fcc9aca330f13d071bfc4de3d0942d78
https://conda.anaconda.org/conda-forge/noarch/importlib-metadata-8.7.0-pyhe01879c_1.conda#63ccfdc3a3ce25b027b8767eb722fca8
https://conda.anaconda.org/conda-forge/noarch/importlib_resources-6.5.2-pyhd8ed1ab_0.conda#c85c76dc67d75619a92f51dfbce06992
https://conda.anaconda.org/conda-forge/osx-arm64/libblas-3.9.0-35_h51639a9_openblas.conda#f6ff3c5ed6d55bdede368a8670c3ff99
https://conda.anaconda.org/conda-forge/osx-arm64/libraw-0.21.4-h62a31ad_0.conda#5c79a1ecaf9cfdfd396aed641006857f
https://conda.anaconda.org/conda-forge/osx-arm64/openldap-2.6.10-hbe55e7a_0.conda#6fd5d73c63b5d37d9196efb4f044af76
https://conda.anaconda.org/conda-forge/osx-arm64/pillow-11.3.0-py313h1d270a1_1.conda#98b4f47f81fa4c1d98c942878d6031c9
https://conda.anaconda.org/conda-forge/osx-arm64/proj-9.6.2-hdbeaa80_2.conda#e68d0d91e188ab134cb25675de82b479
https://conda.anaconda.org/conda-forge/noarch/python-dateutil-2.9.0.post0-pyhe01879c_2.conda#5b8d21249ff20967101ffa321cab24e8
https://conda.anaconda.org/conda-forge/osx-arm64/sip-6.12.0-py313hb4b7877_1.conda#cc8c4523d5a16dadf73c2ae55d749630
https://conda.anaconda.org/conda-forge/osx-arm64/yarl-1.20.1-py313ha9b7d5b_0.conda#d45df777542ee921d750d659003ecc46
https://conda.anaconda.org/conda-forge/osx-arm64/aiohttp-3.12.15-py313ha0c97b7_0.conda#80b48bb58816acc99fc33ef78510b2b3
https://conda.anaconda.org/conda-forge/osx-arm64/fontconfig-2.15.0-h1383a14_1.conda#7b29f48742cea5d1ccb5edd839cb5621
https://conda.anaconda.org/conda-forge/osx-arm64/freeimage-3.18.0-h70173bb_23.conda#ad03cf5953d441e860f87b39a57bb7ca
https://conda.anaconda.org/conda-forge/osx-arm64/gstreamer-1.24.11-hfe24232_0.conda#75376f1f20ba28dfa1f737e5bb19cbad
https://conda.anaconda.org/conda-forge/osx-arm64/libcblas-3.9.0-35_hb0561ab_openblas.conda#917dc7f4359ede7649d52a6d07a39902
https://conda.anaconda.org/conda-forge/osx-arm64/liblapack-3.9.0-35_hd9741b5_openblas.conda#270789394f52de7ae5e5328dfe7e26c1
https://conda.anaconda.org/conda-forge/osx-arm64/libnetcdf-4.9.2-nompi_h2d3d5cf_118.conda#ed5b74ff627e6cb6d7ab1c3ef7e3baf8
https://conda.anaconda.org/conda-forge/osx-arm64/libpq-17.6-h6846fd6_1.conda#4f55d27bc82f232af550a28f03cf915f
https://conda.anaconda.org/conda-forge/noarch/pyface-8.0.0-pyhd8ed1ab_2.conda#0ad1fa47cd5ac6eb255acc0989f51958
https://conda.anaconda.org/conda-forge/osx-arm64/pyqt5-sip-12.17.0-py313h928ef07_1.conda#ac8d2a7b66f9341dcdcb4cce6c4f2c57
https://conda.anaconda.org/conda-forge/noarch/pytest-8.4.2-pyhd8ed1ab_0.conda#1f987505580cb972cf28dc5f74a0f81b
https://conda.anaconda.org/conda-forge/osx-arm64/cairo-1.18.4-h6a3b0d2_0.conda#38f6df8bc8c668417b904369a01ba2e2
https://conda.anaconda.org/conda-forge/osx-arm64/gst-plugins-base-1.24.11-h3c5c1d0_0.conda#b3b603ab8143ee78e2b327397e91c928
https://conda.anaconda.org/conda-forge/osx-arm64/numpy-2.3.3-py313h9771d21_0.conda#54cfeb1b41a3c21da642f9b925545478
https://conda.anaconda.org/conda-forge/osx-arm64/occt-7.8.1-novtk_hbec2736_103.conda#14a70759f3c518908bad3dad85471255
https://conda.anaconda.org/conda-forge/noarch/traitsui-8.0.0-pyhd8ed1ab_1.conda#8ffcc5f6abbc06bacc0e03a90f793d26
https://conda.anaconda.org/conda-forge/noarch/wslink-2.4.0-pyhd8ed1ab_0.conda#a7c17eeb817efebaf59a48fdeab284a4
https://conda.anaconda.org/conda-forge/noarch/apptools-5.3.1-pyhe01879c_1.conda#3e000537d5c2e24700859396cbcca642
https://conda.anaconda.org/conda-forge/osx-arm64/contourpy-1.3.3-py313hc50a443_2.conda#5b18003b1d9e2b7806a19b9d464c7a50
https://conda.anaconda.org/conda-forge/osx-arm64/gmsh-4.13.1-h88a6c1f_1.conda#ab45ee45d12f7e79843099764f55f941
https://conda.anaconda.org/conda-forge/osx-arm64/harfbuzz-11.4.5-hf4e55d4_0.conda#0938e21caccd8fd5b30527396f8aaa82
https://conda.anaconda.org/conda-forge/osx-arm64/qt-main-5.15.15-hac936aa_5.conda#3a49e9ca7929b623db3052fb126c41eb
https://conda.anaconda.org/conda-forge/osx-arm64/scipy-1.16.1-py313h7d0615d_1.conda#cfa5f5e690bacf0b2aef1b0ba2c67391
https://conda.anaconda.org/conda-forge/noarch/envisage-7.0.4-pyhe01879c_1.conda#93d5de81dddff008fe487f440909bd8a
https://conda.anaconda.org/conda-forge/osx-arm64/matplotlib-base-3.10.6-py313h58042b9_1.conda#655f0eb426c8ddbbc4ccc17a9968dd83
https://conda.anaconda.org/conda-forge/osx-arm64/pyamg-5.3.0-py313h28ea3aa_1.conda#51a353d043e612a8f520627cf0e73653
https://conda.anaconda.org/conda-forge/osx-arm64/pyqt-5.15.11-py313hffa79ec_1.conda#8afd9a2949df6c01f52320136b31891c
https://conda.anaconda.org/conda-forge/osx-arm64/qt6-main-6.9.2-hd1b78a2_0.conda#112a8a06e1f17dc4bac829677696aaeb
https://conda.anaconda.org/conda-forge/noarch/steppyngstounes-0.1.1-pyhd8ed1ab_0.conda#e3c8c824fc1ee74a59f793dfddd4cb83
https://conda.anaconda.org/conda-forge/osx-arm64/vtk-base-9.4.2-py313h6174dc3_4.conda#548dbd9c2068ab0921e6e66b7726b222
https://conda.anaconda.org/conda-forge/osx-arm64/mayavi-4.8.3-pyqt_py313h2371357_301.conda#15e6b3472a22c7302c5006516931e035
