# Generated by conda-lock.
# platform: win-64
# input_hash: 59af26adbf54c9d518b90eee603bd1515c6f44ffb1445bf6e31232db0176acc3
@EXPLICIT
https://conda.anaconda.org/conda-forge/noarch/font-ttf-dejavu-sans-mono-2.37-hab24e00_0.tar.bz2#0c96522c6bdaed4b1566d11387caaf45
https://conda.anaconda.org/conda-forge/noarch/font-ttf-inconsolata-3.000-h77eed37_0.tar.bz2#34893075a5c9e55cdafac56607368fc6
https://conda.anaconda.org/conda-forge/noarch/font-ttf-source-code-pro-2.038-h77eed37_0.tar.bz2#4d59c254e01d9cde7957100457e2d5fb
https://conda.anaconda.org/conda-forge/noarch/font-ttf-ubuntu-0.83-h77eed37_3.conda#49023d73832ef61042f6a237cb2687e7
https://conda.anaconda.org/conda-forge/win-64/nlohmann_json-3.12.0-h5112557_1.conda#24a9dde77833cc48289ef92b4e724da4
https://conda.anaconda.org/conda-forge/win-64/onemkl-license-2025.3.1-h57928b3_13.conda#eded4ef8a94852a2e3e4c779b3b6fdda
https://conda.anaconda.org/conda-forge/noarch/python_abi-3.13-8_cp313.conda#94305520c52a4aa3f6c2b1ff6008d9f8
https://conda.anaconda.org/conda-forge/noarch/tzdata-2025c-hc9c84f9_1.conda#ad659d0a2b3e47e38d829aa8cad2d610
https://conda.anaconda.org/conda-forge/win-64/ucrt-10.0.26100.0-h57928b3_0.conda#71b24316859acd00bdb8b38f5e2ce328
https://conda.anaconda.org/conda-forge/win-64/utfcpp-4.09-h57928b3_0.conda#6930bd6bf8290dbf83b2fecf42931971
https://conda.anaconda.org/conda-forge/noarch/ca-certificates-2026.6.17-h4c7d964_0.conda#b9696b2cf00dfeec138c70cee38ed192
https://conda.anaconda.org/conda-forge/noarch/fonts-conda-forge-1-hc364b38_1.conda#a7970cd949a077b7cb9696379d338681
https://conda.anaconda.org/conda-forge/win-64/libwinpthread-12.0.0.r4.gg4f2fc60ca-h57928b3_10.conda#8a86073cf3b343b87d03f41790d8b4e5
https://conda.anaconda.org/conda-forge/win-64/vcomp14-14.51.36231-h1b9f54f_39.conda#8b53a83fda40ec679e4d63fa32fae989
https://conda.anaconda.org/conda-forge/noarch/fonts-conda-ecosystem-1-0.tar.bz2#fee5683a3f04bd15cbd8318b096a27ab
https://conda.anaconda.org/conda-forge/win-64/libgomp-15.2.0-h8ee18e1_19.conda#f1147651e3fdd585e2f442c0c2fc8f2d
https://conda.anaconda.org/conda-forge/win-64/vc14_runtime-14.51.36231-h1b9f54f_39.conda#06a5bf5a1ca16cce0df6eaa91fc42bc2
https://conda.anaconda.org/conda-forge/win-64/_openmp_mutex-4.5-20_gnu.conda#1626967b574d1784b578b52eaeb071e7
https://conda.anaconda.org/conda-forge/win-64/vc-14.5-h1b7c187_39.conda#2eacea63f545b97342da520df6854276
https://conda.anaconda.org/conda-forge/win-64/vs2015_runtime-14.51.36231-h84cd919_39.conda#2ccc63d7b7d066a814ed9f99072832d7
https://conda.anaconda.org/conda-forge/win-64/aom-3.9.1-he0c23c2_0.conda#3d7c14285d3eb3239a76ff79063f27a5
https://conda.anaconda.org/conda-forge/win-64/bzip2-1.0.8-h0ad9c76_9.conda#4cb8e6b48f67de0b018719cdf1136306
https://conda.anaconda.org/conda-forge/win-64/dav1d-1.2.1-hcfcfb64_0.conda#ed2c27bda330e3f0ab41577cf8b9b585
https://conda.anaconda.org/conda-forge/win-64/double-conversion-3.3.1-he0c23c2_0.conda#e9a1402439c18a4e3c7a52e4246e9e1c
https://conda.anaconda.org/conda-forge/win-64/fmt-11.2.0-h1d4551f_0.conda#15b63c3fb5b7d67b1cb63553a33e6090
https://conda.anaconda.org/conda-forge/win-64/freeglut-3.2.2-hac47afa_4.conda#dd76cafa8f23c9aaee93aa7e745fdba4
https://conda.anaconda.org/conda-forge/win-64/fribidi-1.0.16-hfd05255_0.conda#c27bd87e70f970010c1c6db104b88b18
https://conda.anaconda.org/conda-forge/win-64/graphite2-1.3.15-hac47afa_0.conda#ff9a9bfe791f56b0227597a7651a6af0
https://conda.anaconda.org/conda-forge/win-64/icu-75.1-he0c23c2_0.conda#8579b6bb8d18be7c0b27fb08adeeeb40
https://conda.anaconda.org/conda-forge/win-64/jsoncpp-1.9.6-hda1637e_1.conda#623fa3cfe037326999434d50c9362e90
https://conda.anaconda.org/conda-forge/win-64/jxrlib-1.1-hcfcfb64_3.conda#a9dff8432c11dfa980346e934c29ca3f
https://conda.anaconda.org/conda-forge/win-64/lame-3.100-hcfcfb64_1003.tar.bz2#d92e64077c44c9e32c72d4b5799d47e4
https://conda.anaconda.org/conda-forge/win-64/lerc-4.1.0-hd936e49_0.conda#54b231d595bc1ff9bff668dd443ee012
https://conda.anaconda.org/conda-forge/win-64/libaec-1.1.5-haf901d7_0.conda#43b6385cfad52a7083f2c41984eb4e91
https://conda.anaconda.org/conda-forge/win-64/libbrotlicommon-1.2.0-hfd05255_1.conda#444b0a45bbd1cb24f82eedb56721b9c4
https://conda.anaconda.org/conda-forge/win-64/libdeflate-1.25-h51727cc_0.conda#e77030e67343e28b084fabd7db0ce43e
https://conda.anaconda.org/conda-forge/win-64/libexpat-2.8.1-hac47afa_1.conda#ccc490c81ffe14181861beac0e8f3169
https://conda.anaconda.org/conda-forge/win-64/libffi-3.5.2-h3d046cb_0.conda#720b39f5ec0610457b725eb3f396219a
https://conda.anaconda.org/conda-forge/win-64/libgcc-15.2.0-h8ee18e1_19.conda#cc5d690fc1c629038f13c68e88e65f44
https://conda.anaconda.org/conda-forge/win-64/libiconv-1.18-hc1393d2_2.conda#64571d1dd6cdcfa25d0664a5950fdaa2
https://conda.anaconda.org/conda-forge/win-64/libjpeg-turbo-3.1.4.1-hfd05255_0.conda#25a127bad5470852b30b239f030ec95b
https://conda.anaconda.org/conda-forge/win-64/liblzma-5.8.3-hfd05255_0.conda#8f83619ab1588b98dd99c90b0bfc5c6d
https://conda.anaconda.org/conda-forge/win-64/libmpdec-4.0.0-hfd05255_1.conda#e4a9fc2bba3b022dad998c78856afe47
https://conda.anaconda.org/conda-forge/win-64/libogg-1.3.5-h2466b09_1.conda#b67ed8c9ca072695ff482e50d888a523
https://conda.anaconda.org/conda-forge/win-64/libopus-1.6.1-h6a83c73_0.conda#0ed21da5b6e3a0393e05762b3cce2878
https://conda.anaconda.org/conda-forge/win-64/libsqlite-3.53.2-hf5d6505_0.conda#df294e7f9f24a6063f0e226f4d028fda
https://conda.anaconda.org/conda-forge/win-64/libusb-1.0.29-h1839187_0.conda#a656b2c367405cd24988cf67ff2675aa
https://conda.anaconda.org/conda-forge/win-64/libvulkan-loader-1.4.341.0-h477610d_0.conda#804880b2674119b84277d6c16b01677d
https://conda.anaconda.org/conda-forge/win-64/libwebp-base-1.6.0-h4d5522a_0.conda#f9bbae5e2537e3b06e0f7310ba76c893
https://conda.anaconda.org/conda-forge/win-64/libzlib-1.3.2-hfd05255_2.conda#dbabbd6234dea34040e631f87676292f
https://conda.anaconda.org/conda-forge/win-64/llvm-openmp-22.1.7-h4fa8253_0.conda#0ca3373049a5be11689bc2f9b2f3a9d2
https://conda.anaconda.org/conda-forge/win-64/lz4-c-1.10.0-h2466b09_1.conda#0b69331897a92fac3d8923549d48d092
https://conda.anaconda.org/conda-forge/win-64/openh264-2.6.0-hb17fa0b_0.conda#ad4cac6ceb9e4c8e01802e3f15e87bb2
https://conda.anaconda.org/conda-forge/win-64/openssl-3.6.3-hf411b9b_0.conda#e99f95734a326c0fd4d02bbd995150d4
https://conda.anaconda.org/conda-forge/win-64/pixman-0.46.4-h5112557_1.conda#08c8fa3b419df480d985e304f7884d35
https://conda.anaconda.org/conda-forge/win-64/pugixml-1.15-h372dad0_0.conda#cadea4c6edb512e979edbf793bf979ac
https://conda.anaconda.org/conda-forge/win-64/qhull-2020.2-hc790b64_5.conda#854fbdff64b572b5c0b470f334d34c11
https://conda.anaconda.org/conda-forge/win-64/rapidjson-1.1.0.post20240409-he0c23c2_2.conda#473596080645129ca9939cbac7c4a2cc
https://conda.anaconda.org/conda-forge/win-64/snappy-1.2.2-h7fa0ca8_1.conda#3075846de68f942150069d4289aaad63
https://conda.anaconda.org/conda-forge/win-64/spirv-tools-2025.5-h49e36cd_0.conda#efccc9e999ac58e5a7506c85382bd37d
https://conda.anaconda.org/conda-forge/win-64/svt-av1-3.1.2-hac47afa_0.conda#91866412570c922f55178855deb0f952
https://conda.anaconda.org/conda-forge/win-64/tk-8.6.13-h6ed50ae_3.conda#0481bfd9814bf525bd4b3ee4b51494c4
https://conda.anaconda.org/conda-forge/win-64/x264-1!164.3095-h8ffe710_2.tar.bz2#19e39905184459760ccb8cf5c75f148b
https://conda.anaconda.org/conda-forge/win-64/x265-3.5-h2d74725_3.tar.bz2#ca7129a334198f08347fb19ac98a2de9
https://conda.anaconda.org/conda-forge/win-64/zlib-ng-2.3.3-h0261ad2_1.conda#46a21c0a4e65f1a135251fc7c8663f83
https://conda.anaconda.org/conda-forge/win-64/glslang-15.4.0-h5b34520_0.conda#a06fd50d7baf9a8cbc5c8bba79e1721e
https://conda.anaconda.org/conda-forge/win-64/hdf4-4.2.15-h5557f11_7.conda#84344a916a73727c1326841007b52ca8
https://conda.anaconda.org/conda-forge/win-64/imath-3.2.2-h1608b31_0.conda#297d73cfad37a288459cf18286bb0e1f
https://conda.anaconda.org/conda-forge/win-64/jasper-4.2.9-h8ad263b_1.conda#c975e3f46230e47c7cab2d58c46f1f30
https://conda.anaconda.org/conda-forge/win-64/krb5-1.21.3-hdf4eb48_0.conda#31aec030344e962fbd7dbbbbd68e60a9
https://conda.anaconda.org/conda-forge/win-64/libbrotlidec-1.2.0-hfd05255_1.conda#450e3ae947fc46b60f1d8f8f318b40d4
https://conda.anaconda.org/conda-forge/win-64/libbrotlienc-1.2.0-hfd05255_1.conda#ccd93cfa8e54fd9df4e83dbe55ff6e8c
https://conda.anaconda.org/conda-forge/win-64/libintl-0.22.5-h5728263_3.conda#2cf0cf76cc15d360dfa2f17fd6cf9772
https://conda.anaconda.org/conda-forge/win-64/libpng-1.6.58-h7351971_0.conda#52f1280563f3b48b5f75414cd2d15dd1
https://conda.anaconda.org/conda-forge/win-64/libssh2-1.11.1-h9aa295b_0.conda#9dce2f112bfd3400f4f432b3d0ac07b2
https://conda.anaconda.org/conda-forge/win-64/libtheora-1.1.1-hc70643c_1006.conda#90cdca71edde0b3e549e8cbb43308208
https://conda.anaconda.org/conda-forge/win-64/libvorbis-1.3.7-h5112557_2.conda#42a8a56c60882da5d451aa95b8455111
https://conda.anaconda.org/conda-forge/win-64/libxml2-2.13.9-h741aa76_0.conda#333d21ab129d5fa5742225bf1d7557a5
https://conda.anaconda.org/conda-forge/win-64/libzip-1.11.2-h3135430_0.conda#09066edc7810e4bd1b41ad01a6cc4706
https://conda.anaconda.org/conda-forge/win-64/pcre2-10.46-h3402e2f_0.conda#889053e920d15353c2665fa6310d7a7a
https://conda.anaconda.org/conda-forge/win-64/pthread-stubs-0.4-h0e40799_1002.conda#3c8f2573569bb816483e5cf57efbbe29
https://conda.anaconda.org/conda-forge/win-64/python-3.13.14-h09917c8_100_cp313.conda#12e0de38e6bb7f7745ec0d19a20b8270
https://conda.anaconda.org/conda-forge/win-64/sdl3-3.4.10-h5112557_0.conda#82adb3bed17cc9189d81ca90b41c77b9
https://conda.anaconda.org/conda-forge/win-64/sqlite-3.53.2-hdb435a2_0.conda#58e6f936ab416fddc633d4105f43aea2
https://conda.anaconda.org/conda-forge/win-64/xorg-libxau-1.0.12-hba3369d_1.conda#8436cab9a76015dfe7208d3c9f97c156
https://conda.anaconda.org/conda-forge/win-64/xorg-libxdmcp-1.1.5-hba3369d_1.conda#a7c03e38aa9c0e84d41881b9236eacfb
https://conda.anaconda.org/conda-forge/win-64/zlib-1.3.2-hfd05255_2.conda#5187ecf958be3c39110fe691cbd6873e
https://conda.anaconda.org/conda-forge/win-64/zstd-1.5.7-h534d264_6.conda#053b84beec00b71ea8ff7a4f84b55207
https://conda.anaconda.org/conda-forge/noarch/aiohappyeyeballs-2.6.2-pyhd8ed1ab_0.conda#8a9936643c4a9565459c4a8eb5d4e3ff
https://conda.anaconda.org/conda-forge/noarch/attrs-26.1.0-pyhcf101f3_0.conda#c6b0543676ecb1fb2d7643941fe375f2
https://conda.anaconda.org/conda-forge/win-64/blosc-1.21.6-hfd34d9b_1.conda#357d7be4146d5fec543bfaa96a8a40de
https://conda.anaconda.org/conda-forge/win-64/brotli-bin-1.2.0-hfd05255_1.conda#6abd7089eb3f0c790235fe469558d190
https://conda.anaconda.org/conda-forge/noarch/colorama-0.4.6-pyhd8ed1ab_1.conda#962b9857ee8e7018c22f2776ffa0b2d7
https://conda.anaconda.org/conda-forge/noarch/cycler-0.12.1-pyhcf101f3_2.conda#4c2a8fef270f6c69591889b93f9f55c1
https://conda.anaconda.org/conda-forge/win-64/frozenlist-1.8.0-py313h0c48a3b_0.conda#710096696e7cc291f9e0eab0334f4a45
https://conda.anaconda.org/conda-forge/win-64/gl2ps-1.4.2-h26c196c_2.conda#e678d76c5cc0209bd1d967fef16f4b73
https://conda.anaconda.org/conda-forge/noarch/idna-3.18-pyhcf101f3_0.conda#577b04680ae422adb86fc60d7b940659
https://conda.anaconda.org/conda-forge/win-64/kiwisolver-1.5.0-py313h1a38498_0.conda#7e40c4c1af80d907eb2973ab73418095
https://conda.anaconda.org/conda-forge/win-64/libclang13-22.1.7-default_ha2db4b5_1.conda#7f940510e2af246af187b25b691dd616
https://conda.anaconda.org/conda-forge/win-64/libcurl-8.18.0-h43ecb02_0.conda#2688214a9bee5d5650cd4f5f6af5c8f2
https://conda.anaconda.org/conda-forge/win-64/libfreetype6-2.14.3-hdbac1cb_1.conda#4e4d54f9f98383d977ba56ef39ebf46d
https://conda.anaconda.org/conda-forge/win-64/libglib-2.86.2-hd9c3897_0.conda#fbd144e60009d93f129f0014a76512d3
https://conda.anaconda.org/conda-forge/win-64/libhwloc-2.12.1-default_h88281d1_1000.conda#e6298294e7612eccf57376a0683ddc80
https://conda.anaconda.org/conda-forge/win-64/libintl-devel-0.22.5-h5728263_3.conda#7537784e9e35399234d4007f45cdb744
https://conda.anaconda.org/conda-forge/win-64/libtiff-4.7.1-h8f73337_1.conda#549845d5133100142452812feb9ba2e8
https://conda.anaconda.org/conda-forge/win-64/libxcb-1.17.0-h0e4246c_0.conda#a69bbf778a462da324489976c84cfc8c
https://conda.anaconda.org/conda-forge/win-64/msgpack-python-1.1.2-py313hf069bd2_1.conda#0013c110d17d569ce560b7fae6aee0d3
https://conda.anaconda.org/conda-forge/win-64/multidict-6.7.1-py313hd650c13_0.conda#6abba47ca64961ca5e8eac08f02a7142
https://conda.anaconda.org/conda-forge/noarch/munkres-1.1.4-pyhd8ed1ab_1.conda#37293a85a0f4f77bbd9cf7aaefc62609
https://conda.anaconda.org/conda-forge/noarch/packaging-26.2-pyhc364b38_0.conda#4c06a92e74452cfa53623a81592e8934
https://conda.anaconda.org/conda-forge/noarch/pip-26.1.2-pyh145f28c_0.conda#733cc07ed34162ac50b936464b163366
https://conda.anaconda.org/conda-forge/noarch/ply-3.11-pyhd8ed1ab_3.conda#fd5062942bfa1b0bd5e0d2a4397b099e
https://conda.anaconda.org/conda-forge/win-64/propcache-0.5.2-py313hd650c13_0.conda#ec0abb7838da95de35c1ab1a6e3d892a
https://conda.anaconda.org/conda-forge/noarch/pygments-2.20.0-pyhd8ed1ab_0.conda#16c18772b340887160c79a6acc022db0
https://conda.anaconda.org/conda-forge/noarch/pyparsing-3.3.2-pyhcf101f3_0.conda#3687cc0b82a8b4c17e1f0eb7e47163d5
https://conda.anaconda.org/conda-forge/win-64/sdl2-2.32.56-h5112557_0.conda#4cffbfebb6614a1bff3fc666527c25c7
https://conda.anaconda.org/conda-forge/noarch/setuptools-82.0.1-pyh332efcf_0.conda#8e194e7b992f99a5015edbd4ebd38efd
https://conda.anaconda.org/conda-forge/win-64/shaderc-2025.3-haa9a63f_1.conda#a87f984be6cfe4cca0ead7a90dd8e392
https://conda.anaconda.org/conda-forge/noarch/six-1.17.0-pyhe01879c_1.conda#3339e3b65d58accf4ca4fb8748ab16b3
https://conda.anaconda.org/conda-forge/noarch/toml-0.10.2-pyhcf101f3_3.conda#d0fc809fa4c4d85e959ce4ab6e1de800
https://conda.anaconda.org/conda-forge/noarch/tomli-2.4.1-pyhcf101f3_0.conda#b5325cf06a000c5b14970462ff5e4d58
https://conda.anaconda.org/conda-forge/win-64/traits-7.1.0-py313h5ea7bf4_0.conda#8a75d843ea2ccdccecdf7bb6ce745e8c
https://conda.anaconda.org/conda-forge/noarch/typing_extensions-4.15.0-pyhcf101f3_0.conda#0caa1af407ecff61170c9437a808404d
https://conda.anaconda.org/conda-forge/noarch/win32_setctime-1.2.0-pyhd8ed1ab_0.conda#e79f83003ee3dba79bf795fcd1bfcc89
https://conda.anaconda.org/conda-forge/noarch/zipp-4.1.0-pyhcf101f3_0.conda#ba3dcdc8584155c97c648ae9c044b7a3
https://conda.anaconda.org/conda-forge/noarch/aiosignal-1.4.0-pyhd8ed1ab_0.conda#421a865222cd0c9d83ff08bc78bf3a61
https://conda.anaconda.org/conda-forge/win-64/brotli-1.2.0-h2d644bc_1.conda#bc58fdbced45bb096364de0fba1637af
https://conda.anaconda.org/conda-forge/noarch/configobj-5.0.9-pyhd8ed1ab_1.conda#5e1999cd1872c9d7f7d56bf3bf1141fa
https://conda.anaconda.org/conda-forge/win-64/gdk-pixbuf-2.44.4-h1f5b9c4_0.conda#0ce8e4983a4c60a5b75a9a5b5f227447
https://conda.anaconda.org/conda-forge/win-64/glib-tools-2.86.2-he647baa_0.conda#75bd5be4fbd7f6a711d59c5190cd5d7b
https://conda.anaconda.org/conda-forge/win-64/hdf5-1.14.6-nompi_hae35d4c_106.conda#e2fb54650b51dcd92dfcbf42d2222ff8
https://conda.anaconda.org/conda-forge/noarch/importlib-metadata-9.0.0-pyhcf101f3_0.conda#ffc17e785d64e12fc311af9184221839
https://conda.anaconda.org/conda-forge/noarch/importlib_resources-7.1.0-pyhd8ed1ab_0.conda#0ba6225c279baf7ea9473a62ea0ec9ae
https://conda.anaconda.org/conda-forge/win-64/lcms2-2.19.1-hf2c6c5f_1.conda#1df4012c8a2478699d07bc26af66d41e
https://conda.anaconda.org/conda-forge/win-64/libfreetype-2.14.3-h57928b3_1.conda#e45b52fb9a81c9e2708465a706e05952
https://conda.anaconda.org/conda-forge/noarch/loguru-0.7.3-pyh7428d3b_0.conda#a6c25c54d8d524735db2e5785aec0a4e
https://conda.anaconda.org/conda-forge/win-64/openjpeg-2.5.4-h0e57b4f_0.conda#e723ab7cc2794c954e1b22fde51c16e4
https://conda.anaconda.org/conda-forge/win-64/openjph-0.28.1-hf13a347_0.conda#1fc89daa2c0226cf1dfed94df582c4b0
https://conda.anaconda.org/conda-forge/win-64/proj-9.6.2-h7990399_2.conda#6e0e8fcc3eb2c1418d663005bf040d8d
https://conda.anaconda.org/conda-forge/noarch/python-dateutil-2.9.0.post0-pyhe01879c_2.conda#5b8d21249ff20967101ffa321cab24e8
https://conda.anaconda.org/conda-forge/win-64/sip-6.10.0-py313hfe59770_1.conda#aa0b52848e72e9b9b481d81a70685276
https://conda.anaconda.org/conda-forge/win-64/tbb-2022.3.0-hd094cb3_1.conda#17c38aaf14c640b85c4617ccb59c1146
https://conda.anaconda.org/conda-forge/win-64/xorg-libx11-1.8.13-hfa52320_0.conda#5a823e21e090f8bc43dbfba00cd2f0e2
https://conda.anaconda.org/conda-forge/win-64/yarl-1.24.2-py313hd650c13_0.conda#66967bcbc121922df483e718df9f5825
https://conda.anaconda.org/conda-forge/win-64/aiohttp-3.14.1-py313h51e1470_0.conda#d899397f22c3651ae1071b64604e1605
https://conda.anaconda.org/conda-forge/win-64/fontconfig-2.18.1-hd47e2ca_0.conda#abd79bad98c99c1a116154d6de74ea89
https://conda.anaconda.org/conda-forge/win-64/fonttools-4.63.0-py313hd650c13_0.conda#2b7be2be35fc3b035f1365a015af9706
https://conda.anaconda.org/conda-forge/win-64/freetype-2.14.3-h57928b3_1.conda#e77293b32225b136a8be300f93d0e89f
https://conda.anaconda.org/conda-forge/win-64/glib-2.86.2-hde84fb4_0.conda#f9d2f12545e3449609ba5059502319f9
https://conda.anaconda.org/conda-forge/win-64/libmed-4.2-nompi_h89e45b6_28.conda#610cca21cc00ba92094a962b37da707c
https://conda.anaconda.org/conda-forge/win-64/libnetcdf-4.9.2-nompi_ha45073a_118.conda#54557b761dc20f53f504271208cd88c7
https://conda.anaconda.org/conda-forge/win-64/libraw-0.22.1-h345c428_0.conda#fa0e0ded35a0ce9a41a7619ba6445182
https://conda.anaconda.org/conda-forge/win-64/mkl-2025.3.1-hac47afa_13.conda#c058cdc8796d5eb260a1aef2cbb7fbbf
https://conda.anaconda.org/conda-forge/win-64/openexr-3.4.12-h68a0530_1.conda#fde817e7456df56edd94432c18ca2bd4
https://conda.anaconda.org/conda-forge/win-64/pillow-12.2.0-py313h38f99e1_0.conda#72666a34e563494859af5c5fc10364a0
https://conda.anaconda.org/conda-forge/noarch/pyface-8.0.0-pyhd8ed1ab_2.conda#0ad1fa47cd5ac6eb255acc0989f51958
https://conda.anaconda.org/conda-forge/win-64/pyqt5-sip-12.17.0-py313hfe59770_2.conda#bbcf1e54259725fd76a18ff857857119
https://conda.anaconda.org/conda-forge/win-64/xorg-libice-1.1.2-h0e40799_0.conda#105cb93a47df9c548e88048dc9cbdbc9
https://conda.anaconda.org/conda-forge/win-64/xorg-libxext-1.3.7-hba3369d_0.conda#74bc8e26c2716e9b1542bef908887b82
https://conda.anaconda.org/conda-forge/win-64/xorg-libxfixes-6.0.2-hba3369d_0.conda#0776735b0d89e98f8e716a75c2953aab
https://conda.anaconda.org/conda-forge/win-64/xorg-libxrender-0.9.12-h0e40799_0.conda#be996523a7fdf6c9b89ba9d22b5a5136
https://conda.anaconda.org/conda-forge/win-64/cairo-1.18.4-h5782bbf_0.conda#20e32ced54300292aff690a69c5e7b97
https://conda.anaconda.org/conda-forge/win-64/freeimage-3.18.0-h81f0cfa_25.conda#e54918354a2ff97f6ca14cea3835848a
https://conda.anaconda.org/conda-forge/win-64/gstreamer-1.24.11-h233a61a_0.conda#879e92327aea553145c760e5939f1493
https://conda.anaconda.org/conda-forge/win-64/libblas-3.11.0-6_hf2e6a31_mkl.conda#95543eec964b4a4a7ca3c4c9be481aa1
https://conda.anaconda.org/conda-forge/noarch/traitsui-8.0.0-pyhd8ed1ab_1.conda#8ffcc5f6abbc06bacc0e03a90f793d26
https://conda.anaconda.org/conda-forge/noarch/wslink-2.5.7-pyhd8ed1ab_0.conda#410dee7cbee308f33b01645f16f11efc
https://conda.anaconda.org/conda-forge/win-64/xorg-libsm-1.2.6-h0e40799_0.conda#570c9a6d9b4909e45d49e9a5daa528de
https://conda.anaconda.org/conda-forge/noarch/apptools-5.3.1-pyhe01879c_1.conda#3e000537d5c2e24700859396cbcca642
https://conda.anaconda.org/conda-forge/win-64/fltk-1.3.10-h5d05227_0.conda#abdaba6a9553a589bdf244b023c978a1
https://conda.anaconda.org/conda-forge/win-64/gst-plugins-base-1.24.11-h3fe0a9e_0.conda#da29d9c5bce532d29b35867f037f0722
https://conda.anaconda.org/conda-forge/win-64/harfbuzz-12.2.0-h5f2951f_0.conda#e798ef748fc564e42f381d3d276850f0
https://conda.anaconda.org/conda-forge/win-64/libcblas-3.11.0-6_h2a3cdd5_mkl.conda#9e4bf521c07f4d423cba9296b7927e3c
https://conda.anaconda.org/conda-forge/win-64/liblapack-3.11.0-6_hf9ab0e9_mkl.conda#7e9cdaf6f302142bc363bbab3b5e7074
https://conda.anaconda.org/conda-forge/win-64/occt-7.9.3-novtk_h1b358ef_103.conda#fff5c9b3f52f8beb322814d3ec2f6ceb
https://conda.anaconda.org/conda-forge/noarch/envisage-7.0.4-pyhe01879c_1.conda#93d5de81dddff008fe487f440909bd8a
https://conda.anaconda.org/conda-forge/win-64/gmsh-4.15.2-hb112770_llvm_8.conda#f043443138ba95279d698ee0b14a312f
https://conda.anaconda.org/conda-forge/win-64/numpy-2.4.6-py313ha8dc839_0.conda#1546190d6b2a2605ad960693018b874b
https://conda.anaconda.org/conda-forge/win-64/pango-1.56.4-h03d888a_0.conda#452d6d3b409edead3bd90fc6317cd6d4
https://conda.anaconda.org/conda-forge/win-64/qt-main-5.15.15-hb098fff_6.conda#1152cdcffef46d1ae299a1a814527624
https://conda.anaconda.org/conda-forge/win-64/qt6-main-6.9.3-ha0de62e_1.conda#ca2bfad3a24794a0f7cf413b03906ade
https://conda.anaconda.org/conda-forge/win-64/contourpy-1.3.3-py313h1a38498_4.conda#726aa233b5e4613e546ca84cd63cbd45
https://conda.anaconda.org/conda-forge/win-64/librsvg-2.58.4-h5ce5fed_3.conda#34fefcb3aed33ea39f1b040f5b9849e3
https://conda.anaconda.org/conda-forge/win-64/pyqt-5.15.11-py313h1048830_2.conda#dd155a263d6bde303748c00c2c4c1a98
https://conda.anaconda.org/conda-forge/win-64/scipy-1.17.1-py313he51e9a2_1.conda#0f727c3f9910796063e5ba4c2c7d9c89
https://conda.anaconda.org/conda-forge/win-64/ffmpeg-8.0.0-gpl_h70aa942_905.conda#06c3916f8bfb26bfffe62bcf2e4678e4
https://conda.anaconda.org/conda-forge/win-64/matplotlib-base-3.10.9-py313he1ded55_0.conda#b0d7ed8c9999b16acde682672e712ded
https://conda.anaconda.org/conda-forge/win-64/pyamg-5.3.0-py313h7084e01_1.conda#5c0172451a16d6299ace4c1f5eeff5a7
https://conda.anaconda.org/conda-forge/noarch/steppyngstounes-0.1.1-pyhd8ed1ab_0.conda#e3c8c824fc1ee74a59f793dfddd4cb83
https://conda.anaconda.org/conda-forge/win-64/vtk-base-9.4.2-py313h0ccec14_4.conda#296ade99bccce2ccee37a497487776c9
https://conda.anaconda.org/conda-forge/win-64/mayavi-4.8.3-pyqt_py313h78428b7_301.conda#6416d5074fc657761b74d97a94efad64
