# Generated by conda-lock.
# platform: osx-64
# input_hash: 53a3e601822115823cbc63c280fd7d4bca9af19236451cd49e8d09414b5fe154
@EXPLICIT
https://conda.anaconda.org/conda-forge/osx-64/eigen-5.0.1-h8a113fb_3.conda#22a2638b8ff371e1e96ad8236633f50b
https://conda.anaconda.org/conda-forge/noarch/font-ttf-dejavu-sans-mono-2.37-hab24e00_0.tar.bz2#0c96522c6bdaed4b1566d11387caaf45
https://conda.anaconda.org/conda-forge/noarch/font-ttf-inconsolata-3.000-h77eed37_0.tar.bz2#34893075a5c9e55cdafac56607368fc6
https://conda.anaconda.org/conda-forge/noarch/font-ttf-source-code-pro-2.038-h77eed37_0.tar.bz2#4d59c254e01d9cde7957100457e2d5fb
https://conda.anaconda.org/conda-forge/noarch/font-ttf-ubuntu-0.83-h77eed37_3.conda#49023d73832ef61042f6a237cb2687e7
https://conda.anaconda.org/conda-forge/osx-64/jxrlib-1.1-h10d778d_3.conda#cfaf81d843a80812fe16a68bdae60562
https://conda.anaconda.org/conda-forge/osx-64/libboost-headers-1.88.0-h694c41f_7.conda#17f1ab8714d5c0e703752d7f78bbd9af
https://conda.anaconda.org/conda-forge/noarch/mpi-1.0.1-mpich.conda#1052de900d672ec8b3713b8e300a8f06
https://conda.anaconda.org/conda-forge/osx-64/mumps-include-5.8.2-h2028b04_3.conda#2fc5ee906836101440cccd16ae72b1bc
https://conda.anaconda.org/conda-forge/osx-64/nlohmann_json-3.12.0-h2fb4741_2.conda#b41c5a18d6e33470fa6e25430767c17f
https://conda.anaconda.org/conda-forge/noarch/python_abi-3.14-9_cp314.conda#350d89b50d7de805abf2e63e29dee451
https://conda.anaconda.org/conda-forge/noarch/tzdata-2026c-h151e31d_0.conda#fcb489df604d100968b737f2cb6076c6
https://conda.anaconda.org/conda-forge/osx-64/utfcpp-4.09-h694c41f_0.conda#6cd5227f7138e460302f97d1a1549d84
https://conda.anaconda.org/conda-forge/osx-64/bzip2-1.0.8-h374f1ed_10.conda#9d9a39212a876e4bb751c1cc3927b678
https://conda.anaconda.org/conda-forge/osx-64/c-ares-1.34.8-had63097_2.conda#925ff9ab74f4b9262a28842766e9e7b1
https://conda.anaconda.org/conda-forge/noarch/ca-certificates-2026.7.22-hbd8a1cb_0.conda#0f51e2391ade309db462a55611263e9c
https://conda.anaconda.org/conda-forge/noarch/fonts-conda-forge-1-hc364b38_1.conda#a7970cd949a077b7cb9696379d338681
https://conda.anaconda.org/conda-forge/osx-64/fribidi-1.0.17-hd115831_0.conda#de3916de5b702b60b8e1a860869ecfdd
https://conda.anaconda.org/conda-forge/osx-64/glew-2.2.0-h10021a6_0.conda#eb83196b38ed1b0e3043a332bc3c4f0d
https://conda.anaconda.org/conda-forge/osx-64/icu-78.3-py313hbf1d544_2.conda#f13f4740c18b562bf2662d494bad6099
https://conda.anaconda.org/conda-forge/osx-64/libbrotlicommon-1.2.0-he0616a4_4.conda#faa59453024554888f67ac3142f6e4f4
https://conda.anaconda.org/conda-forge/osx-64/libcxx-23.1.3-h19cb2f5_0.conda#55664c771bbae09ac41bd7c940c3a7e1
https://conda.anaconda.org/conda-forge/osx-64/libdav1d7-1.5.4-had63097_4.conda#078250579a45196dd297151a47ac062c
https://conda.anaconda.org/conda-forge/osx-64/libdeflate-1.25-h7ad9622_1.conda#371a45a962d740d8191d46dd225e23df
https://conda.anaconda.org/conda-forge/osx-64/libdovi-3.4.0-hee1dffb_1.conda#1f591cb6a1d204a6d21342d914dd60fc
https://conda.anaconda.org/conda-forge/osx-64/libev-4.33-ha3d0635_3.conda#6d2f0447151b390bdaed846e143272e3
https://conda.anaconda.org/conda-forge/osx-64/libexpat-2.8.5-h6e061ac_0.conda#082b0cec641dcb5bbf71d2aa4b37bfd4
https://conda.anaconda.org/conda-forge/osx-64/libfabric1-2.6.0-ha1e9b39_0.conda#cdeabeeaca7f1f1869ca27a7201e0fd5
https://conda.anaconda.org/conda-forge/osx-64/libffi-3.7.0-h6b3a05b_1.conda#e077b71ae65754eda067e4125364b905
https://conda.anaconda.org/conda-forge/osx-64/libiconv-1.18-h4ae439b_3.conda#9fd2f77288f43e462ccc6b0e5f018c89
https://conda.anaconda.org/conda-forge/osx-64/libjpeg-turbo-3.2.0-ha1e9b39_1.conda#c864512172ac7b820637f6731287936c
https://conda.anaconda.org/conda-forge/osx-64/liblzma-5.8.3-hbb4bfdb_1.conda#daf49067580fbfeae3ac7f9535400494
https://conda.anaconda.org/conda-forge/osx-64/libmpdec-4.0.0-ha1e9b39_2.conda#b10a43915a31193e06b2781b9d11aec3
https://conda.anaconda.org/conda-forge/osx-64/libntlm-1.8-h6e16a3a_0.conda#23d706dbe90b54059ad86ff826677f39
https://conda.anaconda.org/conda-forge/osx-64/libogg-1.3.5-he3325bb_1.conda#d0f30c7fe90d08e9bd9c13cd60be6400
https://conda.anaconda.org/conda-forge/osx-64/libopus-1.6.1-had63097_1.conda#640888207b191577ba6088fc1b0a4b05
https://conda.anaconda.org/conda-forge/osx-64/libusb-1.0.30-had63097_0.conda#208871c39361d9079482329dfc721aef
https://conda.anaconda.org/conda-forge/osx-64/libwebp-base-1.6.0-hb276fe9_1.conda#abc3595bd7aab5df201b76ecef123583
https://conda.anaconda.org/conda-forge/osx-64/libzlib-1.3.2-hbb4bfdb_3.conda#7d3fa28263bb7f8ea32db11f570a5bb6
https://conda.anaconda.org/conda-forge/osx-64/llvm-openmp-23.1.3-h8c1e6b9_0.conda#85edbb56b37fc44b823f32d126214059
https://conda.anaconda.org/conda-forge/osx-64/metis-5.1.0-h2b992f8_1008.conda#ff96d2595484e62445a92ccc9c94de84
https://conda.anaconda.org/conda-forge/osx-64/ncurses-6.6-hcc0dc9a_1.conda#88a79390f87c8f3334b9999a892e78d4
https://conda.anaconda.org/conda-forge/osx-64/pthread-stubs-0.4-hd115831_1004.conda#cf87bd0e4c376d95cce9a15461299dc6
https://conda.anaconda.org/conda-forge/osx-64/x264-1!164.3095-hd115831_3.conda#2e2b66198a1910d718054f9b38637540
https://conda.anaconda.org/conda-forge/osx-64/xorg-libice-1.1.2-ha3d0635_0.conda#7ce0bee1e02833e994471e092846f3be
https://conda.anaconda.org/conda-forge/osx-64/xorg-libxau-1.0.12-hd115831_2.conda#e784f58fa2e09f5c2852eb959b6e65a3
https://conda.anaconda.org/conda-forge/osx-64/xorg-libxdmcp-1.1.5-hd115831_2.conda#c3a5f1c212422f6ce0b8a1cbed9f7462
https://conda.anaconda.org/conda-forge/osx-64/yaml-0.2.5-had63097_3.conda#9b30f8e851965211d981aca9c9bd1196
https://conda.anaconda.org/conda-forge/osx-64/_openmp_mutex-4.5-8_kmp_llvm.conda#b9e2e7fcf1926cedbdb216a6974d67e3
https://conda.anaconda.org/conda-forge/osx-64/ann-1.1.3-h6e061ac_1.conda#35caf0df593ae8153d8bdcde4c4d44d3
https://conda.anaconda.org/conda-forge/osx-64/aom-3.14.1-pl5321hf898372_2.conda#615a0492c1b36fafa22633f0fd248cd0
https://conda.anaconda.org/conda-forge/osx-64/cli11-2.7.2-h2fb4741_1.conda#b137e0462c89ee55331a37e622d7a802
https://conda.anaconda.org/conda-forge/osx-64/double-conversion-3.4.0-hcc62823_0.conda#fc23399a4bbad04320567d132572540f
https://conda.anaconda.org/conda-forge/osx-64/expat-2.8.5-h6e061ac_0.conda#c23009af18c8beb4df99f7a63ce54ff5
https://conda.anaconda.org/conda-forge/osx-64/fmt-12.1.0-he6aba6a_1.conda#ec4e1142e56a0ff00b3e2864f134ac0b
https://conda.anaconda.org/conda-forge/noarch/fonts-conda-ecosystem-1-0.tar.bz2#fee5683a3f04bd15cbd8318b096a27ab
https://conda.anaconda.org/conda-forge/osx-64/gmp-6.3.0-h65442b7_3.conda#a02dd7bb48ecd345060a1203337aaa4a
https://conda.anaconda.org/conda-forge/osx-64/graphite2-1.3.15-h2fb4741_1.conda#540c672170d018be5d460cfa784c5326
https://conda.anaconda.org/conda-forge/osx-64/hdf4-4.2.15-h8138101_7.conda#7ce543bf38dbfae0de9af112ee178af2
https://conda.anaconda.org/conda-forge/osx-64/imath-3.2.3-h779a713_1.conda#3e250a6449b336bfb72c4b1f76d4772d
https://conda.anaconda.org/conda-forge/osx-64/jasper-4.2.9-h36fbcc0_2.conda#2320fc9efcf6b780b5e13f24fe00c23b
https://conda.anaconda.org/conda-forge/osx-64/jsoncpp-1.9.6-h466cfd8_1.conda#fa2e871f2fd42bacbd7458929a8c7b81
https://conda.anaconda.org/conda-forge/osx-64/lerc-4.2.0-h35c7297_0.conda#09e24eb1868a9ffc04130730e7a34a59
https://conda.anaconda.org/conda-forge/osx-64/libaec-1.1.5-he7c3a48_0.conda#975f98248cde8d54884c6d1eb5184e13
https://conda.anaconda.org/conda-forge/osx-64/libbrotlidec-1.2.0-h4a2f56c_4.conda#23362431ccf826a88ea0bdefd2ffa9dd
https://conda.anaconda.org/conda-forge/osx-64/libbrotlienc-1.2.0-h3d41943_4.conda#c9d01f04f03fff927a846e1985a89383
https://conda.anaconda.org/conda-forge/osx-64/libedit-3.1.20260512-pl5321hba2e2ab_0.conda#f9fefe52ca6fa0cdb62806f626b70d98
https://conda.anaconda.org/conda-forge/osx-64/libfabric-2.6.0-h694c41f_0.conda#4fcb63567b8baebb3bd38fcaad7dff11
https://conda.anaconda.org/conda-forge/osx-64/libhwy-1.4.0-ha8ee8a1_2.conda#76b70cf27e4d6a8ea83014991524982c
https://conda.anaconda.org/conda-forge/osx-64/libintl-0.25.1-h98e67c8_2.conda#e2a18b5a25e8b2c3c24e6f185220299f
https://conda.anaconda.org/conda-forge/osx-64/liblzma-devel-5.8.3-hbb4bfdb_1.conda#45d82d23fd5fbf413cbee1c2fc3ef4eb
https://conda.anaconda.org/conda-forge/osx-64/libpng-1.6.59-h4382c61_0.conda#ee02f407bc1a367df25d0cee798198de
https://conda.anaconda.org/conda-forge/osx-64/libpsl-0.23.1-h7ff43d8_1.conda#4cd9cae1ac1aa63d8f760fe127b42685
https://conda.anaconda.org/conda-forge/osx-64/libpython-3.14.8-hfe304d0_101_cp314.conda#466f99da218bc7b6713db0d5404ca8d5
https://conda.anaconda.org/conda-forge/osx-64/libsqlite-3.53.4-ha5db789_102.conda#3fd4d7c9bcb8d4911fc202a731b5bb38
https://conda.anaconda.org/conda-forge/osx-64/libvorbis-1.3.7-ha059160_2.conda#8eadf13aee55e59089edaf2acaaaf4f7
https://conda.anaconda.org/conda-forge/osx-64/libvpx-1.17.0-h6e061ac_0.conda#d5edc3f69619e08fe5d1494baa92b939
https://conda.anaconda.org/conda-forge/osx-64/libvulkan-loader-1.4.357.0-h66869c8_2.conda#c49ac90c36cee077bb692f46c43c4818
https://conda.anaconda.org/conda-forge/osx-64/libxcb-1.17.0-h2478c6c_1.conda#f964ec5d9d2aee3639c5797b0f801164
https://conda.anaconda.org/conda-forge/osx-64/libxml2-16-2.15.4-h8376fb4_0.conda#c48784f5a83259699d2f8527acb1e243
https://conda.anaconda.org/conda-forge/osx-64/lz4-c-1.10.0-hc569e58_2.conda#40a2f8f02e39f9ca56006f35510627f4
https://conda.anaconda.org/conda-forge/osx-64/mpg123-1.33.7-h8d168ca_1.conda#0402c322bb2ce1428b40653a80acf56d
https://conda.anaconda.org/conda-forge/osx-64/nspr-4.40-h8ea0cdc_0.conda#10320f25dfb525709c285aba05e6756e
https://conda.anaconda.org/conda-forge/osx-64/openh264-2.6.0-h29fea0d_2.conda#8cfabc526fd86d13578f69634cc51d78
https://conda.anaconda.org/conda-forge/osx-64/openssl-3.6.5-h332eb6d_0.conda#615ac6cff316565b442cd1af8b94837f
https://conda.anaconda.org/conda-forge/osx-64/pcre2-10.47-h31793e3_1.conda#81cf2094fa0fe0350f92921f6feab289
https://conda.anaconda.org/conda-forge/osx-64/pixman-0.46.4-h2fb4741_3.conda#90abdf0a23ec21e68e965e9a1389d7e7
https://conda.anaconda.org/conda-forge/osx-64/pugixml-1.15-h46091d4_0.conda#7a1ad34efe728093c36a76afeaf30586
https://conda.anaconda.org/conda-forge/osx-64/qhull-2020.2-h3c5361c_5.conda#dd1ea9ff27c93db7c01a7b7656bd4ad4
https://conda.anaconda.org/conda-forge/osx-64/rapidjson-1.1.0.post20250205-h2fb4741_0.conda#b902cadaeb5fbb05d35674f0b9c4da60
https://conda.anaconda.org/conda-forge/osx-64/readline-8.3-h000c2f7_1.conda#434eb49340f57827ef7ca3bb21f77c32
https://conda.anaconda.org/conda-forge/osx-64/snappy-1.2.2-h3613d57_2.conda#3fec9f4a91676b0aeef7db3b76a6b917
https://conda.anaconda.org/conda-forge/osx-64/spirv-tools-2026.4-hf9f308f_0.conda#5f9be91e4c0603eab4cfe31e4d86ad84
https://conda.anaconda.org/conda-forge/osx-64/svt-av1-4.2.0-h6e061ac_1.conda#d28898d9a54111de2a7fd19e4ca4cdbc
https://conda.anaconda.org/conda-forge/osx-64/tinyxml2-11.0.0-hc569e58_1.conda#581ebb241fb1e908e5e0611cfdb18e17
https://conda.anaconda.org/conda-forge/osx-64/tk-8.6.13-ha6c374e_4.conda#71c9f1f0267f2639523e898c6b50a4dc
https://conda.anaconda.org/conda-forge/osx-64/voro-0.4.6-h1c7c39f_0.conda#fb6b6a05a7fad36463bda37d2d9cfb4e
https://conda.anaconda.org/conda-forge/osx-64/x265-3.5-h78a8136_4.conda#f12aa7d346e822f76ff96cdaa9b66bdc
https://conda.anaconda.org/conda-forge/osx-64/xorg-libsm-1.2.6-ha3d0635_1.conda#57197c66d5f65aae0ae3f127a1b2542e
https://conda.anaconda.org/conda-forge/osx-64/zfp-1.0.1-h6393e1a_6.conda#ce800766acc2e4ceed9cea15f7d38c22
https://conda.anaconda.org/conda-forge/osx-64/zlib-ng-2.3.3-h646e873_1.conda#bd3ea0561628325241a9058fa70ec00e
https://conda.anaconda.org/conda-forge/osx-64/zstd-1.5.7-hbc1a06c_7.conda#c1d11f04327e40537ffe6cad5b131019
https://conda.anaconda.org/conda-forge/osx-64/blosc-1.21.6-hd145fbb_1.conda#717852102c68a082992ce13a53403f9d
https://conda.anaconda.org/conda-forge/osx-64/brotli-bin-1.2.0-h086410e_4.conda#358b40a939b00f00a5f73c4bf65b3372
https://conda.anaconda.org/conda-forge/osx-64/glslang-16.6.0-he9b0248_0.conda#885bbc92ef8ad348a2207210e94c3339
https://conda.anaconda.org/conda-forge/osx-64/krb5-1.22.2-h69064fd_2.conda#da54bd0f3b96eb0d7663b3db01862a19
https://conda.anaconda.org/conda-forge/osx-64/lame-4.0-hf131caf_1.conda#3ee90fcb5953d1514ea78ec54936e32e
https://conda.anaconda.org/conda-forge/osx-64/libboost-1.88.0-h5950822_7.conda#de6f7fa28d94fa380024444324b15d5f
https://conda.anaconda.org/conda-forge/osx-64/libfreetype6-2.14.3-h8afe040_2.conda#cb777bcdd21bcfcfdaf76ebe1e1e0488
https://conda.anaconda.org/conda-forge/osx-64/libgcc-16.2.0-h13771c8_7.conda#80bbe7ebcdfa9cd4507383087c1e5959
https://conda.anaconda.org/conda-forge/osx-64/libglib-2.90.1-h7e55108_0.conda#38ab3d302b085306eff1d8704b708c2d
https://conda.anaconda.org/conda-forge/osx-64/libintl-devel-0.25.1-h98e67c8_2.conda#a1c3f5fcc35b9ca48e4b87a23dc2fe20
https://conda.anaconda.org/conda-forge/osx-64/libjxl-0.12.0-h5564675_4.conda#1230fc5884d0467e9330b3a5d981f175
https://conda.anaconda.org/conda-forge/osx-64/libnghttp2-1.68.1-h1e30255_1.conda#b7c605bed8006cdeb822dd7de6ac87c7
https://conda.anaconda.org/conda-forge/osx-64/libssh2-1.11.1-hd53bb72_1.conda#cb57b979974ef5b8a4526a8e5c8195b9
https://conda.anaconda.org/conda-forge/osx-64/libtheora-1.1.1-hfdf4475_1006.conda#fc8c11f9f4edda643302e28aa0999b90
https://conda.anaconda.org/conda-forge/osx-64/libtiff-4.7.2-h01c3a8c_1.conda#ee440bf7977466b7661370804a9a26dc
https://conda.anaconda.org/conda-forge/osx-64/libxml2-2.15.4-hb56241c_0.conda#ce466c8ae878f5514f2beca676520001
https://conda.anaconda.org/conda-forge/osx-64/libzip-1.11.4-h99362d9_0.conda#f9fc709ccd3af1a52db801d293d5119b
https://conda.anaconda.org/conda-forge/osx-64/nss-3.118-h2b2a826_0.conda#26c20991135014fd3120d931465029ab
https://conda.anaconda.org/conda-forge/osx-64/python-3.14.8-hafa0b4b_101_cp314.conda#a66d7bb9eb54ce5939e5b0993d228bc5
https://conda.anaconda.org/conda-forge/osx-64/sqlite-3.53.4-hdea7a7b_102.conda#ebec9ef8c5b7786c2064ffd07c441ad0
https://conda.anaconda.org/conda-forge/osx-64/xorg-libx11-1.8.13-hd3cc91f_1.conda#c00b00db1a5fcb0dd5ba151cdf6a2129
https://conda.anaconda.org/conda-forge/noarch/aiohappyeyeballs-2.7.1-pyhd8ed1ab_0.conda#e51e09bf3b91c62b7461a9f94e92c2c9
https://conda.anaconda.org/conda-forge/noarch/attrs-26.1.0-pyhcf101f3_0.conda#c6b0543676ecb1fb2d7643941fe375f2
https://conda.anaconda.org/conda-forge/osx-64/brotli-1.2.0-ha9642f3_4.conda#8d6a4a452d3413e7aff101fd32170076
https://conda.anaconda.org/conda-forge/noarch/cpython-3.14.8-py314hd8ed1ab_101.conda#5d4db5def0cc53b589ab6ed29d8a78e2
https://conda.anaconda.org/conda-forge/noarch/cycler-0.12.1-pyhcf101f3_2.conda#4c2a8fef270f6c69591889b93f9f55c1
https://conda.anaconda.org/conda-forge/osx-64/cyrus-sasl-2.1.28-h7cc0300_1.conda#7cca8a57fc2450bf088a257faf30c815
https://conda.anaconda.org/conda-forge/osx-64/dbus-1.16.2-hebb0a2c_2.conda#bff2fc7ea2a7d14bd37071dcdc8c5e10
https://conda.anaconda.org/conda-forge/noarch/frozenlist-1.8.0-pyhf298e5d_0.conda#7a2d9f4d9f57da47251b2050b149bdf8
https://conda.anaconda.org/conda-forge/osx-64/gdk-pixbuf-2.44.8-ha3e70bd_2.conda#6af16e46e2930c557108bbbed884eebf
https://conda.anaconda.org/conda-forge/osx-64/glib-tools-2.90.1-h2cf9c05_0.conda#8731620722b77ea14e1a05edb03ffafb
https://conda.anaconda.org/conda-forge/noarch/idna-3.20-pyh5ded981_0.conda#ee73be987f9de9ea5c2fdaeefa7b6491
https://conda.anaconda.org/conda-forge/osx-64/kiwisolver-1.5.1-py314h0ba06c9_3.conda#f977e1064563006bff3dfee267bc82ae
https://conda.anaconda.org/conda-forge/osx-64/lcms2-2.19.1-h4e6bd4b_3.conda#9ed90c2008c0a13710a9bdf3ca6f4674
https://conda.anaconda.org/conda-forge/osx-64/libboost-devel-1.88.0-hd676150_7.conda#c0fccf2ccaa4e582cf44dde30d2fef67
https://conda.anaconda.org/conda-forge/osx-64/libcurl-8.22.0-h5318221_0.conda#0ba721f8549bac02c48fc646fffe0c4d
https://conda.anaconda.org/conda-forge/osx-64/libfreetype-2.14.3-h694c41f_2.conda#d2538644f6f7f8b9ce10bdffaa7d3d17
https://conda.anaconda.org/conda-forge/osx-64/libgfortran5-16.2.0-h2539e6c_7.conda#28e49e55dd8fd418e95b14ba1d2cd884
https://conda.anaconda.org/conda-forge/osx-64/libhwloc-2.13.0-default_h4e3125e_1000.conda#c74c64d67f55426bc24d333a84aed0e3
https://conda.anaconda.org/conda-forge/osx-64/libllvm18-18.1.8-default_h9399c5b_12.conda#9daaadc06dfd7575ffbcbac47bf66f95
https://conda.anaconda.org/conda-forge/osx-64/libllvm19-19.1.7-h56e7563_2.conda#05a54b479099676e75f80ad0ddd38eff
https://conda.anaconda.org/conda-forge/osx-64/libllvm23-23.1.3-hd11396f_0.conda#c647e7cd7e7324c6dd0f151d0b73cab0
https://conda.anaconda.org/conda-forge/noarch/loguru-0.7.3-pyh707e725_0.conda#49647ac1de4d1e4b49124aedf3934e02
https://conda.anaconda.org/conda-forge/osx-64/msgpack-python-1.2.3-py314h0ba06c9_0.conda#98e43a3b2bdf99feddb2c0bcb730a1fe
https://conda.anaconda.org/conda-forge/noarch/munkres-1.1.4-pyhd8ed1ab_1.conda#37293a85a0f4f77bbd9cf7aaefc62609
https://conda.anaconda.org/conda-forge/osx-64/openjpeg-2.5.4-he4eae51_1.conda#c4bd1f22c5f2fcefa2f41c81942df622
https://conda.anaconda.org/conda-forge/osx-64/openjph-0.32.0-he15e216_1.conda#1af20b0a441d516ffd13b801881f6d5f
https://conda.anaconda.org/conda-forge/noarch/packaging-26.3-pyhc364b38_0.conda#936687ed80f295a1f5dbcf8bd34c252c
https://conda.anaconda.org/conda-forge/noarch/pip-26.2.1-pyh145f28c_0.conda#573cb3ed111004230ed3de650653cd4d
https://conda.anaconda.org/conda-forge/noarch/ply-3.11-pyhd8ed1ab_3.conda#fd5062942bfa1b0bd5e0d2a4397b099e
https://conda.anaconda.org/conda-forge/osx-64/propcache-0.5.4-py314h0df259e_0.conda#15b46850f77c4db34c3f0f2fb485f97b
https://conda.anaconda.org/conda-forge/noarch/puremagic-2.2.0-pyhc364b38_0.conda#10f955ce15ee3df1410461cfe271506c
https://conda.anaconda.org/conda-forge/noarch/pygments-2.21.0-pyhcf101f3_0.conda#2882dee445dfa45b0c5afce3ffb7730a
https://conda.anaconda.org/conda-forge/noarch/pyparsing-3.3.3-pyh5ded981_0.conda#8bf43ae1312e9b966063459e04c20fa7
https://conda.anaconda.org/conda-forge/noarch/setuptools-84.0.0-pyh332efcf_0.conda#62ac906f1cd582c6c264c95625cb9d6f
https://conda.anaconda.org/conda-forge/osx-64/shaderc-2026.3-hace2177_1.conda#8e187399af7217632902170daeb6209c
https://conda.anaconda.org/conda-forge/noarch/six-1.17.0-pyhe01879c_1.conda#3339e3b65d58accf4ca4fb8748ab16b3
https://conda.anaconda.org/conda-forge/noarch/toml-0.10.2-pyhcf101f3_3.conda#d0fc809fa4c4d85e959ce4ab6e1de800
https://conda.anaconda.org/conda-forge/noarch/tomli-2.4.1-pyhcf101f3_0.conda#b5325cf06a000c5b14970462ff5e4d58
https://conda.anaconda.org/conda-forge/osx-64/traits-7.2.0-py314hca6f81c_1.conda#1d44b8cc77628e1b6b9100215af49f8b
https://conda.anaconda.org/conda-forge/noarch/typing_extensions-4.16.0-pyhcf101f3_0.conda#c70ad746c22219b9700931707482992c
https://conda.anaconda.org/conda-forge/osx-64/xorg-libxext-1.3.7-hd115831_1.conda#0c5625a39bb3ed3a7da6d7c1d058596c
https://conda.anaconda.org/conda-forge/osx-64/xorg-libxfixes-6.0.2-hd115831_1.conda#6b9cb92b6f031f2b69f4a4ebe4b1ca7e
https://conda.anaconda.org/conda-forge/osx-64/xorg-libxrender-0.9.12-ha1e9b39_1.conda#1ea5aadd238aed2e893866b8535c2793
https://conda.anaconda.org/conda-forge/noarch/zipp-4.1.1-pyh5ded981_0.conda#6cad4d2cec9b7b64538c225ac91d2e8a
https://conda.anaconda.org/conda-forge/noarch/aiosignal-1.4.0-pyhd8ed1ab_0.conda#421a865222cd0c9d83ff08bc78bf3a61
https://conda.anaconda.org/conda-forge/noarch/configobj-5.0.9-pyhd8ed1ab_1.conda#5e1999cd1872c9d7f7d56bf3bf1141fa
https://conda.anaconda.org/conda-forge/osx-64/fltk-1.3.10-h11de4b3_0.conda#ad48bcf414044c03cafd677f9e79b5f7
https://conda.anaconda.org/conda-forge/osx-64/fontconfig-2.18.3-h7f3b9c9_1.conda#beb62955ee805eff50e364f86ca2ee5c
https://conda.anaconda.org/conda-forge/osx-64/fonttools-4.66.1-py314h0df259e_0.conda#338356efbcca5e369b6b7c715c7fce86
https://conda.anaconda.org/conda-forge/osx-64/freetype-2.14.3-h694c41f_2.conda#570430c9aa9a903221d33e393dd21059
https://conda.anaconda.org/conda-forge/osx-64/glib-2.90.1-hb8a80a9_0.conda#1d1fea22e34ec139e298ae4aadb9d2d9
https://conda.anaconda.org/conda-forge/noarch/importlib-metadata-9.0.1-pyhcf101f3_0.conda#77ec68e0aa61c3fff9ecbf840f93d64e
https://conda.anaconda.org/conda-forge/noarch/importlib_resources-7.1.0-pyhd8ed1ab_0.conda#0ba6225c279baf7ea9473a62ea0ec9ae
https://conda.anaconda.org/conda-forge/osx-64/libclang-cpp18.1-18.1.8-default_h9399c5b_18.conda#7b376da12657aec0ef20c54c75894120
https://conda.anaconda.org/conda-forge/osx-64/libclang-cpp19.1-19.1.7-default_h9399c5b_9.conda#9382ae02bf45b4f8bd1e0fb0e5ee936c
https://conda.anaconda.org/conda-forge/osx-64/libclang-cpp23.1-23.1.2-default_h6e863b9_0.conda#1eeb55e2946940f2406f5a5ec8d1fe1c
https://conda.anaconda.org/conda-forge/osx-64/libgfortran-16.2.0-h7e5c614_7.conda#efff7b31ffdf1b64c2c4a8b5f89e9fc0
https://conda.anaconda.org/conda-forge/osx-64/libplacebo-7.360.1-h1ed201f_1.conda#99d6bda5b07ada8527c9542113106b60
https://conda.anaconda.org/conda-forge/osx-64/libraw-0.22.2-h3650196_0.conda#4de79049ad3edcb891330ccb8902d2d7
https://conda.anaconda.org/conda-forge/osx-64/openexr-3.5.2-h9b6b18d_1.conda#be88285b7bc071fbde25ae6416826c09
https://conda.anaconda.org/conda-forge/osx-64/openldap-2.6.13-h2f5043c_0.conda#59df11dee9461bb55a0d7bcf4f3b7b7b
https://conda.anaconda.org/conda-forge/osx-64/pillow-12.3.0-py314h909093e_4.conda#3d7abb23d1f52c2fb99125c6ab41e86c
https://conda.anaconda.org/conda-forge/osx-64/proj-9.7.1-h4aacef1_3.conda#86a72148f2ace31569279a41c903f1be
https://conda.anaconda.org/conda-forge/noarch/python-dateutil-2.9.0.post0-pyhe01879c_2.conda#5b8d21249ff20967101ffa321cab24e8
https://conda.anaconda.org/conda-forge/noarch/python-gil-3.14.8-h4df99d1_101.conda#4dad6322fdfbdc63f24f0563d22fbff8
https://conda.anaconda.org/conda-forge/osx-64/sdl3-3.4.18-h2f783eb_0.conda#bb1e4426179c4de6ee20ce663d4b8033
https://conda.anaconda.org/conda-forge/osx-64/sip-6.10.0-py314h21b9a27_1.conda#ae330a5d3d45d3e901727768c9a151fa
https://conda.anaconda.org/conda-forge/osx-64/tbb-2023.0.0-h28eee3c_3.conda#80c27cc579bd738bd2ace7d11b61268b
https://conda.anaconda.org/conda-forge/noarch/typing-extensions-4.16.0-h69aa097_0.conda#c680b5747e8c4c8f23dca0bb7042a8fc
https://conda.anaconda.org/conda-forge/noarch/_python_abi3_support-1.0-hd8ed1ab_3.conda#3845f3d75991bae0fb90884662f4327c
https://conda.anaconda.org/conda-forge/osx-64/cairo-1.18.6-h5791faa_0.conda#0f4816120b8af052d460ad3262b450c6
https://conda.anaconda.org/conda-forge/osx-64/freeimage-3.18.0-h7b8c148_27.conda#330005eee509f9478670d08542e36917
https://conda.anaconda.org/conda-forge/osx-64/gstreamer-1.26.11-h5bdcca5_0.conda#bdb5d15348557956615d775944aa1a92
https://conda.anaconda.org/conda-forge/osx-64/libclang13-23.1.2-default_h3065a3b_0.conda#e9fb94e71bc84291b105bec0df234ea1
https://conda.anaconda.org/conda-forge/osx-64/libopenblas-0.3.34-openmp_h5c7ac21_1.conda#3e9f7a3115c55e96dc388c3ca6dbe889
https://conda.anaconda.org/conda-forge/osx-64/libpq-18.4-h5935a4f_0.conda#2ebfc3baf1bfc0f8083520e5fac4391a
https://conda.anaconda.org/conda-forge/osx-64/libscotch-7.0.11-int32_ha8ce42c_3.conda#389458ba1d7863a9f2ca9ea483ad5cc5
https://conda.anaconda.org/conda-forge/osx-64/libsuitesparseconfig-7.10.1-h00e5f87_7100102.conda#4e691bd0752ac878005edf5042301e12
https://conda.anaconda.org/conda-forge/osx-64/mpich-5.0.1-hef9d0c2_4.conda#2f7ce74e4a2c14d577f81ad7f66062a4
https://conda.anaconda.org/conda-forge/noarch/multidict-6.7.1-pyh62beb40_0.conda#ad92dba7ca0af0e3dca083a0fa6a3423
https://conda.anaconda.org/conda-forge/noarch/pyface-8.0.0-pyhd8ed1ab_2.conda#0ad1fa47cd5ac6eb255acc0989f51958
https://conda.anaconda.org/conda-forge/osx-64/pyqt5-sip-12.17.0-py314h0c8d1e5_2.conda#9d4f5e87ccc8df28643802697fa0ec91
https://conda.anaconda.org/conda-forge/osx-64/sdl2-2.32.56-h2fb4741_0.conda#1986c166d7888162b30cbe2f81c2f75c
https://conda.anaconda.org/conda-forge/osx-64/tbb-devel-2023.0.0-h28eee3c_3.conda#19c91b310f4a388d1b9c43be2e054cbd
https://conda.anaconda.org/conda-forge/osx-64/fftw-3.3.11-mpi_mpich_h419af76_0.conda#67172aefca5bb3e4ace03ac3cd361c53
https://conda.anaconda.org/conda-forge/osx-64/hdf5-1.14.6-mpi_mpich_h57e5184_10.conda#fb7f5a2e5b08da864e5fb66d00852a44
https://conda.anaconda.org/conda-forge/osx-64/libamd-3.3.3-ha5840a7_7100102.conda#a15b2606a1d160c4afdd7c79f3a31aba
https://conda.anaconda.org/conda-forge/osx-64/libblas-3.11.0-11_he492b99_openblas.conda#37f29370fe4ad22f66a8fe4d8fb91b67
https://conda.anaconda.org/conda-forge/osx-64/libbtf-2.3.2-hca54c18_7100102.conda#3cf461bd5dfc4873e412470542223982
https://conda.anaconda.org/conda-forge/osx-64/libcamd-3.3.3-hca54c18_7100102.conda#c41a13a3c07cf0352b29fa527d395a61
https://conda.anaconda.org/conda-forge/osx-64/libccolamd-3.3.4-hca54c18_7100102.conda#1d611b8747483389ff49a1efe5ec574d
https://conda.anaconda.org/conda-forge/osx-64/libcolamd-3.3.4-hca54c18_7100102.conda#18483b40f7a10a34b93000cf2c284f39
https://conda.anaconda.org/conda-forge/osx-64/libharfbuzz-14.6.0-h2974713_1.conda#54423714677f30b3d7460100f8949b18
https://conda.anaconda.org/conda-forge/osx-64/libptscotch-7.0.11-int32_habd8ecc_3.conda#9cd174e5c919975582cd0849c60eb55b
https://conda.anaconda.org/conda-forge/osx-64/mpi4py-4.1.2-py314h0504853_101.conda#cc1dcec949cfefad6c3c12a7c20fe42d
https://conda.anaconda.org/conda-forge/osx-64/occt-8.0.1-novtk_hb976dc8_101.conda#13e31bcc6db7f564e8784e6dd7d31900
https://conda.anaconda.org/conda-forge/osx-64/parmetis-4.0.3-hf911cee_1009.conda#ce53bb8e0ae354422d8c84f3f44a4323
https://conda.anaconda.org/conda-forge/noarch/traitsui-8.0.0-pyhd8ed1ab_1.conda#8ffcc5f6abbc06bacc0e03a90f793d26
https://conda.anaconda.org/conda-forge/osx-64/yarl-1.25.1-py314h0df259e_0.conda#9e989197974f87d0d139932017fd376f
https://conda.anaconda.org/conda-forge/osx-64/aiohttp-3.14.4-py314h9ae25e0_0.conda#d007bf198f35f71bc912b6c217bf8081
https://conda.anaconda.org/conda-forge/noarch/apptools-5.3.1-pyhe01879c_1.conda#3e000537d5c2e24700859396cbcca642
https://conda.anaconda.org/conda-forge/osx-64/libass-0.17.5-h979882d_1.conda#f287dee7009261446beadf10cb40b5fa
https://conda.anaconda.org/conda-forge/osx-64/libcblas-3.11.0-11_h9b27e0a_openblas.conda#88a6541bdc26d9e146f37520fad2e415
https://conda.anaconda.org/conda-forge/osx-64/libharfbuzz-devel-14.6.0-h2974713_1.conda#ccd3ccae8dce183a1154c02c57717a95
https://conda.anaconda.org/conda-forge/osx-64/liblapack-3.11.0-11_h859234e_openblas.conda#d3319abaf7ea8afa19a0999d667ceb6e
https://conda.anaconda.org/conda-forge/osx-64/libmed-4.2-nompi_h1d268fa_29.conda#5df2be48b9bc4d0c63c2de598a872582
https://conda.anaconda.org/conda-forge/osx-64/libnetcdf-4.9.3-nompi_h29b767a_104.conda#6515420f8cc50150e846b779ad1b3f8b
https://conda.anaconda.org/conda-forge/osx-64/libraqm-0.11.0-h1888d0e_0.conda#dee8bedede5363e2ac41aed818c486e9
https://conda.anaconda.org/conda-forge/osx-64/pango-1.58.2-hc5a6962_1.conda#93a24b8f530f98324cf10ad9cd7213b2
https://conda.anaconda.org/conda-forge/osx-64/viskores-1.1.0-h2b4bc8a_0.conda#9c06e0bdf5e45b64bd462b361b89fc9d
https://conda.anaconda.org/conda-forge/noarch/envisage-8.0.1-pyhcf101f3_0.conda#9922f07cb0167d3209f5b960594147c7
https://conda.anaconda.org/conda-forge/osx-64/gmsh-4.15.2-h8e7035a_11.conda#b31b4a3aea6478e89e8d73a1340f7be4
https://conda.anaconda.org/conda-forge/osx-64/gst-plugins-base-1.26.11-h79212b8_0.conda#fd18831918725f8326d749297c8d513f
https://conda.anaconda.org/conda-forge/osx-64/harfbuzz-14.6.0-h694c41f_1.conda#51a2ceb7070e070c34822d73c38c2180
https://conda.anaconda.org/conda-forge/osx-64/hypre-3.2.0-hcdf1474_0.conda#b22637a1dc53d5324a11c1ee78944c89
https://conda.anaconda.org/conda-forge/osx-64/libcholmod-5.3.1-h7ea7d7c_7100102.conda#fec9cd11025ca7b0c7a58f4d88036ba8
https://conda.anaconda.org/conda-forge/osx-64/librsvg-2.62.4-h43ae438_0.conda#01bd342d0b0d99195c5e66719341c548
https://conda.anaconda.org/conda-forge/osx-64/numpy-2.5.3-py314he0ba898_0.conda#bd4583b75773bccb7d2ee7b123f5769e
https://conda.anaconda.org/conda-forge/osx-64/scalapack-2.2.0-h92a5e3c_6.conda#67e1d9ef35e39f5937f34f3ea06c425f
https://conda.anaconda.org/conda-forge/osx-64/superlu-7.0.0-h9cb3e3b_1.conda#7125bdd5d577841a7b207a1badc92959
https://conda.anaconda.org/conda-forge/osx-64/superlu_dist-9.2.1-h70cfff8_2.conda#ba1c3dde74fea884c8c679bee653287d
https://conda.anaconda.org/conda-forge/noarch/wslink-2.5.7-pyhd8ed1ab_0.conda#410dee7cbee308f33b01645f16f11efc
https://conda.anaconda.org/conda-forge/osx-64/contourpy-1.4.0-py314h0ba06c9_1.conda#800b3c05f62bf1af3987f74a050206e1
https://conda.anaconda.org/conda-forge/osx-64/ffmpeg-8.1.2-gpl_h50f6a28_110.conda#a85c4df976de772c7889ea72f04e1023
https://conda.anaconda.org/conda-forge/osx-64/libklu-2.3.5-hc7f8671_7100102.conda#f8f2969a094871051542a39670de0081
https://conda.anaconda.org/conda-forge/osx-64/libspqr-4.3.4-h795628b_7100102.conda#e8f29a760db892904186a4254050cdcf
https://conda.anaconda.org/conda-forge/osx-64/libumfpack-6.3.5-h0658b90_7100102.conda#5bbb030bebe81147dc7a0bfa1f821cdc
https://conda.anaconda.org/conda-forge/osx-64/mumps-mpi-5.8.2-gfortran_h34997aa_3.conda#006a19fc4211ed26a9b24ba9379e36f2
https://conda.anaconda.org/conda-forge/osx-64/qt-main-5.15.15-h650d4b3_8.conda#6635565b780fb772079c4fef13571b7e
https://conda.anaconda.org/conda-forge/osx-64/qt6-main-6.10.2-pl5321h64d128d_6.conda#56656f8021b549461056d1924f8652aa
https://conda.anaconda.org/conda-forge/osx-64/scipy-1.18.1-py314hefcf020_1.conda#b205e03df514d91e7c19e02f72bbd382
https://conda.anaconda.org/conda-forge/osx-64/matplotlib-base-3.11.2-py314h62e3df0_1.conda#dc231def71730de6a4026847dc2c73bd
https://conda.anaconda.org/conda-forge/osx-64/petsc-3.26.0-real_hdf9e995_0.conda#4ef1448a4659f34ca0c8163d810be279
https://conda.anaconda.org/conda-forge/osx-64/pyqt-5.15.11-py314hf791c31_2.conda#d5c137114cc6f127c7ca2a40041109ff
https://conda.anaconda.org/conda-forge/noarch/steppyngstounes-0.1.1-pyhd8ed1ab_0.conda#e3c8c824fc1ee74a59f793dfddd4cb83
https://conda.anaconda.org/conda-forge/osx-64/petsc4py-3.26.0-np2py311h303e04c_0.conda#897390a8887854241045d3c33203a843
https://conda.anaconda.org/conda-forge/osx-64/vtk-base-9.5.2-py314h944a04b_7.conda#abd5c49d4b2bdbc4a11d8a439b4da630
https://conda.anaconda.org/conda-forge/osx-64/mayavi-4.9.0-pyqt_ha428747_301.conda#1dc9619594cc2e7ec8638b656f94793f
https://conda.anaconda.org/conda-forge/osx-64/vtk-io-ffmpeg-9.5.2-py314h39405e4_7.conda#ce3ae3d5ae361c31c6f8abce49ff5412
https://conda.anaconda.org/conda-forge/osx-64/vtk-9.5.2-py314hb917c86_7.conda#5808e5e5784a79f3ff2bee3d39b41f6b
